{
  "version": 4,
  "terraform_version": "1.14.7",
  "serial": 454,
  "lineage": "434a0b2a-d14d-f34e-c04a-05a3ff5de3a5",
  "outputs": {},
  "resources": [
    {
      "mode": "data",
      "type": "azurerm_client_config",
      "name": "current",
      "provider": "provider[\"registry.terraform.io/hashicorp/azurerm\"]",
      "instances": [
        {
          "schema_version": 0,
          "attributes": {
            "client_id": "04b07795-8ddb-461a-bbee-02f9e1bf7b46",
            "id": "Y2xpZW50Q29uZmlncy9jbGllbnRJZD0wNGIwNzc5NS04ZGRiLTQ2MWEtYmJlZS0wMmY5ZTFiZjdiNDY7b2JqZWN0SWQ9MzYzMjNjZTItY2UzNS00ODEwLWIxNTYtNzM1MDYzMzRhMThmO3N1YnNjcmlwdGlvbklkPTQ2ZTU1NmQyLTQ1ZmMtNDU3ZS05YTZlLTE3YzI1NzUzYjYxYzt0ZW5hbnRJZD1mZTczODg0ZC04ZDZmLTRkMjItOTRhYy1iMWQ1MmZkNTQ5NWY=",
            "object_id": "36323ce2-ce35-4810-b156-73506334a18f",
            "subscription_id": "46e556d2-45fc-457e-9a6e-17c25753b61c",
            "tenant_id": "fe73884d-8d6f-4d22-94ac-b1d52fd5495f",
            "timeouts": null
          },
          "sensitive_attributes": [],
          "identity_schema_version": 0
        }
      ]
    },
    {
      "mode": "managed",
      "type": "azurerm_federated_identity_credential",
      "name": "eso",
      "provider": "provider[\"registry.terraform.io/hashicorp/azurerm\"]",
      "instances": [
        {
          "schema_version": 0,
          "attributes": {
            "audience": [
              "api://AzureADTokenExchange"
            ],
            "id": "/subscriptions/46e556d2-45fc-457e-9a6e-17c25753b61c/resourceGroups/rg-akse-dev/providers/Microsoft.ManagedIdentity/userAssignedIdentities/identity/federatedIdentityCredentials/eso-wi",
            "issuer": "https://westeurope.oic.prod-aks.azure.com/fe73884d-8d6f-4d22-94ac-b1d52fd5495f/5bca2183-dc09-457f-a5d9-eb4e666f57eb/",
            "name": "eso-wi",
            "parent_id": "/subscriptions/46e556d2-45fc-457e-9a6e-17c25753b61c/resourceGroups/rg-akse-dev/providers/Microsoft.ManagedIdentity/userAssignedIdentities/identity",
            "resource_group_name": "rg-akse-dev",
            "subject": "system:serviceaccount:default:eso-akv-sa",
            "timeouts": null
          },
          "sensitive_attributes": [],
          "identity_schema_version": 0,
          "private": "eyJlMmJmYjczMC1lY2FhLTExZTYtOGY4OC0zNDM2M2JjN2M0YzAiOnsiY3JlYXRlIjoxODAwMDAwMDAwMDAwLCJkZWxldGUiOjE4MDAwMDAwMDAwMDAsInJlYWQiOjMwMDAwMDAwMDAwMCwidXBkYXRlIjoxODAwMDAwMDAwMDAwfX0=",
          "dependencies": [
            "azurerm_user_assigned_identity.identity",
            "kubernetes_service_account.eso_akv_sa",
            "module.aks.azurerm_kubernetes_cluster.aks",
            "module.rg.azurerm_resource_group.rg"
          ]
        }
      ]
    },
    {
      "mode": "managed",
      "type": "azurerm_role_assignment",
      "name": "aks_acr_pull",
      "provider": "provider[\"registry.terraform.io/hashicorp/azurerm\"]",
      "instances": [
        {
          "schema_version": 0,
          "attributes": {
            "condition": "",
            "condition_version": "",
            "delegated_managed_identity_resource_id": "",
            "description": "",
            "id": "/subscriptions/46e556d2-45fc-457e-9a6e-17c25753b61c/resourceGroups/rg-akse-dev/providers/Microsoft.ContainerRegistry/registries/aksecrdev/providers/Microsoft.Authorization/roleAssignments/03e9b084-b63a-5306-44f7-b80afa435dab",
            "name": "03e9b084-b63a-5306-44f7-b80afa435dab",
            "principal_id": "f73c3692-4812-4e22-9bcc-bf9eba4687af",
            "principal_type": "ServicePrincipal",
            "role_definition_id": "/subscriptions/46e556d2-45fc-457e-9a6e-17c25753b61c/providers/Microsoft.Authorization/roleDefinitions/7f951dda-4ed3-4680-a7ca-43fe172d538d",
            "role_definition_name": "AcrPull",
            "scope": "/subscriptions/46e556d2-45fc-457e-9a6e-17c25753b61c/resourceGroups/rg-akse-dev/providers/Microsoft.ContainerRegistry/registries/aksecrdev",
            "skip_service_principal_aad_check": null,
            "timeouts": null
          },
          "sensitive_attributes": [],
          "identity_schema_version": 0,
          "private": "eyJlMmJmYjczMC1lY2FhLTExZTYtOGY4OC0zNDM2M2JjN2M0YzAiOnsiY3JlYXRlIjoxODAwMDAwMDAwMDAwLCJkZWxldGUiOjE4MDAwMDAwMDAwMDAsInJlYWQiOjMwMDAwMDAwMDAwMH19",
          "dependencies": [
            "module.acr.azurerm_container_registry.acr",
            "module.aks.azurerm_kubernetes_cluster.aks",
            "module.rg.azurerm_resource_group.rg"
          ]
        }
      ]
    },
    {
      "mode": "managed",
      "type": "azurerm_role_assignment",
      "name": "kv_secrets",
      "provider": "provider[\"registry.terraform.io/hashicorp/azurerm\"]",
      "instances": [
        {
          "schema_version": 0,
          "attributes": {
            "condition": "",
            "condition_version": "",
            "delegated_managed_identity_resource_id": "",
            "description": "",
            "id": "/subscriptions/46e556d2-45fc-457e-9a6e-17c25753b61c/resourceGroups/rg-akse-dev/providers/Microsoft.KeyVault/vaults/kv-akse-dev/providers/Microsoft.Authorization/roleAssignments/e339dc2a-e37d-756a-51a2-1f25cde30ffe",
            "name": "e339dc2a-e37d-756a-51a2-1f25cde30ffe",
            "principal_id": "dd1dc553-5aac-4315-b05d-f1a83cc2626f",
            "principal_type": "ServicePrincipal",
            "role_definition_id": "/subscriptions/46e556d2-45fc-457e-9a6e-17c25753b61c/providers/Microsoft.Authorization/roleDefinitions/4633458b-17de-408a-b874-0445c86b69e6",
            "role_definition_name": "Key Vault Secrets User",
            "scope": "/subscriptions/46e556d2-45fc-457e-9a6e-17c25753b61c/resourceGroups/rg-akse-dev/providers/Microsoft.KeyVault/vaults/kv-akse-dev",
            "skip_service_principal_aad_check": null,
            "timeouts": null
          },
          "sensitive_attributes": [],
          "identity_schema_version": 0,
          "private": "eyJlMmJmYjczMC1lY2FhLTExZTYtOGY4OC0zNDM2M2JjN2M0YzAiOnsiY3JlYXRlIjoxODAwMDAwMDAwMDAwLCJkZWxldGUiOjE4MDAwMDAwMDAwMDAsInJlYWQiOjMwMDAwMDAwMDAwMH19",
          "dependencies": [
            "azurerm_user_assigned_identity.identity",
            "data.azurerm_client_config.current",
            "module.kv.azurerm_key_vault.kv",
            "module.rg.azurerm_resource_group.rg"
          ]
        }
      ]
    },
    {
      "mode": "managed",
      "type": "azurerm_user_assigned_identity",
      "name": "identity",
      "provider": "provider[\"registry.terraform.io/hashicorp/azurerm\"]",
      "instances": [
        {
          "schema_version": 1,
          "attributes": {
            "client_id": "d47759a3-227c-452e-9267-f610eaf3f104",
            "id": "/subscriptions/46e556d2-45fc-457e-9a6e-17c25753b61c/resourceGroups/rg-akse-dev/providers/Microsoft.ManagedIdentity/userAssignedIdentities/identity",
            "location": "westeurope",
            "name": "identity",
            "principal_id": "dd1dc553-5aac-4315-b05d-f1a83cc2626f",
            "resource_group_name": "rg-akse-dev",
            "tags": null,
            "tenant_id": "fe73884d-8d6f-4d22-94ac-b1d52fd5495f",
            "timeouts": null
          },
          "sensitive_attributes": [],
          "identity_schema_version": 0,
          "private": "eyJlMmJmYjczMC1lY2FhLTExZTYtOGY4OC0zNDM2M2JjN2M0YzAiOnsiY3JlYXRlIjoxODAwMDAwMDAwMDAwLCJkZWxldGUiOjE4MDAwMDAwMDAwMDAsInJlYWQiOjMwMDAwMDAwMDAwMCwidXBkYXRlIjoxODAwMDAwMDAwMDAwfSwic2NoZW1hX3ZlcnNpb24iOiIxIn0=",
          "dependencies": [
            "module.rg.azurerm_resource_group.rg"
          ]
        }
      ]
    },
    {
      "mode": "managed",
      "type": "helm_release",
      "name": "external_secrets_operator",
      "provider": "provider[\"registry.terraform.io/hashicorp/helm\"]",
      "instances": [
        {
          "schema_version": 1,
          "attributes": {
            "atomic": false,
            "chart": "external-secrets",
            "cleanup_on_fail": false,
            "create_namespace": false,
            "dependency_update": false,
            "description": null,
            "devel": null,
            "disable_crd_hooks": false,
            "disable_openapi_validation": false,
            "disable_webhooks": false,
            "force_update": false,
            "id": "external-secrets-operator",
            "keyring": null,
            "lint": false,
            "manifest": null,
            "max_history": 0,
            "metadata": [
              {
                "app_version": "v0.15.1",
                "chart": "external-secrets",
                "first_deployed": 1774261755,
                "last_deployed": 1774261755,
                "name": "external-secrets-operator",
                "namespace": "default",
                "notes": "external-secrets has been deployed successfully in namespace default!\n\nIn order to begin using ExternalSecrets, you will need to set up a SecretStore\nor ClusterSecretStore resource (for example, by creating a 'vault' SecretStore).\n\nMore information on the different types of SecretStores and how to configure them\ncan be found in our Github: https://github.com/external-secrets/external-secrets\n",
                "revision": 1,
                "values": "{\"serviceAccount\":{\"create\":false,\"name\":\"eso-akv-sa\"}}",
                "version": "0.15.1"
              }
            ],
            "name": "external-secrets-operator",
            "namespace": "default",
            "pass_credentials": false,
            "postrender": [],
            "recreate_pods": false,
            "render_subchart_notes": true,
            "replace": false,
            "repository": "https://charts.external-secrets.io",
            "repository_ca_file": null,
            "repository_cert_file": null,
            "repository_key_file": null,
            "repository_password": null,
            "repository_username": null,
            "reset_values": false,
            "reuse_values": false,
            "set": [],
            "set_list": [],
            "set_sensitive": [],
            "skip_crds": false,
            "status": "deployed",
            "timeout": 300,
            "upgrade_install": null,
            "values": [
              "\"serviceAccount\":\n  \"create\": false\n  \"name\": \"eso-akv-sa\"\n"
            ],
            "verify": false,
            "version": "0.15.1",
            "wait": true,
            "wait_for_jobs": false
          },
          "sensitive_attributes": [
            [
              {
                "type": "get_attr",
                "value": "repository_password"
              }
            ]
          ],
          "identity_schema_version": 0,
          "private": "eyJzY2hlbWFfdmVyc2lvbiI6IjEifQ==",
          "dependencies": [
            "azurerm_role_assignment.kv_secrets",
            "azurerm_user_assigned_identity.identity",
            "data.azurerm_client_config.current",
            "kubernetes_service_account.eso_akv_sa",
            "module.aks.azurerm_kubernetes_cluster.aks",
            "module.kv.azurerm_key_vault.kv",
            "module.rg.azurerm_resource_group.rg"
          ]
        }
      ]
    },
    {
      "mode": "managed",
      "type": "helm_release",
      "name": "ingress_nginx",
      "provider": "provider[\"registry.terraform.io/hashicorp/helm\"]",
      "instances": [
        {
          "schema_version": 1,
          "attributes": {
            "atomic": false,
            "chart": "ingress-nginx",
            "cleanup_on_fail": false,
            "create_namespace": true,
            "dependency_update": false,
            "description": null,
            "devel": null,
            "disable_crd_hooks": false,
            "disable_openapi_validation": false,
            "disable_webhooks": false,
            "force_update": false,
            "id": "ingress-nginx",
            "keyring": null,
            "lint": false,
            "manifest": null,
            "max_history": 0,
            "metadata": [
              {
                "app_version": "1.12.2",
                "chart": "ingress-nginx",
                "first_deployed": 1774261754,
                "last_deployed": 1774261754,
                "name": "ingress-nginx",
                "namespace": "ingress-nginx",
                "notes": "The ingress-nginx controller has been installed.\nIt may take a few minutes for the load balancer IP to be available.\nYou can watch the status by running 'kubectl get service --namespace ingress-nginx ingress-nginx-controller --output wide --watch'\n\nAn example Ingress that makes use of the controller:\n  apiVersion: networking.k8s.io/v1\n  kind: Ingress\n  metadata:\n    name: example\n    namespace: foo\n  spec:\n    ingressClassName: nginx\n    rules:\n      - host: www.example.com\n        http:\n          paths:\n            - pathType: Prefix\n              backend:\n                service:\n                  name: exampleService\n                  port:\n                    number: 80\n              path: /\n    # This section is only required if TLS is to be enabled for the Ingress\n    tls:\n      - hosts:\n        - www.example.com\n        secretName: example-tls\n\nIf TLS is enabled for the Ingress, a Secret containing the certificate and key must also be provided:\n\n  apiVersion: v1\n  kind: Secret\n  metadata:\n    name: example-tls\n    namespace: foo\n  data:\n    tls.crt: \u003cbase64 encoded cert\u003e\n    tls.key: \u003cbase64 encoded key\u003e\n  type: kubernetes.io/tls\n",
                "revision": 1,
                "values": "{\"controller\":{\"service\":{\"type\":\"LoadBalancer\"}}}",
                "version": "4.12.2"
              }
            ],
            "name": "ingress-nginx",
            "namespace": "ingress-nginx",
            "pass_credentials": false,
            "postrender": [],
            "recreate_pods": false,
            "render_subchart_notes": true,
            "replace": false,
            "repository": "https://kubernetes.github.io/ingress-nginx",
            "repository_ca_file": null,
            "repository_cert_file": null,
            "repository_key_file": null,
            "repository_password": null,
            "repository_username": null,
            "reset_values": false,
            "reuse_values": false,
            "set": [
              {
                "name": "controller.service.type",
                "type": "",
                "value": "LoadBalancer"
              }
            ],
            "set_list": [],
            "set_sensitive": [],
            "skip_crds": false,
            "status": "deployed",
            "timeout": 300,
            "upgrade_install": null,
            "values": null,
            "verify": false,
            "version": "4.12.2",
            "wait": true,
            "wait_for_jobs": false
          },
          "sensitive_attributes": [
            [
              {
                "type": "get_attr",
                "value": "repository_password"
              }
            ]
          ],
          "identity_schema_version": 0,
          "private": "eyJzY2hlbWFfdmVyc2lvbiI6IjEifQ==",
          "dependencies": [
            "module.aks.azurerm_kubernetes_cluster.aks",
            "module.rg.azurerm_resource_group.rg"
          ]
        }
      ]
    },
    {
      "mode": "managed",
      "type": "helm_release",
      "name": "postgres",
      "provider": "provider[\"registry.terraform.io/hashicorp/helm\"]",
      "instances": [
        {
          "status": "tainted",
          "schema_version": 1,
          "attributes": {
            "atomic": false,
            "chart": "oci://registry-1.docker.io/cloudpirates/postgres",
            "cleanup_on_fail": false,
            "create_namespace": false,
            "dependency_update": false,
            "description": null,
            "devel": null,
            "disable_crd_hooks": false,
            "disable_openapi_validation": false,
            "disable_webhooks": false,
            "force_update": false,
            "id": "postgres",
            "keyring": null,
            "lint": false,
            "manifest": null,
            "max_history": 0,
            "metadata": [
              {
                "app_version": "18.3.0",
                "chart": "postgres",
                "first_deployed": 1774261852,
                "last_deployed": 1774261852,
                "name": "postgres",
                "namespace": "default",
                "notes": "",
                "revision": 1,
                "values": "{\"auth\":{\"adminPasswordKey\":\"password\",\"database\":\"db-akse-dev\",\"existingSecret\":\"postgres-secret\",\"username\":\"postgres\"},\"service\":{\"port\":5432,\"targetPort\":5432}}",
                "version": "0.18.3"
              }
            ],
            "name": "postgres",
            "namespace": "default",
            "pass_credentials": false,
            "postrender": [],
            "recreate_pods": false,
            "render_subchart_notes": true,
            "replace": false,
            "repository": null,
            "repository_ca_file": null,
            "repository_cert_file": null,
            "repository_key_file": null,
            "repository_password": null,
            "repository_username": null,
            "reset_values": false,
            "reuse_values": false,
            "set": [],
            "set_list": [],
            "set_sensitive": [],
            "skip_crds": false,
            "status": "failed",
            "timeout": 300,
            "upgrade_install": null,
            "values": [
              "\"auth\":\n  \"adminPasswordKey\": \"password\"\n  \"database\": \"db-akse-dev\"\n  \"existingSecret\": \"postgres-secret\"\n  \"username\": \"postgres\"\n\"service\":\n  \"port\": 5432\n  \"targetPort\": 5432\n"
            ],
            "verify": false,
            "version": "0.18.3",
            "wait": true,
            "wait_for_jobs": false
          },
          "sensitive_attributes": [
            [
              {
                "type": "get_attr",
                "value": "repository_password"
              }
            ]
          ],
          "identity_schema_version": 0,
          "private": "eyJzY2hlbWFfdmVyc2lvbiI6IjEifQ==",
          "dependencies": [
            "azurerm_role_assignment.kv_secrets",
            "azurerm_user_assigned_identity.identity",
            "data.azurerm_client_config.current",
            "helm_release.external_secrets_operator",
            "helm_release.postgres_secret",
            "helm_release.secret_store",
            "kubernetes_service_account.eso_akv_sa",
            "module.aks.azurerm_kubernetes_cluster.aks",
            "module.kv.azurerm_key_vault.kv",
            "module.rg.azurerm_resource_group.rg"
          ]
        }
      ]
    },
    {
      "mode": "managed",
      "type": "helm_release",
      "name": "postgres_secret",
      "provider": "provider[\"registry.terraform.io/hashicorp/helm\"]",
      "instances": [
        {
          "schema_version": 1,
          "attributes": {
            "atomic": false,
            "chart": "../helm/external-secret",
            "cleanup_on_fail": false,
            "create_namespace": false,
            "dependency_update": false,
            "description": null,
            "devel": null,
            "disable_crd_hooks": false,
            "disable_openapi_validation": true,
            "disable_webhooks": false,
            "force_update": false,
            "id": "postgres-secret",
            "keyring": null,
            "lint": false,
            "manifest": null,
            "max_history": 0,
            "metadata": [
              {
                "app_version": "",
                "chart": "external-secret",
                "first_deployed": 1774261848,
                "last_deployed": 1774261848,
                "name": "postgres-secret",
                "namespace": "default",
                "notes": "",
                "revision": 1,
                "values": "{\"data\":[{\"remoteRef\":{\"key\":\"postgres-password\"},\"secretKey\":\"password\"}],\"name\":\"postgres-secret\",\"secretStoreName\":\"secret-store\"}",
                "version": "0.1.0"
              }
            ],
            "name": "postgres-secret",
            "namespace": "default",
            "pass_credentials": false,
            "postrender": [],
            "recreate_pods": false,
            "render_subchart_notes": true,
            "replace": false,
            "repository": null,
            "repository_ca_file": null,
            "repository_cert_file": null,
            "repository_key_file": null,
            "repository_password": null,
            "repository_username": null,
            "reset_values": false,
            "reuse_values": false,
            "set": [],
            "set_list": [],
            "set_sensitive": [],
            "skip_crds": false,
            "status": "deployed",
            "timeout": 300,
            "upgrade_install": null,
            "values": [
              "\"data\":\n- \"remoteRef\":\n    \"key\": \"postgres-password\"\n  \"secretKey\": \"password\"\n\"name\": \"postgres-secret\"\n\"secretStoreName\": \"secret-store\"\n"
            ],
            "verify": false,
            "version": "0.1.0",
            "wait": true,
            "wait_for_jobs": false
          },
          "sensitive_attributes": [
            [
              {
                "type": "get_attr",
                "value": "repository_password"
              }
            ]
          ],
          "identity_schema_version": 0,
          "private": "eyJzY2hlbWFfdmVyc2lvbiI6IjEifQ==",
          "dependencies": [
            "azurerm_role_assignment.kv_secrets",
            "azurerm_user_assigned_identity.identity",
            "data.azurerm_client_config.current",
            "helm_release.external_secrets_operator",
            "helm_release.secret_store",
            "kubernetes_service_account.eso_akv_sa",
            "module.aks.azurerm_kubernetes_cluster.aks",
            "module.kv.azurerm_key_vault.kv",
            "module.rg.azurerm_resource_group.rg"
          ]
        }
      ]
    },
    {
      "mode": "managed",
      "type": "helm_release",
      "name": "rabbitmq",
      "provider": "provider[\"registry.terraform.io/hashicorp/helm\"]",
      "instances": [
        {
          "schema_version": 1,
          "attributes": {
            "atomic": false,
            "chart": "oci://registry-1.docker.io/cloudpirates/rabbitmq",
            "cleanup_on_fail": false,
            "create_namespace": false,
            "dependency_update": false,
            "description": null,
            "devel": null,
            "disable_crd_hooks": false,
            "disable_openapi_validation": false,
            "disable_webhooks": false,
            "force_update": false,
            "id": "rabbitmq",
            "keyring": null,
            "lint": false,
            "manifest": null,
            "max_history": 0,
            "metadata": [
              {
                "app_version": "4.2.5",
                "chart": "rabbitmq",
                "first_deployed": 1774261851,
                "last_deployed": 1774261851,
                "name": "rabbitmq",
                "namespace": "default",
                "notes": "",
                "revision": 1,
                "values": "{\"auth\":{\"existingErlangCookieKey\":\"cookie\",\"existingPasswordKey\":\"password\",\"existingSecret\":\"rabbitmq-secret\",\"username\":\"rabbitmq\"},\"service\":{\"amqpPort\":5672}}",
                "version": "0.19.6"
              }
            ],
            "name": "rabbitmq",
            "namespace": "default",
            "pass_credentials": false,
            "postrender": [],
            "recreate_pods": false,
            "render_subchart_notes": true,
            "replace": false,
            "repository": null,
            "repository_ca_file": null,
            "repository_cert_file": null,
            "repository_key_file": null,
            "repository_password": null,
            "repository_username": null,
            "reset_values": false,
            "reuse_values": false,
            "set": [],
            "set_list": [],
            "set_sensitive": [],
            "skip_crds": false,
            "status": "deployed",
            "timeout": 300,
            "upgrade_install": null,
            "values": [
              "\"auth\":\n  \"existingErlangCookieKey\": \"cookie\"\n  \"existingPasswordKey\": \"password\"\n  \"existingSecret\": \"rabbitmq-secret\"\n  \"username\": \"rabbitmq\"\n\"service\":\n  \"amqpPort\": 5672\n"
            ],
            "verify": false,
            "version": "0.19.6",
            "wait": true,
            "wait_for_jobs": false
          },
          "sensitive_attributes": [
            [
              {
                "type": "get_attr",
                "value": "repository_password"
              }
            ]
          ],
          "identity_schema_version": 0,
          "private": "eyJzY2hlbWFfdmVyc2lvbiI6IjEifQ==",
          "dependencies": [
            "azurerm_role_assignment.kv_secrets",
            "azurerm_user_assigned_identity.identity",
            "data.azurerm_client_config.current",
            "helm_release.external_secrets_operator",
            "helm_release.rabbitmq_secret",
            "helm_release.secret_store",
            "kubernetes_service_account.eso_akv_sa",
            "module.aks.azurerm_kubernetes_cluster.aks",
            "module.kv.azurerm_key_vault.kv",
            "module.rg.azurerm_resource_group.rg"
          ]
        }
      ]
    },
    {
      "mode": "managed",
      "type": "helm_release",
      "name": "rabbitmq_secret",
      "provider": "provider[\"registry.terraform.io/hashicorp/helm\"]",
      "instances": [
        {
          "schema_version": 1,
          "attributes": {
            "atomic": false,
            "chart": "../helm/external-secret",
            "cleanup_on_fail": false,
            "create_namespace": false,
            "dependency_update": false,
            "description": null,
            "devel": null,
            "disable_crd_hooks": false,
            "disable_openapi_validation": true,
            "disable_webhooks": false,
            "force_update": false,
            "id": "rabbitmq-secret",
            "keyring": null,
            "lint": false,
            "manifest": null,
            "max_history": 0,
            "metadata": [
              {
                "app_version": "",
                "chart": "external-secret",
                "first_deployed": 1774261848,
                "last_deployed": 1774261848,
                "name": "rabbitmq-secret",
                "namespace": "default",
                "notes": "",
                "revision": 1,
                "values": "{\"data\":[{\"remoteRef\":{\"key\":\"rabbitmq-password\"},\"secretKey\":\"password\"},{\"remoteRef\":{\"key\":\"rabbitmq-cookie\"},\"secretKey\":\"cookie\"}],\"name\":\"rabbitmq-secret\",\"secretStoreName\":\"secret-store\"}",
                "version": "0.1.0"
              }
            ],
            "name": "rabbitmq-secret",
            "namespace": "default",
            "pass_credentials": false,
            "postrender": [],
            "recreate_pods": false,
            "render_subchart_notes": true,
            "replace": false,
            "repository": null,
            "repository_ca_file": null,
            "repository_cert_file": null,
            "repository_key_file": null,
            "repository_password": null,
            "repository_username": null,
            "reset_values": false,
            "reuse_values": false,
            "set": [],
            "set_list": [],
            "set_sensitive": [],
            "skip_crds": false,
            "status": "deployed",
            "timeout": 300,
            "upgrade_install": null,
            "values": [
              "\"data\":\n- \"remoteRef\":\n    \"key\": \"rabbitmq-password\"\n  \"secretKey\": \"password\"\n- \"remoteRef\":\n    \"key\": \"rabbitmq-cookie\"\n  \"secretKey\": \"cookie\"\n\"name\": \"rabbitmq-secret\"\n\"secretStoreName\": \"secret-store\"\n"
            ],
            "verify": false,
            "version": "0.1.0",
            "wait": true,
            "wait_for_jobs": false
          },
          "sensitive_attributes": [
            [
              {
                "type": "get_attr",
                "value": "repository_password"
              }
            ]
          ],
          "identity_schema_version": 0,
          "private": "eyJzY2hlbWFfdmVyc2lvbiI6IjEifQ==",
          "dependencies": [
            "azurerm_role_assignment.kv_secrets",
            "azurerm_user_assigned_identity.identity",
            "data.azurerm_client_config.current",
            "helm_release.external_secrets_operator",
            "helm_release.secret_store",
            "kubernetes_service_account.eso_akv_sa",
            "module.aks.azurerm_kubernetes_cluster.aks",
            "module.kv.azurerm_key_vault.kv",
            "module.rg.azurerm_resource_group.rg"
          ]
        }
      ]
    },
    {
      "mode": "managed",
      "type": "helm_release",
      "name": "secret_store",
      "provider": "provider[\"registry.terraform.io/hashicorp/helm\"]",
      "instances": [
        {
          "schema_version": 1,
          "attributes": {
            "atomic": false,
            "chart": "../helm/secret-store",
            "cleanup_on_fail": false,
            "create_namespace": false,
            "dependency_update": false,
            "description": null,
            "devel": null,
            "disable_crd_hooks": false,
            "disable_openapi_validation": true,
            "disable_webhooks": false,
            "force_update": false,
            "id": "secret-store",
            "keyring": null,
            "lint": false,
            "manifest": null,
            "max_history": 0,
            "metadata": [
              {
                "app_version": "",
                "chart": "secret-store",
                "first_deployed": 1774261847,
                "last_deployed": 1774261847,
                "name": "secret-store",
                "namespace": "default",
                "notes": "",
                "revision": 1,
                "values": "{\"serviceAccountName\":\"eso-akv-sa\",\"vaultUrl\":\"https://kv-akse-dev.vault.azure.net/\"}",
                "version": "0.1.0"
              }
            ],
            "name": "secret-store",
            "namespace": "default",
            "pass_credentials": false,
            "postrender": [],
            "recreate_pods": false,
            "render_subchart_notes": true,
            "replace": false,
            "repository": null,
            "repository_ca_file": null,
            "repository_cert_file": null,
            "repository_key_file": null,
            "repository_password": null,
            "repository_username": null,
            "reset_values": false,
            "reuse_values": false,
            "set": [],
            "set_list": [],
            "set_sensitive": [],
            "skip_crds": false,
            "status": "deployed",
            "timeout": 300,
            "upgrade_install": null,
            "values": [
              "\"serviceAccountName\": \"eso-akv-sa\"\n\"vaultUrl\": \"https://kv-akse-dev.vault.azure.net/\"\n"
            ],
            "verify": false,
            "version": "0.1.0",
            "wait": true,
            "wait_for_jobs": false
          },
          "sensitive_attributes": [
            [
              {
                "type": "get_attr",
                "value": "repository_password"
              }
            ]
          ],
          "identity_schema_version": 0,
          "private": "eyJzY2hlbWFfdmVyc2lvbiI6IjEifQ==",
          "dependencies": [
            "azurerm_role_assignment.kv_secrets",
            "azurerm_user_assigned_identity.identity",
            "data.azurerm_client_config.current",
            "helm_release.external_secrets_operator",
            "kubernetes_service_account.eso_akv_sa",
            "module.aks.azurerm_kubernetes_cluster.aks",
            "module.kv.azurerm_key_vault.kv",
            "module.rg.azurerm_resource_group.rg"
          ]
        }
      ]
    },
    {
      "mode": "managed",
      "type": "kubernetes_service_account",
      "name": "eso_akv_sa",
      "provider": "provider[\"registry.terraform.io/hashicorp/kubernetes\"]",
      "instances": [
        {
          "schema_version": 0,
          "attributes": {
            "automount_service_account_token": true,
            "default_secret_name": "",
            "id": "default/eso-akv-sa",
            "image_pull_secret": [],
            "metadata": [
              {
                "annotations": {
                  "azure.workload.identity/client-id": "d47759a3-227c-452e-9267-f610eaf3f104",
                  "azure.workload.identity/tenant-id": "fe73884d-8d6f-4d22-94ac-b1d52fd5495f"
                },
                "generate_name": "",
                "generation": 0,
                "labels": {
                  "azure.workload.identity/use": "true"
                },
                "name": "eso-akv-sa",
                "namespace": "default",
                "resource_version": "1616",
                "uid": "6c442d47-da10-4d1d-95eb-ad7f646518ee"
              }
            ],
            "secret": [],
            "timeouts": null
          },
          "sensitive_attributes": [],
          "identity_schema_version": 1,
          "identity": {
            "api_version": "v1",
            "kind": "ServiceAccount",
            "name": "eso-akv-sa",
            "namespace": "default"
          },
          "private": "eyJlMmJmYjczMC1lY2FhLTExZTYtOGY4OC0zNDM2M2JjN2M0YzAiOnsiY3JlYXRlIjozMDAwMDAwMDAwMH19",
          "dependencies": [
            "azurerm_user_assigned_identity.identity",
            "module.aks.azurerm_kubernetes_cluster.aks",
            "module.rg.azurerm_resource_group.rg"
          ]
        }
      ]
    },
    {
      "module": "module.acr",
      "mode": "managed",
      "type": "azurerm_container_registry",
      "name": "acr",
      "provider": "provider[\"registry.terraform.io/hashicorp/azurerm\"]",
      "instances": [
        {
          "schema_version": 2,
          "attributes": {
            "admin_enabled": false,
            "admin_password": "",
            "admin_username": "",
            "anonymous_pull_enabled": false,
            "data_endpoint_enabled": false,
            "encryption": [
              {
                "enabled": false,
                "identity_client_id": "",
                "key_vault_key_id": ""
              }
            ],
            "export_policy_enabled": true,
            "georeplications": [],
            "id": "/subscriptions/46e556d2-45fc-457e-9a6e-17c25753b61c/resourceGroups/rg-akse-dev/providers/Microsoft.ContainerRegistry/registries/aksecrdev",
            "identity": [],
            "location": "westeurope",
            "login_server": "aksecrdev.azurecr.io",
            "name": "aksecrdev",
            "network_rule_bypass_option": "AzureServices",
            "network_rule_set": [],
            "public_network_access_enabled": true,
            "quarantine_policy_enabled": false,
            "resource_group_name": "rg-akse-dev",
            "retention_policy": [
              {
                "days": 7,
                "enabled": false
              }
            ],
            "sku": "Basic",
            "tags": null,
            "timeouts": null,
            "trust_policy": [
              {
                "enabled": false
              }
            ],
            "zone_redundancy_enabled": false
          },
          "sensitive_attributes": [
            [
              {
                "type": "get_attr",
                "value": "admin_password"
              }
            ]
          ],
          "identity_schema_version": 0,
          "private": "eyJlMmJmYjczMC1lY2FhLTExZTYtOGY4OC0zNDM2M2JjN2M0YzAiOnsiY3JlYXRlIjoxODAwMDAwMDAwMDAwLCJkZWxldGUiOjE4MDAwMDAwMDAwMDAsInJlYWQiOjMwMDAwMDAwMDAwMCwidXBkYXRlIjoxODAwMDAwMDAwMDAwfSwic2NoZW1hX3ZlcnNpb24iOiIyIn0=",
          "dependencies": [
            "module.rg.azurerm_resource_group.rg"
          ]
        }
      ]
    },
    {
      "module": "module.aks",
      "mode": "managed",
      "type": "azurerm_kubernetes_cluster",
      "name": "aks",
      "provider": "provider[\"registry.terraform.io/hashicorp/azurerm\"]",
      "instances": [
        {
          "schema_version": 2,
          "attributes": {
            "aci_connector_linux": [],
            "api_server_access_profile": [],
            "api_server_authorized_ip_ranges": [],
            "auto_scaler_profile": [],
            "automatic_channel_upgrade": "",
            "azure_active_directory_role_based_access_control": [],
            "azure_policy_enabled": null,
            "confidential_computing": [],
            "cost_analysis_enabled": false,
            "current_kubernetes_version": "1.33.7",
            "custom_ca_trust_certificates_base64": null,
            "default_node_pool": [
              {
                "capacity_reservation_group_id": "",
                "custom_ca_trust_enabled": false,
                "enable_auto_scaling": false,
                "enable_host_encryption": false,
                "enable_node_public_ip": false,
                "fips_enabled": false,
                "gpu_instance": "",
                "host_group_id": "",
                "kubelet_config": [],
                "kubelet_disk_type": "OS",
                "linux_os_config": [],
                "max_count": 0,
                "max_pods": 250,
                "message_of_the_day": "",
                "min_count": 0,
                "name": "agentpool",
                "node_count": 1,
                "node_labels": {},
                "node_network_profile": [],
                "node_public_ip_prefix_id": "",
                "node_taints": null,
                "only_critical_addons_enabled": false,
                "orchestrator_version": "1.33",
                "os_disk_size_gb": 128,
                "os_disk_type": "Managed",
                "os_sku": "Ubuntu",
                "pod_subnet_id": "",
                "proximity_placement_group_id": "",
                "scale_down_mode": "Delete",
                "snapshot_id": "",
                "tags": null,
                "temporary_name_for_rotation": "",
                "type": "VirtualMachineScaleSets",
                "ultra_ssd_enabled": false,
                "upgrade_settings": [
                  {
                    "drain_timeout_in_minutes": 0,
                    "max_surge": "10%",
                    "node_soak_duration_in_minutes": 0
                  }
                ],
                "vm_size": "Standard_A2_v2",
                "vnet_subnet_id": "",
                "workload_runtime": "",
                "zones": null
              }
            ],
            "disk_encryption_set_id": "",
            "dns_prefix": "aks-akse-dev-dns",
            "dns_prefix_private_cluster": "",
            "edge_zone": "",
            "enable_pod_security_policy": false,
            "fqdn": "aks-akse-dev-dns-baveof8y.hcp.westeurope.azmk8s.io",
            "http_application_routing_enabled": null,
            "http_application_routing_zone_name": null,
            "http_proxy_config": [],
            "id": "/subscriptions/46e556d2-45fc-457e-9a6e-17c25753b61c/resourceGroups/rg-akse-dev/providers/Microsoft.ContainerService/managedClusters/aks-akse-dev",
            "identity": [
              {
                "identity_ids": null,
                "principal_id": "f73c3692-4812-4e22-9bcc-bf9eba4687af",
                "tenant_id": "fe73884d-8d6f-4d22-94ac-b1d52fd5495f",
                "type": "SystemAssigned"
              }
            ],
            "image_cleaner_enabled": false,
            "image_cleaner_interval_hours": 48,
            "ingress_application_gateway": [],
            "key_management_service": [],
            "key_vault_secrets_provider": [],
            "kube_admin_config": [],
            "kube_admin_config_raw": "",
            "kube_config": [
              {
                "client_certificate": "LS0tLS1CRUdJTiBDRVJUSUZJQ0FURS0tLS0tCk1JSUZIVENDQXdXZ0F3SUJBZ0lRYlhhakNuc1RCUm83VTVWSjNHRGZzekFOQmdrcWhraUc5dzBCQVFzRkFEQU4KTVFzd0NRWURWUVFERXdKallUQWVGdzB5TmpBek1qTXhNREUxTVRKYUZ3MHlPREF6TWpNeE1ESTFNVEphTURBeApGekFWQmdOVkJBb1REbk41YzNSbGJUcHRZWE4wWlhKek1SVXdFd1lEVlFRREV3eHRZWE4wWlhKamJHbGxiblF3CmdnSWlNQTBHQ1NxR1NJYjNEUUVCQVFVQUE0SUNEd0F3Z2dJS0FvSUNBUUMxSStuUlQrR1hhbnVHRlBabEVWSlIKSHBPTEtFRDlQUXJEM01VTzAzbUdVRUZJMnVla3VJVGdyeTlOdG1ERUhxdHdSdU56bXRUUCtpc3FSdzdWWU4rRwpBVHlkYjByWnZZMjNTVU8zQ1p1cVlVaWVBNS9UVndyWmZrRGR0QXYwc3lKWWlsQVJGMjdhcFZIODZOTnIzdWlSCjYzR05HSWU4OXFJc3ozSnRtMHplODh6V3ZuV2gvbnAxS0hQRlo2WlRZcFBkY01SalVYajVNWWhucUxPbFJvWlIKT2dQdjAvaWdpcTZGZlRzRkxRamxsMy9EUk9RK1NOUVVFMGpDTFpMUHFMYlQ0OGtSU1k3bitsM1l4eC9mYVdxWgpVdFVHckNjcnVtNWZ3QzN4UU5pcXFHZitLNHU1MG4yaGhzTjVEVHRjbDhFWEtnRjk1a04zZUpPTHVPNzZaRUZCCks0YzI0bmZOQ3N2a09zd0VVUmxSWHJuY1VGZ0Y1OVhvSnZWZ2JLd1UvV1VrVUtjRHJTaTRZWkNjWEdJaW5mdlAKYUdCaXM3ZzlhNnFTVHJFZlN3eW9BWkU4WXVQQzJSemxvdzNkRG4wT2J5OVV5bUdUWjF3S2NnLys0Q21Fcjc0Rgp5STJ4T1plMWFpV0taaDUyU1hVam1pOHEycjRJcDU2TWFjNG4rWmkrd3lkRTNVWHA0VXU1TEpQOStheE1WQkJmCkpLQldOYXdRZUJJbENQSjRBNXl5MjZFVXpHSmtiTDVlZVdNdGgrRXNxYUU3cWNFZUVmeWNlT3RpMCtiVnJFOWkKdWwveXJCRVVJV1pPMVo1ejA4T25OaEdRd3R2UGhabnpEN1RPM1gxTnF3bEo0bE9xV3d4UmN6MURhVjUxb3BFYgpER3RmR3JjR293ZERhUVQyekYybXR3SURBUUFCbzFZd1ZEQU9CZ05WSFE4QkFmOEVCQU1DQmFBd0V3WURWUjBsCkJBd3dDZ1lJS3dZQkJRVUhBd0l3REFZRFZSMFRBUUgvQkFJd0FEQWZCZ05WSFNNRUdEQVdnQlQ1UnYyOHp3MmYKQU1ZMHl6YXNZV2lsVjVvV1RUQU5CZ2txaGtpRzl3MEJBUXNGQUFPQ0FnRUFIOWdmQUlkTkhlK3praXptYjArRApwczgrSURmVENNWW42ZnpEcEFxTENWR3ZmczRpZWNieVV3RDBiSU4yUzRySnFoSUIyN0pBRHdidjM1MXJpOWRlCk9JVHhiT29HanN4NzZuNWhDTU1MOHRxR21ka0tYcXJYVFJ0c1BIWWczOU9lTTBrcElmMmU2YUIrMjhmOXlENlYKWDdHY1ZiY0p1eTl2MzBPQkhxNUZ4aks3S2FpbnJnUktveGtLNnRhOXZMejZPN2ljZUdEdm1BK05VS0d2V1RVZwpqcXFhL25qZnlhWHYzeVNPZWsvM2dIOC85YUp6NEVYeGd3Q1poMVh4UFFpRHBnaGhkV0tXRHdid3hWdlVUaU5qCndXNGdlaURiVUFXMTlYV1JPMnNOa3d0TGx2YVdjL29zK1BMSXJiYWFzZ0ZaWXBCRktlMmtRUjFXSFpXU3ZQamgKNGs1Z0Y0Q0x6UjJWZGkxc3BycDFxaytmc25QVjVNTUdSei9rR0F4WFV2eDZXVXo1K2RvUlFGRlhIL294TWhheApnZ0lidzh2YXVydjF5RWRVbitVa3ArVmJ3QUNzcEIwZ0hFdDVDekZVYlNtVWU5UWpzSmxXY0Q5TDVVcnBqamhJCjdhOTAvS2ZtWVpRNG5Wck1XazJWTENtMnRIOCtDOFJPdUpnL1ltN3p4aXdleHhjdEc3QXEyOVFkWGtIUXp5U2cKOTB6N2pKUEtTUjZobDFZamhoM3VuWmhaZ0syNmo3SHJXQ05QR0lDQ1FvVHdjRm9LdVYyTXhIcjMyK0JTYXpvdgpEeHB3dkxJRlpsZEVESGxTZ3BDK21yclpuMHE2SW9aWStSNTJlUWp3eVhhalBoUWo5ekozQXBVTk1aUEVTdllDCmJjdml2VHkrU1luZlR2bWNqWGQ1TTFNPQotLS0tLUVORCBDRVJUSUZJQ0FURS0tLS0tCg==",
                "client_key": "LS0tLS1CRUdJTiBSU0EgUFJJVkFURSBLRVktLS0tLQpNSUlKS1FJQkFBS0NBZ0VBdFNQcDBVL2hsMnA3aGhUMlpSRlNVUjZUaXloQS9UMEt3OXpGRHRONWhsQkJTTnJuCnBMaUU0Szh2VGJaZ3hCNnJjRWJqYzVyVXovb3JLa2NPMVdEZmhnRThuVzlLMmIyTnQwbER0d21icW1GSW5nT2YKMDFjSzJYNUEzYlFMOUxNaVdJcFFFUmR1MnFWUi9PalRhOTdva2V0eGpSaUh2UGFpTE05eWJadE0zdlBNMXI1MQpvZjU2ZFNoenhXZW1VMktUM1hERVkxRjQrVEdJWjZpenBVYUdVVG9ENzlQNG9JcXVoWDA3QlMwSTVaZC93MFRrClBralVGQk5Jd2kyU3o2aTIwK1BKRVVtTzUvcGQyTWNmMzJscW1WTFZCcXduSzdwdVg4QXQ4VURZcXFobi9pdUwKdWRKOW9ZYkRlUTA3WEpmQkZ5b0JmZVpEZDNpVGk3anUrbVJCUVN1SE51SjN6UXJMNURyTUJGRVpVVjY1M0ZCWQpCZWZWNkNiMVlHeXNGUDFsSkZDbkE2MG91R0dRbkZ4aUlwMzd6MmhnWXJPNFBXdXFrazZ4SDBzTXFBR1JQR0xqCnd0a2M1YU1OM1E1OURtOHZWTXBoazJkY0NuSVAvdUFwaEsrK0JjaU5zVG1YdFdvbGltWWVka2wxSTVvdkt0cSsKQ0tlZWpHbk9KL21ZdnNNblJOMUY2ZUZMdVN5VC9mbXNURlFRWHlTZ1ZqV3NFSGdTSlFqeWVBT2NzdHVoRk14aQpaR3krWG5sakxZZmhMS21oTzZuQkhoSDhuSGpyWXRQbTFheFBZcnBmOHF3UkZDRm1UdFdlYzlQRHB6WVJrTUxiCno0V1o4dyswenQxOVRhc0pTZUpUcWxzTVVYTTlRMmxlZGFLUkd3eHJYeHEzQnFNSFEya0U5c3hkcHJjQ0F3RUEKQVFLQ0FnQW9nTFZCaGprTklGUXFjUGwvTTlaU0tTSVlsWkdpamttZjdmZHFEME0zRXk3bDJYeStTanY3K1cvOApVbkZrcU83d2xnazV5ajhYbWZxWTQzYWZvNStYV1NOeW1IWUdKZXBRTjJPYXc5MDR4YlAxRVI1bHBTclo0dThpCkk2WWd1d1ZOQXZCUVFnc1pmS25PZ1VqMDc4elZBKzVKL0ZndG1vQTh3TTMzVUNocUdkMk5qdHpDc2lJem5DMzIKeit4UzdOSGZTOTI5ejNQYlZJWUpsNkZEclhkUEprZkhFb0NmZFNMODJqbWVPS21xbkt1R3dCckJDb3ZSU1ZhVgpoSmMxTTZaZHpxc2c0Ry9CMHl1MDB5Ri9WUlR1MzZTZWIxUDY1UjdVN2lYWHNnWkFjcE4rTThKMGRHcCsrYUV2CnFoUEI2blRVZHlJS1FyaUhPRURWbHk1b2NvNWNZY3JRSTdqM0hTV003cGRPcEpxTmNLT2Y4V0xaS1NLM0VTRkMKNGhKRk5hZUY2b05QRWZSeWNFS2RoNVhNYUQyRHZlNDZVY2plN0xwVjhGbERjLzRtcXRrQUJYY005TWZveDN6Mgo3ZUxNdkt6dTR6cUQwT1kvUUZEd3poNTI5OTc5ejlSUmRKNStOZDJsSTBCREZPcHhFd2k0TTB4RVZFTEpIaitJCk5SdlM5QjJNRmd2U0ErdTliNmdzR25YYy9naXJYY2Q3YWlBbFVEZEIwYUgvTjVVbTg2WWxTeG5OK09JTnVTakwKMW40UmVTWDVkMFVOVGdIYzdzTUoxYmRQTzFlYnpZYkNzYWZtUnJRQk16SEwxam1FTVpyWEtENENhenZ1MVRaYQpseFV0N1RqYkZJSWZJQUIrNmt1dUlWVU5UWHc0RGxUeDdIQUs2ODZqZzB1b1JtMElnUUtDQVFFQTI5S1NBWmJJCjdiYTJuNStjTHpTbnZPQkhFeDhqTWd3b2RXS2lJamhGQkJ2VjhRV1JqTjhIMVJVQzVJSGQzZTRoWUIrY2kwMXcKa1VNMjJLSU5DaHhTOE1RMGh4MXRwYlBka0N1NS9BMXV2SDJUY3haYTQ3Y2N0WXU0bjVqbGNMaWVHRmlDRVM4RwpSclByS1YwOTRub3JGQWllN0wxak5rNVVTbEMxUkJCVThqczN2Sk5aalJPMCt3Sko5NXRsRHcrZ3dLbEU5bzZkCjR0d21vSnlEbU9sVGM3K1JSdDdBSzhjek5uckRCYnNtWGhqU2paUURZWDgrRnI0MkFubXAwMjkrWEdNMHRpZTUKR1hkUVNOQ01FakprUlBaMkpqeWxZNnZVRmtVRHh5ek1weG14cW1uVHBKZHFQK2t0bHdyR2owRHJXcmZiR1lnYgpKT1Y2TzF4dUhIWFZWd0tDQVFFQTB2T2JGZ21INy8vZEkzZWs5cFVqM1NpQUp6SlhwdkRwaE1aODkwL05kWjlWCmlSVUlQUEpNdHdVNm1zckg4a3dteXNLc2d5STREY2NDWTVjR0FNTWs3OUwwaDJtaHI1RytVOWNFM3FBMnBSTGsKM3hRSWpZZnRLdUx3czg2d3JNME50SktvdzlySUFrbjd2YWY5QlJhL2FGRG9CNEFCbzF5aUxqa1pVc0pPZnFHZwppeWk2TU5SaGZmUUd4S1MwdjhrUG5jOUpId3hvTXhkcjIxTDRWbHdNMUk3THlnTE5RcTFVN0Rib08zZlJhU0xVCjEwMUY5ZTIzaVorWE90cG82Tnl4VFJFYmx5NUt2UitxbXQ0UWJORHAzSzdyTGlpSXd1T2pWdGZ6WWNtTkJ3Z20KMFJEeE1jeUR5Tks3amtlTWd0a0VPRmIxQWsxTEZ0TUNldHFLSGtGOW9RS0NBUUVBckMvQjdIcTNBdlVYRWV2TgpSSEREWDBCeWkvamM4Y3Z5T1JpOGxYOXNHQzdSbzB6UVdQOHV2R3NMN0FBSjBWaEJUbkVVaDAxdWVtcWk0SWYzCkhNOVk3SDFVQSs0NlFBeW01ZEpLaWJQZjVNZWNvdzZFdlZCbXJaSTNXTlJFRE1xZ0U4UG9oaHRHbUVWQVZCTlUKY1QxdTF1OTF4VTBJRkxiQWNjSE1hdmM4QXMzOTk3bVg4TmpaNzdBNFRqcXJxMk43Y001bVZaY2E5Mk9vNGpBWApLTVREZUt3NjJMK00yZjNjRUxXU1k3L1g2dWNZcm91ZEpsYXNSTlpUcWhhd3Z3emJkdlRDaWxpTk5mUnVyOHFqCm5YRlpkMmR5M3Jxc2RtbFc1T2JFY2RTV3JlR0RlRkFTMXg4L3U3WWozdWN5NTIxYnJhRE1mN0JNU3RkeHFtUFoKWUhPd1d3S0NBUUFQenI5dFhGTjZjWkx4cUhLTkk4bm5OYlM4dXpJRVNZTkdOdFdBZHROdm4vdjU1TUNVU0pmbApFeGc4Snp2cWRUaG04MFdZSWdWUFN2MXIxeEpWRmtwN1NqU1d2UnlubW1WSHhSSVJXTElmbHBYZC9aTlNmOEFPCithaU40TXd1ZHNNeko5WkxydVpUL1pWR3RnTG8wYmFRSzVmbmova1BjODZYWmlIMnFLYlhLR2R1WmlQbHF0U1AKYXF6aktYQjkrcVFYOEVPTGR4T0wySkoxZ2Zjb0NZZlFtYzY5bVk0bUUvVU1LbVVtcDZqaWx3Q2FEYWxUYjNmVQpjVWdVMmU4SW5Ca1JMRm9EN3kwY2xQWGsyd1VpRWxtajl0dWF2dURZc2RRNG1zQWJNTTVIbTUzRkJ0NzhHMVk0Cncwbll0SlhiN0VVN3I1QjJscklzeUswajVhSjU5L0JoQW9JQkFRRFB6aUNOc2NQSmVpUFFsajhOSm1qVXJXNlYKUFdQcVhoWVl0SFJOenBUMGNERjhRTU1VZCtyOGsvWnl2dDl5RVdPWWlxSW1uTWg3TTFSeWY0Z1pRMUdUNFV6bgp6R0djVC9HMmpVVmdHckVDUU5Kd2RLTzF3RVJVRTR6MEMrZjRDQjZDZStaZWFTMDNEUEg3Zk84T1F3VHJHaFV2CjlPVThZR2FPNG1FZFRUNXFwclRJQVRsTlI2dkR1UlBMSWlyRzN2dko5eDNZSW9zbXIza3hjWDIrTG9pTzl1dWIKREhqMC9wRVZlbDgzNUExa0pPajloUFQvQ2tSdkh5c243cE1maEw4bUE2TjE4NSs1VStQcWtHMkNxWm5xTmFhMwpxVWo0ZGFreDdIVVJqQU1UbjhDbUN1S1QzZ3BtbHRTa01YOStCcG1NM1JoanptQ3JUcnhSTTR5RElTVWoKLS0tLS1FTkQgUlNBIFBSSVZBVEUgS0VZLS0tLS0K",
                "cluster_ca_certificate": "LS0tLS1CRUdJTiBDRVJUSUZJQ0FURS0tLS0tCk1JSUU2VENDQXRHZ0F3SUJBZ0lSQU9uSDVZakZnRVU2Y0xBTW9iZEZtU2t3RFFZSktvWklodmNOQVFFTEJRQXcKRFRFTE1Ba0dBMVVFQXhNQ1kyRXdJQmNOTWpZd016SXpNVEF4TlRFeVdoZ1BNakExTmpBek1qTXhNREkxTVRKYQpNQTB4Q3pBSkJnTlZCQU1UQW1OaE1JSUNJakFOQmdrcWhraUc5dzBCQVFFRkFBT0NBZzhBTUlJQ0NnS0NBZ0VBCnhZclRsLy9oS1BZcWhDVWpTR2ZFQ2Juek5NQmxMUjF6R3RKT3NSKzFaU1dvNHJNd2lDSVptYkREZllVbEZmbnQKekNzNXhDLzZ2L0lPVXFnY2IrT3ZqSldKRlpaQlQxZU1jZGpZU0Q4T1N4ZUJNc0YrMDRwa0J4bk9vTHpYdlg5ZApRc003aXNseWs0WXVabW9pTEgrNFh4dU8xT1UybzZpaFVneDZmSzgwc3o1YTc5cndncUhsVTVCbm1BRkE5aSs2CjBWeHFBZFBBZTJ1WkxCS1YyR3RjdHlyTjJTekdtNEhEVEMwRXlJOW9xaHo1dU10aWZxYmU3akU0S2VPQ2FUNXMKVUhFdkJMZkdBRlNaWklON2ZWeUE5VWFPZzBTV2RNUE9OM0hxNUZwVWJLTk5wd0ZJNGhjenpyK1V1OU9xMldQQgpneTBPaVFuMlRzVStZeFcxdE8rQzExYlF2RnI1a2hYR3hqUmZCQXB4T0lxT2NOcnVudVRFZ0FRZ1d3OGNwMENLCnhvR0M1Z2dWUThxYWRXNkI4bVpkTmc4OWFHZUxhdTdrYkh1aDFveUF1RHpqSU1acUlZWGZjbXJzV0QzUmUzekwKSnpPbHROeE1CNzRlK1g0WXZ2TEhHNHc5K0xEUFczYWlwMUNqOFlCNTN6VmVQYmM3Q1FreEJYYmc3MHhzUDFiQQpXUW14SFZ6S0JnWm1qUkFhVUtTUERleU5sb0kvQVpaK1hzZU1hWkJiUTJUUkUvbFphajBMclJFOE5EcEVlaG1zCnNUeHFVVEhSYXBzMHgrS1lxWmZIYThHK09ITzY1cldodnh3T1NqS0NYanRsQkFQSm9veEszTXZjWnpvSlF1cXoKRER6RzErbnk2dTdTS1hOV0k1MktvQzFBRzF0bHVnbXRpRzExZWJHR2hvY0NBd0VBQWFOQ01FQXdEZ1lEVlIwUApBUUgvQkFRREFnS2tNQThHQTFVZEV3RUIvd1FGTUFNQkFmOHdIUVlEVlIwT0JCWUVGUGxHL2J6UERaOEF4alRMCk5xeGhhS1ZYbWhaTk1BMEdDU3FHU0liM0RRRUJDd1VBQTRJQ0FRQVpuK1hMRFc0bUo5WmhtSmswQnRoaGIvaFUKVmREYWJHdE5qeE9EbHFMUzMzQlVuNjI2UGxodVNQSTJBK2VkcitPYmVDYitpMHZuTHBJTzF5MTZTcEhoR3hkTQppUzUya3JhYkZzMWhnWWd2U2NISUNwditIWkovT1hva1NVQXFTR2xDUVJkcmQrVEZobHk0VzN1Ui9tOFJzQm1OClNUREJXOFlTenZZV3prTERvd1M0TjdORTM2TjVFYlk2Q2dhR0pSb0puMU5BbWRsQlJkcFRqazhHTnFHTk1uMnEKckY3WnhsNzJNL0VZV0gvam5ZOWlnODlSYmJpY3ZjMVFTRjUzSmY4M2gwWnB3Wk9kR3JlVVYzblpDbExDTHQ1dgpMRHJCQ2p6THczTzVraXo2Tk9sRGpZdkpkYUpCb2V3ODZsKy9ueEhmaWM4ZzVtZXVjTEptcVZwNXFPQ1diRDlMCjBvQjBoTGk3aFVOaUMzWjNYcjJMQ0xwd2hVQy9yMFJrOE1yMlU4QTdESGt2bkdSaHVRd082ckVVbXJCNHNtbkgKUVVIZW9CbE1UcjVWbHpLUFBTaE9vVWFIZUlEN1ZTcTIvc3hrYVFtaW9ZVCt3WitmdEJkWVV3ZFAwM004OFlMVworRW5ZQzdUVllVMHpkNXYrSy9BQ09aQ1NrOFE1aktDODVJc0NvZXlVeGQzRVkvNm16NndqMUxkdU1JNUc1c0RiCjlzRGFDb2JsaHJDOXpTQXV6d2ZpZExGWlZNRGt3OHpNSTlIM1pjMFBZUTY4THIxazJwY3pRV1ZOOTNobU4vNXYKQ0FqTDRrd1Z6ZGJMaFY5bmNqSVA4QkVNOW01a0tHcXFsRis3eEV5Ukw5YUFXK1BIY21jV0orK0tLMGp1SWtRMgpnREIvaEdYRlFzQ3EvWDZvQ1E9PQotLS0tLUVORCBDRVJUSUZJQ0FURS0tLS0tCg==",
                "host": "https://aks-akse-dev-dns-baveof8y.hcp.westeurope.azmk8s.io:443",
                "password": "d5lq3z9zrkk6be59n75ntlz6tapw1b4x476d5e1hb9f9zmgspxtxtjrlawpu9phdx22gz0rl69qk03fo2ntr555afxrek51wm1yexnjsh0gwc1pq5zf4ifjiklv027u1",
                "username": "clusterUser_rg-akse-dev_aks-akse-dev"
              }
            ],
            "kube_config_raw": "apiVersion: v1\nclusters:\n- cluster:\n    certificate-authority-data: LS0tLS1CRUdJTiBDRVJUSUZJQ0FURS0tLS0tCk1JSUU2VENDQXRHZ0F3SUJBZ0lSQU9uSDVZakZnRVU2Y0xBTW9iZEZtU2t3RFFZSktvWklodmNOQVFFTEJRQXcKRFRFTE1Ba0dBMVVFQXhNQ1kyRXdJQmNOTWpZd016SXpNVEF4TlRFeVdoZ1BNakExTmpBek1qTXhNREkxTVRKYQpNQTB4Q3pBSkJnTlZCQU1UQW1OaE1JSUNJakFOQmdrcWhraUc5dzBCQVFFRkFBT0NBZzhBTUlJQ0NnS0NBZ0VBCnhZclRsLy9oS1BZcWhDVWpTR2ZFQ2Juek5NQmxMUjF6R3RKT3NSKzFaU1dvNHJNd2lDSVptYkREZllVbEZmbnQKekNzNXhDLzZ2L0lPVXFnY2IrT3ZqSldKRlpaQlQxZU1jZGpZU0Q4T1N4ZUJNc0YrMDRwa0J4bk9vTHpYdlg5ZApRc003aXNseWs0WXVabW9pTEgrNFh4dU8xT1UybzZpaFVneDZmSzgwc3o1YTc5cndncUhsVTVCbm1BRkE5aSs2CjBWeHFBZFBBZTJ1WkxCS1YyR3RjdHlyTjJTekdtNEhEVEMwRXlJOW9xaHo1dU10aWZxYmU3akU0S2VPQ2FUNXMKVUhFdkJMZkdBRlNaWklON2ZWeUE5VWFPZzBTV2RNUE9OM0hxNUZwVWJLTk5wd0ZJNGhjenpyK1V1OU9xMldQQgpneTBPaVFuMlRzVStZeFcxdE8rQzExYlF2RnI1a2hYR3hqUmZCQXB4T0lxT2NOcnVudVRFZ0FRZ1d3OGNwMENLCnhvR0M1Z2dWUThxYWRXNkI4bVpkTmc4OWFHZUxhdTdrYkh1aDFveUF1RHpqSU1acUlZWGZjbXJzV0QzUmUzekwKSnpPbHROeE1CNzRlK1g0WXZ2TEhHNHc5K0xEUFczYWlwMUNqOFlCNTN6VmVQYmM3Q1FreEJYYmc3MHhzUDFiQQpXUW14SFZ6S0JnWm1qUkFhVUtTUERleU5sb0kvQVpaK1hzZU1hWkJiUTJUUkUvbFphajBMclJFOE5EcEVlaG1zCnNUeHFVVEhSYXBzMHgrS1lxWmZIYThHK09ITzY1cldodnh3T1NqS0NYanRsQkFQSm9veEszTXZjWnpvSlF1cXoKRER6RzErbnk2dTdTS1hOV0k1MktvQzFBRzF0bHVnbXRpRzExZWJHR2hvY0NBd0VBQWFOQ01FQXdEZ1lEVlIwUApBUUgvQkFRREFnS2tNQThHQTFVZEV3RUIvd1FGTUFNQkFmOHdIUVlEVlIwT0JCWUVGUGxHL2J6UERaOEF4alRMCk5xeGhhS1ZYbWhaTk1BMEdDU3FHU0liM0RRRUJDd1VBQTRJQ0FRQVpuK1hMRFc0bUo5WmhtSmswQnRoaGIvaFUKVmREYWJHdE5qeE9EbHFMUzMzQlVuNjI2UGxodVNQSTJBK2VkcitPYmVDYitpMHZuTHBJTzF5MTZTcEhoR3hkTQppUzUya3JhYkZzMWhnWWd2U2NISUNwditIWkovT1hva1NVQXFTR2xDUVJkcmQrVEZobHk0VzN1Ui9tOFJzQm1OClNUREJXOFlTenZZV3prTERvd1M0TjdORTM2TjVFYlk2Q2dhR0pSb0puMU5BbWRsQlJkcFRqazhHTnFHTk1uMnEKckY3WnhsNzJNL0VZV0gvam5ZOWlnODlSYmJpY3ZjMVFTRjUzSmY4M2gwWnB3Wk9kR3JlVVYzblpDbExDTHQ1dgpMRHJCQ2p6THczTzVraXo2Tk9sRGpZdkpkYUpCb2V3ODZsKy9ueEhmaWM4ZzVtZXVjTEptcVZwNXFPQ1diRDlMCjBvQjBoTGk3aFVOaUMzWjNYcjJMQ0xwd2hVQy9yMFJrOE1yMlU4QTdESGt2bkdSaHVRd082ckVVbXJCNHNtbkgKUVVIZW9CbE1UcjVWbHpLUFBTaE9vVWFIZUlEN1ZTcTIvc3hrYVFtaW9ZVCt3WitmdEJkWVV3ZFAwM004OFlMVworRW5ZQzdUVllVMHpkNXYrSy9BQ09aQ1NrOFE1aktDODVJc0NvZXlVeGQzRVkvNm16NndqMUxkdU1JNUc1c0RiCjlzRGFDb2JsaHJDOXpTQXV6d2ZpZExGWlZNRGt3OHpNSTlIM1pjMFBZUTY4THIxazJwY3pRV1ZOOTNobU4vNXYKQ0FqTDRrd1Z6ZGJMaFY5bmNqSVA4QkVNOW01a0tHcXFsRis3eEV5Ukw5YUFXK1BIY21jV0orK0tLMGp1SWtRMgpnREIvaEdYRlFzQ3EvWDZvQ1E9PQotLS0tLUVORCBDRVJUSUZJQ0FURS0tLS0tCg==\n    server: https://aks-akse-dev-dns-baveof8y.hcp.westeurope.azmk8s.io:443\n  name: aks-akse-dev\ncontexts:\n- context:\n    cluster: aks-akse-dev\n    user: clusterUser_rg-akse-dev_aks-akse-dev\n  name: aks-akse-dev\ncurrent-context: aks-akse-dev\nkind: Config\nusers:\n- name: clusterUser_rg-akse-dev_aks-akse-dev\n  user:\n    client-certificate-data: LS0tLS1CRUdJTiBDRVJUSUZJQ0FURS0tLS0tCk1JSUZIVENDQXdXZ0F3SUJBZ0lRYlhhakNuc1RCUm83VTVWSjNHRGZzekFOQmdrcWhraUc5dzBCQVFzRkFEQU4KTVFzd0NRWURWUVFERXdKallUQWVGdzB5TmpBek1qTXhNREUxTVRKYUZ3MHlPREF6TWpNeE1ESTFNVEphTURBeApGekFWQmdOVkJBb1REbk41YzNSbGJUcHRZWE4wWlhKek1SVXdFd1lEVlFRREV3eHRZWE4wWlhKamJHbGxiblF3CmdnSWlNQTBHQ1NxR1NJYjNEUUVCQVFVQUE0SUNEd0F3Z2dJS0FvSUNBUUMxSStuUlQrR1hhbnVHRlBabEVWSlIKSHBPTEtFRDlQUXJEM01VTzAzbUdVRUZJMnVla3VJVGdyeTlOdG1ERUhxdHdSdU56bXRUUCtpc3FSdzdWWU4rRwpBVHlkYjByWnZZMjNTVU8zQ1p1cVlVaWVBNS9UVndyWmZrRGR0QXYwc3lKWWlsQVJGMjdhcFZIODZOTnIzdWlSCjYzR05HSWU4OXFJc3ozSnRtMHplODh6V3ZuV2gvbnAxS0hQRlo2WlRZcFBkY01SalVYajVNWWhucUxPbFJvWlIKT2dQdjAvaWdpcTZGZlRzRkxRamxsMy9EUk9RK1NOUVVFMGpDTFpMUHFMYlQ0OGtSU1k3bitsM1l4eC9mYVdxWgpVdFVHckNjcnVtNWZ3QzN4UU5pcXFHZitLNHU1MG4yaGhzTjVEVHRjbDhFWEtnRjk1a04zZUpPTHVPNzZaRUZCCks0YzI0bmZOQ3N2a09zd0VVUmxSWHJuY1VGZ0Y1OVhvSnZWZ2JLd1UvV1VrVUtjRHJTaTRZWkNjWEdJaW5mdlAKYUdCaXM3ZzlhNnFTVHJFZlN3eW9BWkU4WXVQQzJSemxvdzNkRG4wT2J5OVV5bUdUWjF3S2NnLys0Q21Fcjc0Rgp5STJ4T1plMWFpV0taaDUyU1hVam1pOHEycjRJcDU2TWFjNG4rWmkrd3lkRTNVWHA0VXU1TEpQOStheE1WQkJmCkpLQldOYXdRZUJJbENQSjRBNXl5MjZFVXpHSmtiTDVlZVdNdGgrRXNxYUU3cWNFZUVmeWNlT3RpMCtiVnJFOWkKdWwveXJCRVVJV1pPMVo1ejA4T25OaEdRd3R2UGhabnpEN1RPM1gxTnF3bEo0bE9xV3d4UmN6MURhVjUxb3BFYgpER3RmR3JjR293ZERhUVQyekYybXR3SURBUUFCbzFZd1ZEQU9CZ05WSFE4QkFmOEVCQU1DQmFBd0V3WURWUjBsCkJBd3dDZ1lJS3dZQkJRVUhBd0l3REFZRFZSMFRBUUgvQkFJd0FEQWZCZ05WSFNNRUdEQVdnQlQ1UnYyOHp3MmYKQU1ZMHl6YXNZV2lsVjVvV1RUQU5CZ2txaGtpRzl3MEJBUXNGQUFPQ0FnRUFIOWdmQUlkTkhlK3praXptYjArRApwczgrSURmVENNWW42ZnpEcEFxTENWR3ZmczRpZWNieVV3RDBiSU4yUzRySnFoSUIyN0pBRHdidjM1MXJpOWRlCk9JVHhiT29HanN4NzZuNWhDTU1MOHRxR21ka0tYcXJYVFJ0c1BIWWczOU9lTTBrcElmMmU2YUIrMjhmOXlENlYKWDdHY1ZiY0p1eTl2MzBPQkhxNUZ4aks3S2FpbnJnUktveGtLNnRhOXZMejZPN2ljZUdEdm1BK05VS0d2V1RVZwpqcXFhL25qZnlhWHYzeVNPZWsvM2dIOC85YUp6NEVYeGd3Q1poMVh4UFFpRHBnaGhkV0tXRHdid3hWdlVUaU5qCndXNGdlaURiVUFXMTlYV1JPMnNOa3d0TGx2YVdjL29zK1BMSXJiYWFzZ0ZaWXBCRktlMmtRUjFXSFpXU3ZQamgKNGs1Z0Y0Q0x6UjJWZGkxc3BycDFxaytmc25QVjVNTUdSei9rR0F4WFV2eDZXVXo1K2RvUlFGRlhIL294TWhheApnZ0lidzh2YXVydjF5RWRVbitVa3ArVmJ3QUNzcEIwZ0hFdDVDekZVYlNtVWU5UWpzSmxXY0Q5TDVVcnBqamhJCjdhOTAvS2ZtWVpRNG5Wck1XazJWTENtMnRIOCtDOFJPdUpnL1ltN3p4aXdleHhjdEc3QXEyOVFkWGtIUXp5U2cKOTB6N2pKUEtTUjZobDFZamhoM3VuWmhaZ0syNmo3SHJXQ05QR0lDQ1FvVHdjRm9LdVYyTXhIcjMyK0JTYXpvdgpEeHB3dkxJRlpsZEVESGxTZ3BDK21yclpuMHE2SW9aWStSNTJlUWp3eVhhalBoUWo5ekozQXBVTk1aUEVTdllDCmJjdml2VHkrU1luZlR2bWNqWGQ1TTFNPQotLS0tLUVORCBDRVJUSUZJQ0FURS0tLS0tCg==\n    client-key-data: LS0tLS1CRUdJTiBSU0EgUFJJVkFURSBLRVktLS0tLQpNSUlKS1FJQkFBS0NBZ0VBdFNQcDBVL2hsMnA3aGhUMlpSRlNVUjZUaXloQS9UMEt3OXpGRHRONWhsQkJTTnJuCnBMaUU0Szh2VGJaZ3hCNnJjRWJqYzVyVXovb3JLa2NPMVdEZmhnRThuVzlLMmIyTnQwbER0d21icW1GSW5nT2YKMDFjSzJYNUEzYlFMOUxNaVdJcFFFUmR1MnFWUi9PalRhOTdva2V0eGpSaUh2UGFpTE05eWJadE0zdlBNMXI1MQpvZjU2ZFNoenhXZW1VMktUM1hERVkxRjQrVEdJWjZpenBVYUdVVG9ENzlQNG9JcXVoWDA3QlMwSTVaZC93MFRrClBralVGQk5Jd2kyU3o2aTIwK1BKRVVtTzUvcGQyTWNmMzJscW1WTFZCcXduSzdwdVg4QXQ4VURZcXFobi9pdUwKdWRKOW9ZYkRlUTA3WEpmQkZ5b0JmZVpEZDNpVGk3anUrbVJCUVN1SE51SjN6UXJMNURyTUJGRVpVVjY1M0ZCWQpCZWZWNkNiMVlHeXNGUDFsSkZDbkE2MG91R0dRbkZ4aUlwMzd6MmhnWXJPNFBXdXFrazZ4SDBzTXFBR1JQR0xqCnd0a2M1YU1OM1E1OURtOHZWTXBoazJkY0NuSVAvdUFwaEsrK0JjaU5zVG1YdFdvbGltWWVka2wxSTVvdkt0cSsKQ0tlZWpHbk9KL21ZdnNNblJOMUY2ZUZMdVN5VC9mbXNURlFRWHlTZ1ZqV3NFSGdTSlFqeWVBT2NzdHVoRk14aQpaR3krWG5sakxZZmhMS21oTzZuQkhoSDhuSGpyWXRQbTFheFBZcnBmOHF3UkZDRm1UdFdlYzlQRHB6WVJrTUxiCno0V1o4dyswenQxOVRhc0pTZUpUcWxzTVVYTTlRMmxlZGFLUkd3eHJYeHEzQnFNSFEya0U5c3hkcHJjQ0F3RUEKQVFLQ0FnQW9nTFZCaGprTklGUXFjUGwvTTlaU0tTSVlsWkdpamttZjdmZHFEME0zRXk3bDJYeStTanY3K1cvOApVbkZrcU83d2xnazV5ajhYbWZxWTQzYWZvNStYV1NOeW1IWUdKZXBRTjJPYXc5MDR4YlAxRVI1bHBTclo0dThpCkk2WWd1d1ZOQXZCUVFnc1pmS25PZ1VqMDc4elZBKzVKL0ZndG1vQTh3TTMzVUNocUdkMk5qdHpDc2lJem5DMzIKeit4UzdOSGZTOTI5ejNQYlZJWUpsNkZEclhkUEprZkhFb0NmZFNMODJqbWVPS21xbkt1R3dCckJDb3ZSU1ZhVgpoSmMxTTZaZHpxc2c0Ry9CMHl1MDB5Ri9WUlR1MzZTZWIxUDY1UjdVN2lYWHNnWkFjcE4rTThKMGRHcCsrYUV2CnFoUEI2blRVZHlJS1FyaUhPRURWbHk1b2NvNWNZY3JRSTdqM0hTV003cGRPcEpxTmNLT2Y4V0xaS1NLM0VTRkMKNGhKRk5hZUY2b05QRWZSeWNFS2RoNVhNYUQyRHZlNDZVY2plN0xwVjhGbERjLzRtcXRrQUJYY005TWZveDN6Mgo3ZUxNdkt6dTR6cUQwT1kvUUZEd3poNTI5OTc5ejlSUmRKNStOZDJsSTBCREZPcHhFd2k0TTB4RVZFTEpIaitJCk5SdlM5QjJNRmd2U0ErdTliNmdzR25YYy9naXJYY2Q3YWlBbFVEZEIwYUgvTjVVbTg2WWxTeG5OK09JTnVTakwKMW40UmVTWDVkMFVOVGdIYzdzTUoxYmRQTzFlYnpZYkNzYWZtUnJRQk16SEwxam1FTVpyWEtENENhenZ1MVRaYQpseFV0N1RqYkZJSWZJQUIrNmt1dUlWVU5UWHc0RGxUeDdIQUs2ODZqZzB1b1JtMElnUUtDQVFFQTI5S1NBWmJJCjdiYTJuNStjTHpTbnZPQkhFeDhqTWd3b2RXS2lJamhGQkJ2VjhRV1JqTjhIMVJVQzVJSGQzZTRoWUIrY2kwMXcKa1VNMjJLSU5DaHhTOE1RMGh4MXRwYlBka0N1NS9BMXV2SDJUY3haYTQ3Y2N0WXU0bjVqbGNMaWVHRmlDRVM4RwpSclByS1YwOTRub3JGQWllN0wxak5rNVVTbEMxUkJCVThqczN2Sk5aalJPMCt3Sko5NXRsRHcrZ3dLbEU5bzZkCjR0d21vSnlEbU9sVGM3K1JSdDdBSzhjek5uckRCYnNtWGhqU2paUURZWDgrRnI0MkFubXAwMjkrWEdNMHRpZTUKR1hkUVNOQ01FakprUlBaMkpqeWxZNnZVRmtVRHh5ek1weG14cW1uVHBKZHFQK2t0bHdyR2owRHJXcmZiR1lnYgpKT1Y2TzF4dUhIWFZWd0tDQVFFQTB2T2JGZ21INy8vZEkzZWs5cFVqM1NpQUp6SlhwdkRwaE1aODkwL05kWjlWCmlSVUlQUEpNdHdVNm1zckg4a3dteXNLc2d5STREY2NDWTVjR0FNTWs3OUwwaDJtaHI1RytVOWNFM3FBMnBSTGsKM3hRSWpZZnRLdUx3czg2d3JNME50SktvdzlySUFrbjd2YWY5QlJhL2FGRG9CNEFCbzF5aUxqa1pVc0pPZnFHZwppeWk2TU5SaGZmUUd4S1MwdjhrUG5jOUpId3hvTXhkcjIxTDRWbHdNMUk3THlnTE5RcTFVN0Rib08zZlJhU0xVCjEwMUY5ZTIzaVorWE90cG82Tnl4VFJFYmx5NUt2UitxbXQ0UWJORHAzSzdyTGlpSXd1T2pWdGZ6WWNtTkJ3Z20KMFJEeE1jeUR5Tks3amtlTWd0a0VPRmIxQWsxTEZ0TUNldHFLSGtGOW9RS0NBUUVBckMvQjdIcTNBdlVYRWV2TgpSSEREWDBCeWkvamM4Y3Z5T1JpOGxYOXNHQzdSbzB6UVdQOHV2R3NMN0FBSjBWaEJUbkVVaDAxdWVtcWk0SWYzCkhNOVk3SDFVQSs0NlFBeW01ZEpLaWJQZjVNZWNvdzZFdlZCbXJaSTNXTlJFRE1xZ0U4UG9oaHRHbUVWQVZCTlUKY1QxdTF1OTF4VTBJRkxiQWNjSE1hdmM4QXMzOTk3bVg4TmpaNzdBNFRqcXJxMk43Y001bVZaY2E5Mk9vNGpBWApLTVREZUt3NjJMK00yZjNjRUxXU1k3L1g2dWNZcm91ZEpsYXNSTlpUcWhhd3Z3emJkdlRDaWxpTk5mUnVyOHFqCm5YRlpkMmR5M3Jxc2RtbFc1T2JFY2RTV3JlR0RlRkFTMXg4L3U3WWozdWN5NTIxYnJhRE1mN0JNU3RkeHFtUFoKWUhPd1d3S0NBUUFQenI5dFhGTjZjWkx4cUhLTkk4bm5OYlM4dXpJRVNZTkdOdFdBZHROdm4vdjU1TUNVU0pmbApFeGc4Snp2cWRUaG04MFdZSWdWUFN2MXIxeEpWRmtwN1NqU1d2UnlubW1WSHhSSVJXTElmbHBYZC9aTlNmOEFPCithaU40TXd1ZHNNeko5WkxydVpUL1pWR3RnTG8wYmFRSzVmbmova1BjODZYWmlIMnFLYlhLR2R1WmlQbHF0U1AKYXF6aktYQjkrcVFYOEVPTGR4T0wySkoxZ2Zjb0NZZlFtYzY5bVk0bUUvVU1LbVVtcDZqaWx3Q2FEYWxUYjNmVQpjVWdVMmU4SW5Ca1JMRm9EN3kwY2xQWGsyd1VpRWxtajl0dWF2dURZc2RRNG1zQWJNTTVIbTUzRkJ0NzhHMVk0Cncwbll0SlhiN0VVN3I1QjJscklzeUswajVhSjU5L0JoQW9JQkFRRFB6aUNOc2NQSmVpUFFsajhOSm1qVXJXNlYKUFdQcVhoWVl0SFJOenBUMGNERjhRTU1VZCtyOGsvWnl2dDl5RVdPWWlxSW1uTWg3TTFSeWY0Z1pRMUdUNFV6bgp6R0djVC9HMmpVVmdHckVDUU5Kd2RLTzF3RVJVRTR6MEMrZjRDQjZDZStaZWFTMDNEUEg3Zk84T1F3VHJHaFV2CjlPVThZR2FPNG1FZFRUNXFwclRJQVRsTlI2dkR1UlBMSWlyRzN2dko5eDNZSW9zbXIza3hjWDIrTG9pTzl1dWIKREhqMC9wRVZlbDgzNUExa0pPajloUFQvQ2tSdkh5c243cE1maEw4bUE2TjE4NSs1VStQcWtHMkNxWm5xTmFhMwpxVWo0ZGFreDdIVVJqQU1UbjhDbUN1S1QzZ3BtbHRTa01YOStCcG1NM1JoanptQ3JUcnhSTTR5RElTVWoKLS0tLS1FTkQgUlNBIFBSSVZBVEUgS0VZLS0tLS0K\n    token: d5lq3z9zrkk6be59n75ntlz6tapw1b4x476d5e1hb9f9zmgspxtxtjrlawpu9phdx22gz0rl69qk03fo2ntr555afxrek51wm1yexnjsh0gwc1pq5zf4ifjiklv027u1\n",
            "kubelet_identity": [
              {
                "client_id": "8a3f6e7a-240a-4fa0-90ad-3327af43e1fe",
                "object_id": "ca763de9-f7cb-4cbe-8569-bd462ef97c87",
                "user_assigned_identity_id": "/subscriptions/46e556d2-45fc-457e-9a6e-17c25753b61c/resourceGroups/MC_rg-akse-dev_aks-akse-dev_westeurope/providers/Microsoft.ManagedIdentity/userAssignedIdentities/aks-akse-dev-agentpool"
              }
            ],
            "kubernetes_version": "1.33",
            "linux_profile": [],
            "local_account_disabled": false,
            "location": "westeurope",
            "maintenance_window": [],
            "maintenance_window_auto_upgrade": [],
            "maintenance_window_node_os": [],
            "microsoft_defender": [],
            "monitor_metrics": [],
            "name": "aks-akse-dev",
            "network_profile": [
              {
                "dns_service_ip": "10.0.0.10",
                "docker_bridge_cidr": "",
                "ebpf_data_plane": "",
                "ip_versions": [
                  "IPv4"
                ],
                "load_balancer_profile": [
                  {
                    "effective_outbound_ips": [
                      "/subscriptions/46e556d2-45fc-457e-9a6e-17c25753b61c/resourceGroups/MC_rg-akse-dev_aks-akse-dev_westeurope/providers/Microsoft.Network/publicIPAddresses/e72cf04e-2c37-4db1-aba3-cc54cab28d0b"
                    ],
                    "idle_timeout_in_minutes": 0,
                    "managed_outbound_ip_count": 1,
                    "managed_outbound_ipv6_count": 0,
                    "outbound_ip_address_ids": [],
                    "outbound_ip_prefix_ids": [],
                    "outbound_ports_allocated": 0
                  }
                ],
                "load_balancer_sku": "standard",
                "nat_gateway_profile": [],
                "network_data_plane": "azure",
                "network_mode": "",
                "network_plugin": "azure",
                "network_plugin_mode": "overlay",
                "network_policy": "",
                "outbound_ip_address_ids": [],
                "outbound_ip_prefix_ids": [],
                "outbound_type": "loadBalancer",
                "pod_cidr": "10.244.0.0/16",
                "pod_cidrs": [
                  "10.244.0.0/16"
                ],
                "service_cidr": "10.0.0.0/16",
                "service_cidrs": [
                  "10.0.0.0/16"
                ]
              }
            ],
            "node_os_channel_upgrade": null,
            "node_resource_group": "MC_rg-akse-dev_aks-akse-dev_westeurope",
            "node_resource_group_id": "/subscriptions/46e556d2-45fc-457e-9a6e-17c25753b61c/resourceGroups/MC_rg-akse-dev_aks-akse-dev_westeurope",
            "oidc_issuer_enabled": true,
            "oidc_issuer_url": "https://westeurope.oic.prod-aks.azure.com/fe73884d-8d6f-4d22-94ac-b1d52fd5495f/5bca2183-dc09-457f-a5d9-eb4e666f57eb/",
            "oms_agent": [],
            "open_service_mesh_enabled": null,
            "portal_fqdn": "aks-akse-dev-dns-baveof8y.portal.hcp.westeurope.azmk8s.io",
            "private_cluster_enabled": false,
            "private_cluster_public_fqdn_enabled": false,
            "private_dns_zone_id": "",
            "private_fqdn": "",
            "public_network_access_enabled": true,
            "resource_group_name": "rg-akse-dev",
            "role_based_access_control_enabled": true,
            "run_command_enabled": true,
            "service_mesh_profile": [],
            "service_principal": [],
            "sku_tier": "Standard",
            "storage_profile": [],
            "support_plan": "KubernetesOfficial",
            "tags": null,
            "timeouts": null,
            "web_app_routing": [],
            "windows_profile": [],
            "workload_autoscaler_profile": [],
            "workload_identity_enabled": true
          },
          "sensitive_attributes": [
            [
              {
                "type": "get_attr",
                "value": "kube_admin_config"
              }
            ],
            [
              {
                "type": "get_attr",
                "value": "kube_admin_config_raw"
              }
            ],
            [
              {
                "type": "get_attr",
                "value": "kube_config"
              }
            ],
            [
              {
                "type": "get_attr",
                "value": "kube_config_raw"
              }
            ]
          ],
          "identity_schema_version": 0,
          "private": "eyJlMmJmYjczMC1lY2FhLTExZTYtOGY4OC0zNDM2M2JjN2M0YzAiOnsiY3JlYXRlIjo1NDAwMDAwMDAwMDAwLCJkZWxldGUiOjU0MDAwMDAwMDAwMDAsInJlYWQiOjMwMDAwMDAwMDAwMCwidXBkYXRlIjo1NDAwMDAwMDAwMDAwfSwic2NoZW1hX3ZlcnNpb24iOiIyIn0=",
          "dependencies": [
            "module.rg.azurerm_resource_group.rg"
          ]
        }
      ]
    },
    {
      "module": "module.kv",
      "mode": "managed",
      "type": "azurerm_key_vault",
      "name": "kv",
      "provider": "provider[\"registry.terraform.io/hashicorp/azurerm\"]",
      "instances": [
        {
          "schema_version": 2,
          "attributes": {
            "access_policy": [
              {
                "application_id": "",
                "certificate_permissions": [],
                "key_permissions": [],
                "object_id": "36323ce2-ce35-4810-b156-73506334a18f",
                "secret_permissions": [
                  "Delete",
                  "Set",
                  "List",
                  "Get"
                ],
                "storage_permissions": [],
                "tenant_id": "fe73884d-8d6f-4d22-94ac-b1d52fd5495f"
              }
            ],
            "contact": [],
            "enable_rbac_authorization": true,
            "enabled_for_deployment": false,
            "enabled_for_disk_encryption": false,
            "enabled_for_template_deployment": false,
            "id": "/subscriptions/46e556d2-45fc-457e-9a6e-17c25753b61c/resourceGroups/rg-akse-dev/providers/Microsoft.KeyVault/vaults/kv-akse-dev",
            "location": "westeurope",
            "name": "kv-akse-dev",
            "network_acls": [
              {
                "bypass": "AzureServices",
                "default_action": "Allow",
                "ip_rules": [],
                "virtual_network_subnet_ids": []
              }
            ],
            "public_network_access_enabled": true,
            "purge_protection_enabled": true,
            "resource_group_name": "rg-akse-dev",
            "sku_name": "standard",
            "soft_delete_retention_days": 30,
            "tags": null,
            "tenant_id": "fe73884d-8d6f-4d22-94ac-b1d52fd5495f",
            "timeouts": null,
            "vault_uri": "https://kv-akse-dev.vault.azure.net/"
          },
          "sensitive_attributes": [],
          "identity_schema_version": 0,
          "private": "eyJlMmJmYjczMC1lY2FhLTExZTYtOGY4OC0zNDM2M2JjN2M0YzAiOnsiY3JlYXRlIjoxODAwMDAwMDAwMDAwLCJkZWxldGUiOjE4MDAwMDAwMDAwMDAsInJlYWQiOjMwMDAwMDAwMDAwMCwidXBkYXRlIjoxODAwMDAwMDAwMDAwfSwic2NoZW1hX3ZlcnNpb24iOiIyIn0=",
          "dependencies": [
            "data.azurerm_client_config.current",
            "module.rg.azurerm_resource_group.rg"
          ]
        }
      ]
    },
    {
      "module": "module.rg",
      "mode": "managed",
      "type": "azurerm_resource_group",
      "name": "rg",
      "provider": "provider[\"registry.terraform.io/hashicorp/azurerm\"]",
      "instances": [
        {
          "schema_version": 0,
          "attributes": {
            "id": "/subscriptions/46e556d2-45fc-457e-9a6e-17c25753b61c/resourceGroups/rg-akse-dev",
            "location": "westeurope",
            "managed_by": "",
            "name": "rg-akse-dev",
            "tags": null,
            "timeouts": null
          },
          "sensitive_attributes": [],
          "identity_schema_version": 0,
          "private": "eyJlMmJmYjczMC1lY2FhLTExZTYtOGY4OC0zNDM2M2JjN2M0YzAiOnsiY3JlYXRlIjo1NDAwMDAwMDAwMDAwLCJkZWxldGUiOjU0MDAwMDAwMDAwMDAsInJlYWQiOjMwMDAwMDAwMDAwMCwidXBkYXRlIjo1NDAwMDAwMDAwMDAwfX0="
        }
      ]
    }
  ],
  "check_results": null
}
