{
  "version": 4,
  "terraform_version": "1.14.7",
  "serial": 559,
  "lineage": "434a0b2a-d14d-f34e-c04a-05a3ff5de3a5",
  "outputs": {},
  "resources": [
    {
      "mode": "data",
      "type": "azurerm_client_config",
      "name": "current",
      "provider": "provider[\"registry.terraform.io/hashicorp/azurerm\"]",
      "instances": [
        {
          "schema_version": 0,
          "attributes": {
            "client_id": "04b07795-8ddb-461a-bbee-02f9e1bf7b46",
            "id": "Y2xpZW50Q29uZmlncy9jbGllbnRJZD0wNGIwNzc5NS04ZGRiLTQ2MWEtYmJlZS0wMmY5ZTFiZjdiNDY7b2JqZWN0SWQ9MzYzMjNjZTItY2UzNS00ODEwLWIxNTYtNzM1MDYzMzRhMThmO3N1YnNjcmlwdGlvbklkPTQ2ZTU1NmQyLTQ1ZmMtNDU3ZS05YTZlLTE3YzI1NzUzYjYxYzt0ZW5hbnRJZD1mZTczODg0ZC04ZDZmLTRkMjItOTRhYy1iMWQ1MmZkNTQ5NWY=",
            "object_id": "36323ce2-ce35-4810-b156-73506334a18f",
            "subscription_id": "46e556d2-45fc-457e-9a6e-17c25753b61c",
            "tenant_id": "fe73884d-8d6f-4d22-94ac-b1d52fd5495f",
            "timeouts": null
          },
          "sensitive_attributes": [],
          "identity_schema_version": 0
        }
      ]
    },
    {
      "mode": "managed",
      "type": "azurerm_federated_identity_credential",
      "name": "eso",
      "provider": "provider[\"registry.terraform.io/hashicorp/azurerm\"]",
      "instances": [
        {
          "schema_version": 0,
          "attributes": {
            "audience": [
              "api://AzureADTokenExchange"
            ],
            "id": "/subscriptions/46e556d2-45fc-457e-9a6e-17c25753b61c/resourceGroups/rg-akse-dev/providers/Microsoft.ManagedIdentity/userAssignedIdentities/identity/federatedIdentityCredentials/eso-wi",
            "issuer": "https://westeurope.oic.prod-aks.azure.com/fe73884d-8d6f-4d22-94ac-b1d52fd5495f/512bec89-8c96-48e1-bf89-70473036992d/",
            "name": "eso-wi",
            "parent_id": "/subscriptions/46e556d2-45fc-457e-9a6e-17c25753b61c/resourceGroups/rg-akse-dev/providers/Microsoft.ManagedIdentity/userAssignedIdentities/identity",
            "resource_group_name": "rg-akse-dev",
            "subject": "system:serviceaccount:default:eso-akv-sa",
            "timeouts": null
          },
          "sensitive_attributes": [],
          "identity_schema_version": 0,
          "private": "eyJlMmJmYjczMC1lY2FhLTExZTYtOGY4OC0zNDM2M2JjN2M0YzAiOnsiY3JlYXRlIjoxODAwMDAwMDAwMDAwLCJkZWxldGUiOjE4MDAwMDAwMDAwMDAsInJlYWQiOjMwMDAwMDAwMDAwMCwidXBkYXRlIjoxODAwMDAwMDAwMDAwfX0=",
          "dependencies": [
            "azurerm_user_assigned_identity.identity",
            "kubernetes_service_account.eso_akv_sa",
            "module.aks.azurerm_kubernetes_cluster.aks",
            "module.rg.azurerm_resource_group.rg"
          ]
        }
      ]
    },
    {
      "mode": "managed",
      "type": "azurerm_role_assignment",
      "name": "aks_acr_pull",
      "provider": "provider[\"registry.terraform.io/hashicorp/azurerm\"]",
      "instances": [
        {
          "schema_version": 0,
          "attributes": {
            "condition": "",
            "condition_version": "",
            "delegated_managed_identity_resource_id": "",
            "description": "",
            "id": "/subscriptions/46e556d2-45fc-457e-9a6e-17c25753b61c/resourceGroups/rg-akse-dev/providers/Microsoft.ContainerRegistry/registries/aksecrdev/providers/Microsoft.Authorization/roleAssignments/e5b447cb-0344-30c4-b67d-b48e253dd7e4",
            "name": "e5b447cb-0344-30c4-b67d-b48e253dd7e4",
            "principal_id": "aa6f4cc5-bf43-497c-90e3-4c2723429376",
            "principal_type": "ServicePrincipal",
            "role_definition_id": "/subscriptions/46e556d2-45fc-457e-9a6e-17c25753b61c/providers/Microsoft.Authorization/roleDefinitions/7f951dda-4ed3-4680-a7ca-43fe172d538d",
            "role_definition_name": "AcrPull",
            "scope": "/subscriptions/46e556d2-45fc-457e-9a6e-17c25753b61c/resourceGroups/rg-akse-dev/providers/Microsoft.ContainerRegistry/registries/aksecrdev",
            "skip_service_principal_aad_check": null,
            "timeouts": null
          },
          "sensitive_attributes": [],
          "identity_schema_version": 0,
          "private": "eyJlMmJmYjczMC1lY2FhLTExZTYtOGY4OC0zNDM2M2JjN2M0YzAiOnsiY3JlYXRlIjoxODAwMDAwMDAwMDAwLCJkZWxldGUiOjE4MDAwMDAwMDAwMDAsInJlYWQiOjMwMDAwMDAwMDAwMH19",
          "dependencies": [
            "module.acr.azurerm_container_registry.acr",
            "module.aks.azurerm_kubernetes_cluster.aks",
            "module.rg.azurerm_resource_group.rg"
          ]
        }
      ]
    },
    {
      "mode": "managed",
      "type": "azurerm_role_assignment",
      "name": "kv_secrets",
      "provider": "provider[\"registry.terraform.io/hashicorp/azurerm\"]",
      "instances": [
        {
          "schema_version": 0,
          "attributes": {
            "condition": "",
            "condition_version": "",
            "delegated_managed_identity_resource_id": "",
            "description": "",
            "id": "/subscriptions/46e556d2-45fc-457e-9a6e-17c25753b61c/resourceGroups/rg-akse-dev/providers/Microsoft.KeyVault/vaults/kv-akse-dev/providers/Microsoft.Authorization/roleAssignments/02707b8d-d78a-b89b-a9cb-6ec64beaf170",
            "name": "02707b8d-d78a-b89b-a9cb-6ec64beaf170",
            "principal_id": "dda36f57-aba1-4e51-8ee2-4bb9a52d86ba",
            "principal_type": "ServicePrincipal",
            "role_definition_id": "/subscriptions/46e556d2-45fc-457e-9a6e-17c25753b61c/providers/Microsoft.Authorization/roleDefinitions/4633458b-17de-408a-b874-0445c86b69e6",
            "role_definition_name": "Key Vault Secrets User",
            "scope": "/subscriptions/46e556d2-45fc-457e-9a6e-17c25753b61c/resourceGroups/rg-akse-dev/providers/Microsoft.KeyVault/vaults/kv-akse-dev",
            "skip_service_principal_aad_check": null,
            "timeouts": null
          },
          "sensitive_attributes": [],
          "identity_schema_version": 0,
          "private": "eyJlMmJmYjczMC1lY2FhLTExZTYtOGY4OC0zNDM2M2JjN2M0YzAiOnsiY3JlYXRlIjoxODAwMDAwMDAwMDAwLCJkZWxldGUiOjE4MDAwMDAwMDAwMDAsInJlYWQiOjMwMDAwMDAwMDAwMH19",
          "dependencies": [
            "azurerm_user_assigned_identity.identity",
            "data.azurerm_client_config.current",
            "module.kv.azurerm_key_vault.kv",
            "module.rg.azurerm_resource_group.rg"
          ]
        }
      ]
    },
    {
      "mode": "managed",
      "type": "azurerm_user_assigned_identity",
      "name": "identity",
      "provider": "provider[\"registry.terraform.io/hashicorp/azurerm\"]",
      "instances": [
        {
          "schema_version": 1,
          "attributes": {
            "client_id": "b6d8185f-cd1a-4084-a2a0-ce7ec2080c13",
            "id": "/subscriptions/46e556d2-45fc-457e-9a6e-17c25753b61c/resourceGroups/rg-akse-dev/providers/Microsoft.ManagedIdentity/userAssignedIdentities/identity",
            "location": "westeurope",
            "name": "identity",
            "principal_id": "dda36f57-aba1-4e51-8ee2-4bb9a52d86ba",
            "resource_group_name": "rg-akse-dev",
            "tags": null,
            "tenant_id": "fe73884d-8d6f-4d22-94ac-b1d52fd5495f",
            "timeouts": null
          },
          "sensitive_attributes": [],
          "identity_schema_version": 0,
          "private": "eyJlMmJmYjczMC1lY2FhLTExZTYtOGY4OC0zNDM2M2JjN2M0YzAiOnsiY3JlYXRlIjoxODAwMDAwMDAwMDAwLCJkZWxldGUiOjE4MDAwMDAwMDAwMDAsInJlYWQiOjMwMDAwMDAwMDAwMCwidXBkYXRlIjoxODAwMDAwMDAwMDAwfSwic2NoZW1hX3ZlcnNpb24iOiIxIn0=",
          "dependencies": [
            "module.rg.azurerm_resource_group.rg"
          ]
        }
      ]
    },
    {
      "mode": "managed",
      "type": "helm_release",
      "name": "external_secrets_operator",
      "provider": "provider[\"registry.terraform.io/hashicorp/helm\"]",
      "instances": [
        {
          "schema_version": 1,
          "attributes": {
            "atomic": false,
            "chart": "external-secrets",
            "cleanup_on_fail": false,
            "create_namespace": false,
            "dependency_update": false,
            "description": null,
            "devel": null,
            "disable_crd_hooks": false,
            "disable_openapi_validation": false,
            "disable_webhooks": false,
            "force_update": false,
            "id": "external-secrets-operator",
            "keyring": null,
            "lint": false,
            "manifest": null,
            "max_history": 0,
            "metadata": [
              {
                "app_version": "v0.15.1",
                "chart": "external-secrets",
                "first_deployed": 1774265208,
                "last_deployed": 1774265208,
                "name": "external-secrets-operator",
                "namespace": "default",
                "notes": "external-secrets has been deployed successfully in namespace default!\n\nIn order to begin using ExternalSecrets, you will need to set up a SecretStore\nor ClusterSecretStore resource (for example, by creating a 'vault' SecretStore).\n\nMore information on the different types of SecretStores and how to configure them\ncan be found in our Github: https://github.com/external-secrets/external-secrets\n",
                "revision": 1,
                "values": "{\"serviceAccount\":{\"create\":false,\"name\":\"eso-akv-sa\"}}",
                "version": "0.15.1"
              }
            ],
            "name": "external-secrets-operator",
            "namespace": "default",
            "pass_credentials": false,
            "postrender": [],
            "recreate_pods": false,
            "render_subchart_notes": true,
            "replace": false,
            "repository": "https://charts.external-secrets.io",
            "repository_ca_file": null,
            "repository_cert_file": null,
            "repository_key_file": null,
            "repository_password": null,
            "repository_username": null,
            "reset_values": false,
            "reuse_values": false,
            "set": [],
            "set_list": [],
            "set_sensitive": [],
            "skip_crds": false,
            "status": "deployed",
            "timeout": 300,
            "upgrade_install": null,
            "values": [
              "\"serviceAccount\":\n  \"create\": false\n  \"name\": \"eso-akv-sa\"\n"
            ],
            "verify": false,
            "version": "0.15.1",
            "wait": true,
            "wait_for_jobs": false
          },
          "sensitive_attributes": [
            [
              {
                "type": "get_attr",
                "value": "repository_password"
              }
            ]
          ],
          "identity_schema_version": 0,
          "private": "eyJzY2hlbWFfdmVyc2lvbiI6IjEifQ==",
          "dependencies": [
            "azurerm_role_assignment.kv_secrets",
            "azurerm_user_assigned_identity.identity",
            "data.azurerm_client_config.current",
            "kubernetes_service_account.eso_akv_sa",
            "module.aks.azurerm_kubernetes_cluster.aks",
            "module.kv.azurerm_key_vault.kv",
            "module.rg.azurerm_resource_group.rg"
          ]
        }
      ]
    },
    {
      "mode": "managed",
      "type": "helm_release",
      "name": "ingress_nginx",
      "provider": "provider[\"registry.terraform.io/hashicorp/helm\"]",
      "instances": [
        {
          "schema_version": 1,
          "attributes": {
            "atomic": false,
            "chart": "ingress-nginx",
            "cleanup_on_fail": false,
            "create_namespace": true,
            "dependency_update": false,
            "description": null,
            "devel": null,
            "disable_crd_hooks": false,
            "disable_openapi_validation": false,
            "disable_webhooks": false,
            "force_update": false,
            "id": "ingress-nginx",
            "keyring": null,
            "lint": false,
            "manifest": null,
            "max_history": 0,
            "metadata": [
              {
                "app_version": "1.12.2",
                "chart": "ingress-nginx",
                "first_deployed": 1774265208,
                "last_deployed": 1774265208,
                "name": "ingress-nginx",
                "namespace": "ingress-nginx",
                "notes": "The ingress-nginx controller has been installed.\nIt may take a few minutes for the load balancer IP to be available.\nYou can watch the status by running 'kubectl get service --namespace ingress-nginx ingress-nginx-controller --output wide --watch'\n\nAn example Ingress that makes use of the controller:\n  apiVersion: networking.k8s.io/v1\n  kind: Ingress\n  metadata:\n    name: example\n    namespace: foo\n  spec:\n    ingressClassName: nginx\n    rules:\n      - host: www.example.com\n        http:\n          paths:\n            - pathType: Prefix\n              backend:\n                service:\n                  name: exampleService\n                  port:\n                    number: 80\n              path: /\n    # This section is only required if TLS is to be enabled for the Ingress\n    tls:\n      - hosts:\n        - www.example.com\n        secretName: example-tls\n\nIf TLS is enabled for the Ingress, a Secret containing the certificate and key must also be provided:\n\n  apiVersion: v1\n  kind: Secret\n  metadata:\n    name: example-tls\n    namespace: foo\n  data:\n    tls.crt: \u003cbase64 encoded cert\u003e\n    tls.key: \u003cbase64 encoded key\u003e\n  type: kubernetes.io/tls\n",
                "revision": 1,
                "values": "{\"controller\":{\"service\":{\"type\":\"LoadBalancer\"}}}",
                "version": "4.12.2"
              }
            ],
            "name": "ingress-nginx",
            "namespace": "ingress-nginx",
            "pass_credentials": false,
            "postrender": [],
            "recreate_pods": false,
            "render_subchart_notes": true,
            "replace": false,
            "repository": "https://kubernetes.github.io/ingress-nginx",
            "repository_ca_file": null,
            "repository_cert_file": null,
            "repository_key_file": null,
            "repository_password": null,
            "repository_username": null,
            "reset_values": false,
            "reuse_values": false,
            "set": [
              {
                "name": "controller.service.type",
                "type": "",
                "value": "LoadBalancer"
              }
            ],
            "set_list": [],
            "set_sensitive": [],
            "skip_crds": false,
            "status": "deployed",
            "timeout": 300,
            "upgrade_install": null,
            "values": null,
            "verify": false,
            "version": "4.12.2",
            "wait": true,
            "wait_for_jobs": false
          },
          "sensitive_attributes": [
            [
              {
                "type": "get_attr",
                "value": "repository_password"
              }
            ]
          ],
          "identity_schema_version": 0,
          "private": "eyJzY2hlbWFfdmVyc2lvbiI6IjEifQ==",
          "dependencies": [
            "module.aks.azurerm_kubernetes_cluster.aks",
            "module.rg.azurerm_resource_group.rg"
          ]
        }
      ]
    },
    {
      "mode": "managed",
      "type": "helm_release",
      "name": "postgres",
      "provider": "provider[\"registry.terraform.io/hashicorp/helm\"]",
      "instances": []
    },
    {
      "mode": "managed",
      "type": "helm_release",
      "name": "postgres_secret",
      "provider": "provider[\"registry.terraform.io/hashicorp/helm\"]",
      "instances": [
        {
          "schema_version": 1,
          "attributes": {
            "atomic": false,
            "chart": "../helm/external-secret",
            "cleanup_on_fail": false,
            "create_namespace": false,
            "dependency_update": false,
            "description": null,
            "devel": null,
            "disable_crd_hooks": false,
            "disable_openapi_validation": true,
            "disable_webhooks": false,
            "force_update": false,
            "id": "postgres-secret",
            "keyring": null,
            "lint": false,
            "manifest": null,
            "max_history": 0,
            "metadata": [
              {
                "app_version": "",
                "chart": "external-secret",
                "first_deployed": 1774265317,
                "last_deployed": 1774265317,
                "name": "postgres-secret",
                "namespace": "default",
                "notes": "",
                "revision": 1,
                "values": "{\"data\":[{\"remoteRef\":{\"key\":\"postgres-password\"},\"secretKey\":\"password\"}],\"name\":\"postgres-secret\",\"secretStoreName\":\"secret-store\"}",
                "version": "0.1.0"
              }
            ],
            "name": "postgres-secret",
            "namespace": "default",
            "pass_credentials": false,
            "postrender": [],
            "recreate_pods": false,
            "render_subchart_notes": true,
            "replace": false,
            "repository": null,
            "repository_ca_file": null,
            "repository_cert_file": null,
            "repository_key_file": null,
            "repository_password": null,
            "repository_username": null,
            "reset_values": false,
            "reuse_values": false,
            "set": [],
            "set_list": [],
            "set_sensitive": [],
            "skip_crds": false,
            "status": "deployed",
            "timeout": 300,
            "upgrade_install": null,
            "values": [
              "\"data\":\n- \"remoteRef\":\n    \"key\": \"postgres-password\"\n  \"secretKey\": \"password\"\n\"name\": \"postgres-secret\"\n\"secretStoreName\": \"secret-store\"\n"
            ],
            "verify": false,
            "version": "0.1.0",
            "wait": true,
            "wait_for_jobs": false
          },
          "sensitive_attributes": [
            [
              {
                "type": "get_attr",
                "value": "repository_password"
              }
            ]
          ],
          "identity_schema_version": 0,
          "private": "eyJzY2hlbWFfdmVyc2lvbiI6IjEifQ==",
          "dependencies": [
            "azurerm_role_assignment.kv_secrets",
            "azurerm_user_assigned_identity.identity",
            "data.azurerm_client_config.current",
            "helm_release.external_secrets_operator",
            "helm_release.secret_store",
            "kubernetes_service_account.eso_akv_sa",
            "module.aks.azurerm_kubernetes_cluster.aks",
            "module.kv.azurerm_key_vault.kv",
            "module.rg.azurerm_resource_group.rg"
          ]
        }
      ]
    },
    {
      "mode": "managed",
      "type": "helm_release",
      "name": "rabbitmq_secret",
      "provider": "provider[\"registry.terraform.io/hashicorp/helm\"]",
      "instances": [
        {
          "schema_version": 1,
          "attributes": {
            "atomic": false,
            "chart": "../helm/external-secret",
            "cleanup_on_fail": false,
            "create_namespace": false,
            "dependency_update": false,
            "description": null,
            "devel": null,
            "disable_crd_hooks": false,
            "disable_openapi_validation": true,
            "disable_webhooks": false,
            "force_update": false,
            "id": "rabbitmq-secret",
            "keyring": null,
            "lint": false,
            "manifest": null,
            "max_history": 0,
            "metadata": [
              {
                "app_version": "",
                "chart": "external-secret",
                "first_deployed": 1774265317,
                "last_deployed": 1774265317,
                "name": "rabbitmq-secret",
                "namespace": "default",
                "notes": "",
                "revision": 1,
                "values": "{\"data\":[{\"remoteRef\":{\"key\":\"rabbitmq-password\"},\"secretKey\":\"password\"},{\"remoteRef\":{\"key\":\"rabbitmq-cookie\"},\"secretKey\":\"cookie\"}],\"name\":\"rabbitmq-secret\",\"secretStoreName\":\"secret-store\"}",
                "version": "0.1.0"
              }
            ],
            "name": "rabbitmq-secret",
            "namespace": "default",
            "pass_credentials": false,
            "postrender": [],
            "recreate_pods": false,
            "render_subchart_notes": true,
            "replace": false,
            "repository": null,
            "repository_ca_file": null,
            "repository_cert_file": null,
            "repository_key_file": null,
            "repository_password": null,
            "repository_username": null,
            "reset_values": false,
            "reuse_values": false,
            "set": [],
            "set_list": [],
            "set_sensitive": [],
            "skip_crds": false,
            "status": "deployed",
            "timeout": 300,
            "upgrade_install": null,
            "values": [
              "\"data\":\n- \"remoteRef\":\n    \"key\": \"rabbitmq-password\"\n  \"secretKey\": \"password\"\n- \"remoteRef\":\n    \"key\": \"rabbitmq-cookie\"\n  \"secretKey\": \"cookie\"\n\"name\": \"rabbitmq-secret\"\n\"secretStoreName\": \"secret-store\"\n"
            ],
            "verify": false,
            "version": "0.1.0",
            "wait": true,
            "wait_for_jobs": false
          },
          "sensitive_attributes": [
            [
              {
                "type": "get_attr",
                "value": "repository_password"
              }
            ]
          ],
          "identity_schema_version": 0,
          "private": "eyJzY2hlbWFfdmVyc2lvbiI6IjEifQ==",
          "dependencies": [
            "azurerm_role_assignment.kv_secrets",
            "azurerm_user_assigned_identity.identity",
            "data.azurerm_client_config.current",
            "helm_release.external_secrets_operator",
            "helm_release.secret_store",
            "kubernetes_service_account.eso_akv_sa",
            "module.aks.azurerm_kubernetes_cluster.aks",
            "module.kv.azurerm_key_vault.kv",
            "module.rg.azurerm_resource_group.rg"
          ]
        }
      ]
    },
    {
      "mode": "managed",
      "type": "helm_release",
      "name": "secret_store",
      "provider": "provider[\"registry.terraform.io/hashicorp/helm\"]",
      "instances": [
        {
          "schema_version": 1,
          "attributes": {
            "atomic": false,
            "chart": "../helm/secret-store",
            "cleanup_on_fail": false,
            "create_namespace": false,
            "dependency_update": false,
            "description": null,
            "devel": null,
            "disable_crd_hooks": false,
            "disable_openapi_validation": true,
            "disable_webhooks": false,
            "force_update": false,
            "id": "secret-store",
            "keyring": null,
            "lint": false,
            "manifest": null,
            "max_history": 0,
            "metadata": [
              {
                "app_version": "",
                "chart": "secret-store",
                "first_deployed": 1774265317,
                "last_deployed": 1774265317,
                "name": "secret-store",
                "namespace": "default",
                "notes": "",
                "revision": 1,
                "values": "{\"serviceAccountName\":\"eso-akv-sa\",\"vaultUrl\":\"https://kv-akse-dev.vault.azure.net/\"}",
                "version": "0.1.0"
              }
            ],
            "name": "secret-store",
            "namespace": "default",
            "pass_credentials": false,
            "postrender": [],
            "recreate_pods": false,
            "render_subchart_notes": true,
            "replace": false,
            "repository": null,
            "repository_ca_file": null,
            "repository_cert_file": null,
            "repository_key_file": null,
            "repository_password": null,
            "repository_username": null,
            "reset_values": false,
            "reuse_values": false,
            "set": [],
            "set_list": [],
            "set_sensitive": [],
            "skip_crds": false,
            "status": "deployed",
            "timeout": 300,
            "upgrade_install": null,
            "values": [
              "\"serviceAccountName\": \"eso-akv-sa\"\n\"vaultUrl\": \"https://kv-akse-dev.vault.azure.net/\"\n"
            ],
            "verify": false,
            "version": "0.1.0",
            "wait": true,
            "wait_for_jobs": false
          },
          "sensitive_attributes": [
            [
              {
                "type": "get_attr",
                "value": "repository_password"
              }
            ]
          ],
          "identity_schema_version": 0,
          "private": "eyJzY2hlbWFfdmVyc2lvbiI6IjEifQ==",
          "dependencies": [
            "azurerm_role_assignment.kv_secrets",
            "azurerm_user_assigned_identity.identity",
            "data.azurerm_client_config.current",
            "helm_release.external_secrets_operator",
            "kubernetes_service_account.eso_akv_sa",
            "module.aks.azurerm_kubernetes_cluster.aks",
            "module.kv.azurerm_key_vault.kv",
            "module.rg.azurerm_resource_group.rg"
          ]
        }
      ]
    },
    {
      "mode": "managed",
      "type": "kubernetes_service_account",
      "name": "eso_akv_sa",
      "provider": "provider[\"registry.terraform.io/hashicorp/kubernetes\"]",
      "instances": [
        {
          "schema_version": 0,
          "attributes": {
            "automount_service_account_token": true,
            "default_secret_name": "",
            "id": "default/eso-akv-sa",
            "image_pull_secret": [],
            "metadata": [
              {
                "annotations": {
                  "azure.workload.identity/client-id": "b6d8185f-cd1a-4084-a2a0-ce7ec2080c13",
                  "azure.workload.identity/tenant-id": "fe73884d-8d6f-4d22-94ac-b1d52fd5495f"
                },
                "generate_name": "",
                "generation": 0,
                "labels": {
                  "azure.workload.identity/use": "true"
                },
                "name": "eso-akv-sa",
                "namespace": "default",
                "resource_version": "1692",
                "uid": "6a991a68-05a0-4403-b7b3-78b70dd943b4"
              }
            ],
            "secret": [],
            "timeouts": null
          },
          "sensitive_attributes": [],
          "identity_schema_version": 1,
          "identity": {
            "api_version": "v1",
            "kind": "ServiceAccount",
            "name": "eso-akv-sa",
            "namespace": "default"
          },
          "private": "eyJlMmJmYjczMC1lY2FhLTExZTYtOGY4OC0zNDM2M2JjN2M0YzAiOnsiY3JlYXRlIjozMDAwMDAwMDAwMH19",
          "dependencies": [
            "azurerm_user_assigned_identity.identity",
            "module.aks.azurerm_kubernetes_cluster.aks",
            "module.rg.azurerm_resource_group.rg"
          ]
        }
      ]
    },
    {
      "module": "module.acr",
      "mode": "managed",
      "type": "azurerm_container_registry",
      "name": "acr",
      "provider": "provider[\"registry.terraform.io/hashicorp/azurerm\"]",
      "instances": [
        {
          "schema_version": 2,
          "attributes": {
            "admin_enabled": false,
            "admin_password": "",
            "admin_username": "",
            "anonymous_pull_enabled": false,
            "data_endpoint_enabled": false,
            "encryption": [
              {
                "enabled": false,
                "identity_client_id": "",
                "key_vault_key_id": ""
              }
            ],
            "export_policy_enabled": true,
            "georeplications": [],
            "id": "/subscriptions/46e556d2-45fc-457e-9a6e-17c25753b61c/resourceGroups/rg-akse-dev/providers/Microsoft.ContainerRegistry/registries/aksecrdev",
            "identity": [],
            "location": "westeurope",
            "login_server": "aksecrdev.azurecr.io",
            "name": "aksecrdev",
            "network_rule_bypass_option": "AzureServices",
            "network_rule_set": [],
            "public_network_access_enabled": true,
            "quarantine_policy_enabled": false,
            "resource_group_name": "rg-akse-dev",
            "retention_policy": [
              {
                "days": 7,
                "enabled": false
              }
            ],
            "sku": "Basic",
            "tags": null,
            "timeouts": null,
            "trust_policy": [
              {
                "enabled": false
              }
            ],
            "zone_redundancy_enabled": false
          },
          "sensitive_attributes": [
            [
              {
                "type": "get_attr",
                "value": "admin_password"
              }
            ]
          ],
          "identity_schema_version": 0,
          "private": "eyJlMmJmYjczMC1lY2FhLTExZTYtOGY4OC0zNDM2M2JjN2M0YzAiOnsiY3JlYXRlIjoxODAwMDAwMDAwMDAwLCJkZWxldGUiOjE4MDAwMDAwMDAwMDAsInJlYWQiOjMwMDAwMDAwMDAwMCwidXBkYXRlIjoxODAwMDAwMDAwMDAwfSwic2NoZW1hX3ZlcnNpb24iOiIyIn0=",
          "dependencies": [
            "module.rg.azurerm_resource_group.rg"
          ]
        }
      ]
    },
    {
      "module": "module.aks",
      "mode": "managed",
      "type": "azurerm_kubernetes_cluster",
      "name": "aks",
      "provider": "provider[\"registry.terraform.io/hashicorp/azurerm\"]",
      "instances": [
        {
          "schema_version": 2,
          "attributes": {
            "aci_connector_linux": [],
            "api_server_access_profile": [],
            "api_server_authorized_ip_ranges": [],
            "auto_scaler_profile": [],
            "automatic_channel_upgrade": "",
            "azure_active_directory_role_based_access_control": [],
            "azure_policy_enabled": null,
            "confidential_computing": [],
            "cost_analysis_enabled": false,
            "current_kubernetes_version": "1.33.7",
            "custom_ca_trust_certificates_base64": null,
            "default_node_pool": [
              {
                "capacity_reservation_group_id": "",
                "custom_ca_trust_enabled": false,
                "enable_auto_scaling": false,
                "enable_host_encryption": false,
                "enable_node_public_ip": false,
                "fips_enabled": false,
                "gpu_instance": "",
                "host_group_id": "",
                "kubelet_config": [],
                "kubelet_disk_type": "OS",
                "linux_os_config": [],
                "max_count": 0,
                "max_pods": 250,
                "message_of_the_day": "",
                "min_count": 0,
                "name": "agentpool",
                "node_count": 1,
                "node_labels": {},
                "node_network_profile": [],
                "node_public_ip_prefix_id": "",
                "node_taints": null,
                "only_critical_addons_enabled": false,
                "orchestrator_version": "1.33",
                "os_disk_size_gb": 128,
                "os_disk_type": "Managed",
                "os_sku": "Ubuntu",
                "pod_subnet_id": "",
                "proximity_placement_group_id": "",
                "scale_down_mode": "Delete",
                "snapshot_id": "",
                "tags": null,
                "temporary_name_for_rotation": "",
                "type": "VirtualMachineScaleSets",
                "ultra_ssd_enabled": false,
                "upgrade_settings": [
                  {
                    "drain_timeout_in_minutes": 0,
                    "max_surge": "10%",
                    "node_soak_duration_in_minutes": 0
                  }
                ],
                "vm_size": "Standard_A2_v2",
                "vnet_subnet_id": "",
                "workload_runtime": "",
                "zones": null
              }
            ],
            "disk_encryption_set_id": "",
            "dns_prefix": "aks-akse-dev-dns",
            "dns_prefix_private_cluster": "",
            "edge_zone": "",
            "enable_pod_security_policy": false,
            "fqdn": "aks-akse-dev-dns-rad7vkg6.hcp.westeurope.azmk8s.io",
            "http_application_routing_enabled": null,
            "http_application_routing_zone_name": null,
            "http_proxy_config": [],
            "id": "/subscriptions/46e556d2-45fc-457e-9a6e-17c25753b61c/resourceGroups/rg-akse-dev/providers/Microsoft.ContainerService/managedClusters/aks-akse-dev",
            "identity": [
              {
                "identity_ids": null,
                "principal_id": "aa6f4cc5-bf43-497c-90e3-4c2723429376",
                "tenant_id": "fe73884d-8d6f-4d22-94ac-b1d52fd5495f",
                "type": "SystemAssigned"
              }
            ],
            "image_cleaner_enabled": false,
            "image_cleaner_interval_hours": 48,
            "ingress_application_gateway": [],
            "key_management_service": [],
            "key_vault_secrets_provider": [],
            "kube_admin_config": [],
            "kube_admin_config_raw": "",
            "kube_config": [
              {
                "client_certificate": "LS0tLS1CRUdJTiBDRVJUSUZJQ0FURS0tLS0tCk1JSUZIVENDQXdXZ0F3SUJBZ0lRRnp0bHp0N0h2TSs2VjQ5aCtxQkcvREFOQmdrcWhraUc5dzBCQVFzRkFEQU4KTVFzd0NRWURWUVFERXdKallUQWVGdzB5TmpBek1qTXhNVEV5TkROYUZ3MHlPREF6TWpNeE1USXlORE5hTURBeApGekFWQmdOVkJBb1REbk41YzNSbGJUcHRZWE4wWlhKek1SVXdFd1lEVlFRREV3eHRZWE4wWlhKamJHbGxiblF3CmdnSWlNQTBHQ1NxR1NJYjNEUUVCQVFVQUE0SUNEd0F3Z2dJS0FvSUNBUUNvTTdYeWMzL1A3bWlmdXpaZzI2RjUKTnhObjdIZW5WQVpVNktFZDFMOXRWSnFwNjI5cWd2d2RDaWtFTm9GUUdrRkZ0WHJMTWtvQkpza1VZUnhoQzN5ZgpqZXlnZWF1ZE1xTS9oN01RaTJVQUptTjQ4REp3Zm0rNElDRUpSQ2xxVXZEdm5udGQzTVZ2L2FtZUlCVzBDU3g0Cis3L21SQkFNRkR4RkMzU3hxOWtRMHV3R29EWFhEd0xOQzZDUTVFR3BpTVdTVndOMTZOSC9GOXJKUWtDdDVoK2oKYVFjQk1ZaldBZUpPbUo2M1Mxa0hlT1lKd0MvT0trbm9qMVBtcEpiVTVTYmZCd2pvRm1nQVNYTTg5Q1NXSCtUdgpWOWg1U1U4OW5VNkVJcUZqY3RMek54RE5NM05TcFRTKy9VcW42emxvSTBla3dDQ212cU1GQUxwTDdCVTBNYTBCCmFkMUkyU3BsNUlENVU2NTZheW5IdkFpQmVRcFJCMk9OaVJuaHQzV2JZelhFRVhsNDl0Rkk1U2txOXRZMWhyamgKb283a0dWR2lWaTFpRkpkQm9TWVhmUk01WnhCazVHbytlSVlVY0FaN25pMU1FQmZZc2Y3U2RBTVhKRDBXU1hxdwpGMmxHcld0MVZ4SlFTbHFYdDk1d0JqOEVMYVVjZ08zeE43YzRmaUIvaHNEOWRQVzZuUEE1c2NWMHZHck95WWpECmZKVGVwRldHUWFwQS9pbXZHSmFjSXI0U3Qwc0NKWFRXNS8wM2dTbjUzeS9Tbm9wTEhGcXNYU2o4aW5tcnd5Nk8KWnhWeVhLai9kd1ZHMEhpc1l1eGk4QzBEZmxnaldHYXUrT2g5Qm1Qb0tIdWdZQnQ1WGRJMUJ5Wkd3R3VXQy9oZQpUQ0ZFRmMzbzlhcVBVWG5nVXBYM3VRSURBUUFCbzFZd1ZEQU9CZ05WSFE4QkFmOEVCQU1DQmFBd0V3WURWUjBsCkJBd3dDZ1lJS3dZQkJRVUhBd0l3REFZRFZSMFRBUUgvQkFJd0FEQWZCZ05WSFNNRUdEQVdnQlFnTkJyM1JsMk8Kck5GOWdxck5QWVYvdmQ0RHVEQU5CZ2txaGtpRzl3MEJBUXNGQUFPQ0FnRUFJUlZvWWUrdUJPS3dXUGRhQ291VQptMmRwMWJLZ2plRGxVNkFja1pPM3ByYVpVWWFnZGtqZnIyRjVhQlB3M0xZNzNzQmxXMVMyYUNHckhGUnN2dFlYCnp5SE5zWUVERTNkcG1aL1hJN3dSaVIvU1NtUFloV1U5M05wZFNhajVtZ2ZWblFJbjlnT09OdXhsZ2FseW1NS1AKRDZlWmt6aE5oYXJWYTVSQ1BCRzVjdTZmL1dSYUNjaWtLYmN0V2lMWWtKTDFjckx1c0tzeEJyZGJOa3dUMCtiSQpOU2NCMFBCQmpKQzJFNnJXaHlrTlpiSjlqc3hROWdvSytGTGdUSFUzTFQ2UFVreGxtN3hVN3JiaGxDQVZZdzBBCnJtRE0rUVdkSjJHeHNsVHVVeTBSSmNzc1l0Y1dGM1o1dURSWFFJNWZQeDVUdzVIWTIxbjVuV1JGMmpMMFU4VFUKaHRvV3FhS3Jhc2UyaHliTmJINkxSOG1pVXc4VmxrN0Jsa01NSmNSek1iT2QzVEFqb1RTQXFSU1lQS09EaGpVcAppRjIrY3hJWjlWMmx1REJsV2diNXArS25kWXBiNVhmdFMyUUxDRWluL0xyelFCbVNyaGFFb21WeGdBWGw3aDBrCmJlNXEySW9HUkpDc0VKbWhGRWhNUkNLSWw0NlpvVExpS0pCQ0M2ZUpEcU9sQ0E0M2ZDNVptYVNjNVg3ZXlReXoKOGVPSlZKS2pYTVBybUY5dlE5N0wzM081dUV5RVpuWEEydis1WTFJU0g0SjQ3bXdLSDB2ZzJHUFJyQ0tVUzM2WQpLNUh4TE1pSFkzZkZobzNBdDhEcnZ5TXhvUnFLWm0rSlgyQmxmdStUMHZJS0NJRUV6QTJsSEVJMEY4c2JPTWZuCkpVSHZFY1FhWDN5TFQxemNSeWs1dWwwPQotLS0tLUVORCBDRVJUSUZJQ0FURS0tLS0tCg==",
                "client_key": "LS0tLS1CRUdJTiBSU0EgUFJJVkFURSBLRVktLS0tLQpNSUlKS2dJQkFBS0NBZ0VBcURPMThuTi96KzVvbjdzMllOdWhlVGNUWit4M3AxUUdWT2loSGRTL2JWU2FxZXR2CmFvTDhIUW9wQkRhQlVCcEJSYlY2eXpKS0FTYkpGR0VjWVF0OG40M3NvSG1yblRLalA0ZXpFSXRsQUNaamVQQXkKY0g1dnVDQWhDVVFwYWxMdzc1NTdYZHpGYi8ycG5pQVZ0QWtzZVB1LzVrUVFEQlE4UlF0MHNhdlpFTkxzQnFBMQoxdzhDelF1Z2tPUkJxWWpGa2xjRGRlalIveGZheVVKQXJlWWZvMmtIQVRHSTFnSGlUcGlldDB0WkIzam1DY0F2CnppcEo2STlUNXFTVzFPVW0zd2NJNkJab0FFbHpQUFFrbGgvazcxZlllVWxQUFoxT2hDS2hZM0xTOHpjUXpUTnoKVXFVMHZ2MUtwK3M1YUNOSHBNQWdwcjZqQlFDNlMrd1ZOREd0QVduZFNOa3FaZVNBK1ZPdWVtc3B4N3dJZ1hrSwpVUWRqallrWjRiZDFtMk0xeEJGNWVQYlJTT1VwS3ZiV05ZYTQ0YUtPNUJsUm9sWXRZaFNYUWFFbUYzMFRPV2NRClpPUnFQbmlHRkhBR2U1NHRUQkFYMkxIKzBuUURGeVE5RmtsNnNCZHBScTFyZFZjU1VFcGFsN2ZlY0FZL0JDMmwKSElEdDhUZTNPSDRnZjRiQS9YVDF1cHp3T2JIRmRMeHF6c21JdzN5VTNxUlZoa0dxUVA0cHJ4aVduQ0srRXJkTApBaVYwMXVmOU40RXArZDh2MHA2S1N4eGFyRjBvL0lwNXE4TXVqbWNWY2x5by8zY0ZSdEI0ckdMc1l2QXRBMzVZCkkxaG1ydmpvZlFaajZDaDdvR0FiZVYzU05RY21Sc0JybGd2NFhrd2hSQlhONlBXcWoxRjU0RktWOTdrQ0F3RUEKQVFLQ0FnQUZtVThOcG4yVEtNN3Z2allWckVub05JYWZWM1kyS2l4WnlES1F3U09zR254WmVwNUhUOXZmaFphTwo3dGVJR0kraXArTlIvemNLYWNXWXVaRE54Q21lVUFXWDQrVHNBeUwrK3QvaGhacFRrbk9PTTRTaVRQc2dDR1hCCkhyVTRObEdSMEZjdjdTamZUUFRIOEM1NHd6TnBSWXdDT0xMR0RDaGpiZm13N2xUMzQrVjZaUHZWMEVpYUZiQi8KRWpJRFdDdW5idUVOSERaZFJPaUIrWVFZcGNmWTB5YXFDZ0dSaWhlRDRUMnJRVVZSNDlyWWFUN09JSWM4U0FVVgpjTllhZVJROXFVakpIUEhTVEorYTRFK1ZkYk5UcWp0bzhpRkNua2xlU1o3UXBpSlNlVHRFY1ZsOTMwVHR0SlczCkdEUGRmUXNsOTBVKzk2cUtnSmN5N3NWWDZ1MWt5RXZBSiswL1ZYTkVBZGpXdm5iRGZ4bVZybnMrZDFwZFpFZFYKKzhCdlpVT0paTitFUTdWaytxeWVOdHlUVWMramNwczJ4VzVIMlRPVHFFL3JxZVNpMnprSkc4SEUvbDhTQ24zQwpHNTlhUS9acWVqaXByWFdOakk3VkxrVUlYREJ0ZWc3QlVtVERlSmRJZEJuL1VMMUVrWVV5UFM2R2dNTE5sV1JyCmpEVG1zM21acVlXQW1vb2pPNXJud0lORzhWVGFQTTJFbHl2U1FSRUFKQ3RzQ2J3NzVzUGc0bUxBcTBjejhuK04KL1MxNUtIVU5Kd21NVE9xdm9QaUJUWDJIZDVVS092Njg3L2p5ZURMWklvQ1oydThFVUpTN0FuTDhyMzVXSHdKZwphSy94aU5RcGxNaWNpQ1JTL1BscjdIcjd2Q0QwWW5vUExHejhNODNoVTJJc1g4ZzhtUUtDQVFFQTRDYlQ5NUtOCm4wMCtkN01sVVRsZWRPNzR1ZFNsREs2WERaNG5NMFppZVRXcWp1UjBPNkYzUHkzWjJObTc3ekFrZGdhSzhxZTUKUCt3dm9BR0NwSEYyanMwTzhsQ0NURGlZZHE4eDlmT1hXMmNYY0lYQnArb1dTUlphTjZ0WXdGekQwbm1ZVEl3NQp3dWJlV1JKRCs0MWRqeE8wekZRWmNudXJlUTc0dEI5Vm9zYlJxM3ozV2YralVPSXk5ME9mVE4ySkl4cVY5VlBHCi9nWTRkbEo3anRxaXhBem9ZYUhiN0FKbm5kcFp0bmNZZmN5ZVhULzJ5ZWdRSmYrSmlGTWNxa015MFVOMUg2L2gKdGlWazVmbmpFNHc0Y1NxUVNSK0oveHU5R0ltcnFYdUlHV3ErQXgvT01HelN4TllXdmJOYXY0b21SM2phMVRCYwp6V0h3c0g2OHUveFExUUtDQVFFQXdCbk1vM2VwQTNsaDVQb2w4eGhmcThiaTdFZnRDZXh3M0s1enIyRUZNcVgwCnV6YlVIeWFWdTU4WHJTMnVwY3dSV0J2OVRxeVRxR3htQzBEMmt3NFVQbjdzc2dWVHd6SUN3L1hwaUNrVmd0T0kKS1NYSmt1SnpDNXNtd3g2YXR4V2hWNzVvZW8vTloxN2w1ZmJIUFVacWNjeDE0cW9QS3lsTWVEQVc0S2pBT3lJYwozb1JPbkRjVlE3Vzk0TG9kRE51Z2ZCL3Z4TG9kQ2xnR1IrK1YrZ0c1RDl1Ky9KTmYxd0ZJVGo1RTZtTkhBNW1WClN4L1BFeU9DdTJad2ZHUU9POFdJd3RQdTlKVFkyZ0pKSkt4a3k1c3FBK2RVMmdwSjJKMkx6TGJtSUY5SXJKWDQKWDJ6QjZlQzBNWHZwbktLN01vaFQ1YUFQeGtKSzRHV1hCMTZRTTRzZFZRS0NBUUVBM2g2NzU5WXJUeFB0ZGhKcApSVjd6TWk3by9NVXl0U21CZURZanBGVDRHaUxMSEFSWkJncFFMNlJRL3Vsc3FXNXNneVNpcGlqOGt0S0tzeVVyCi82YU1GS0F4VW4valRvSzYyc2xyV2MyRVRFZ1JXeWpBcVpOM2QvK1ZjUnJ6dk5Od0hXN3ZNOU8xSFdWSUtyM0YKN2syOHk1NThpQXBDbVViaHVmblRERE1NMmx2b3crWDIreEV2Rm1UQW1uUkJOSnRIWFNqb053NUkzOHJzUXB3ago0b0RYMEN6MlRtRmxuQzhaM0x2V01ORTl6Tk5xanY5bW45ZTl3Tm5Ed1BxVEtrbWkzdW5ZODRpSHc4YTBnSXlxCnIrRkF3U3VyaFRxaXRkRVlCbXZPVndtWjZZMzBNd1plZlhBcFFITGlZQ09PSnNaUWZuek5aWHNpUzBmbGloQmQKR0cvRTdRS0NBUUVBb1RvR0FueC9vYWJTZnJkaittOU9mSUZrR3lNUzB1MWFuQnplZ3lkT2tYK3ZzeUVGVDArMwpBODAydGVaTldtRzNmTmVnOWRMcDZzVnZyNnBLU0luY2U4ZFRLT1pIc3QvYWFsV09OdlVrVkxUczVud01mZmNJCno0amNNNDhRRXZGWWhLZ09VQzg1R2JVUUJyM2o0bzJpOFBmRlNRT3B6M1BOOW1HR0VmQVB4cEdPNFVMeUp6SWoKNnJ3eUxOYUhZeTlCdG11bmROa3ZYbXNhZW0yZTFrRno3TmRscDk2WTVYN3lESmsraGVua3hDUzJwR0tDRFhJVQpXdXhUSkZObGpzenZSM1ZRYkg0d3NtaVFzdkx0ZGVVNGtpWXBsUVpsakNST0hQYTBsaDdpZzljcXFneEJnK1ZQCjF1aEUzVzNHNTFaNzg1RXZMQnFmZFU1T1A2VWlLZUJzTVFLQ0FRRUEwRDRKR3FlRlZNRjg2TWltV3hhSTBTcFcKaktFZ0RSOXRWYjBMamJSMGlvNGNsb2VXdnVxTjVmeUpWdWxiTTFHSnB0aDBDNjBtVWlIWUZtaEdCRG1iblJTdQorWUl6TDFjelBwaGhOMytqR1Yzb1owL2E3TDJXV1VNTDdYZ3lzVzkzbnFYY2ExSklvekE1SitqSUd6bTgrdUp0CjFxZlBQSy94Q1pVVDNsSlBkSncvbkh3ejdOcG9KVXhva3V6RUttb2JxZzVNeU5VWEVjdnI1WlVudHgvdndxNXEKWng5Q0dDUWFON2xYdFBwaEdSTVhnT2ZtVmtNQWpzdTNtQ2xrRGhlcEtvVFkyUVJscVdVTi9mcnJHKzBFSzhuTApNdkw2cU1SV3F6a0JyVGRzajBkZWZpQnFvaElmVnZxRmI4RzErWVQ0SU4rdWg5eVFHdnhIcXkzQUxCeHVmQT09Ci0tLS0tRU5EIFJTQSBQUklWQVRFIEtFWS0tLS0tCg==",
                "cluster_ca_certificate": "LS0tLS1CRUdJTiBDRVJUSUZJQ0FURS0tLS0tCk1JSUU2RENDQXRDZ0F3SUJBZ0lRWmZxVXpZTkl1WEMxcHpRdDZldHI4ekFOQmdrcWhraUc5dzBCQVFzRkFEQU4KTVFzd0NRWURWUVFERXdKallUQWdGdzB5TmpBek1qTXhNVEV5TkROYUdBOHlNRFUyTURNeU16RXhNakkwTTFvdwpEVEVMTUFrR0ExVUVBeE1DWTJFd2dnSWlNQTBHQ1NxR1NJYjNEUUVCQVFVQUE0SUNEd0F3Z2dJS0FvSUNBUUM2CngvN2tvMmVyZGhxUkFydUoxSVpLUzhRVjBpeHBBYWNIeU9aUS9HZkZ2SGtwcjYyTC9mL0lEZVpodDZDVXlUOUIKMDhsalp5Z0xDd0VPdmxWV094eklHOGN5NTVEeGp6ZitGd2VNS0V0dmFpUkZXQ05GanNuazZ1Z3pMdzNYWFJzSQpsMVpaMmxqaDlNOHRiNFhYdzh3UHIvZEh5N3lpWWRySGZqb0Z5TG1PbDBTM3hRaU9LUEc1elRTZGZENVJMcVJ5CjRHeDFBK2h2UEJlUGM2OGFjTTZhT3hiQk5oTGQzd0M0TlE1UGo3YzUzcjd3Zkt1elhMaUVkaHRIbE5DTTJtQVkKUDg3VEtpWmVxWlpBSjRHM1pSc1RMYnMxbE1MbTF4ZWIzWHZ0YXJHeHRUUkZvbTZHREJyMkt0MTZEa2V4bGtuawptcHkrOFhxS1N0TU9RYi9od3ZVSzJFUC8yaG9nemNvVnpHWUV3MTlka04xcDNJZkVTOEZDZDVJWWNuTTR3bFRHCmpZc3pSY0MvcW9nN3Y4Z3YrV04xQ3R2RjZTVFJMbHQ1WHlhZVpSc08rNExCcStWZGw3YkJwV2F6ZEgwZTUwN1AKbkpuLzVpK0Ixa1lNRGM3R2FzNXdHV2dUWWwvY2FCOVpid21VblBRZGhFRTlSdlp6VEJValNIYjB6ODdOekMxbApTM3NoWURYWFVzOHZ2eldFYUdCMnIvSUt6NzR5aWVocUJOVnhYTWxGYk1GMGRLTkJhaFBJOFo4c1VvODRtdHMxCjVkOHZCS3lROFRUdWRwSjdCTEY3ODgyU3VMVW0rTHczZDMwQ3FVOTFjdjZlTFJEZkszR0ZZS1hkSFhFZGl6TXYKaDJvemdlYkRnQ0FWUzRXTnBaK0hHNEdSa2ZRdjE0VEF4ejVjZGZnRVJRSURBUUFCbzBJd1FEQU9CZ05WSFE4QgpBZjhFQkFNQ0FxUXdEd1lEVlIwVEFRSC9CQVV3QXdFQi96QWRCZ05WSFE0RUZnUVVJRFFhOTBaZGpxelJmWUtxCnpUMkZmNzNlQTdnd0RRWUpLb1pJaHZjTkFRRUxCUUFEZ2dJQkFBOUo0dzFNR1RpeHJHM1ZhbkZzZHFCQlpkaUcKTjc2d01kdmVEMHBtVlFCbVo0ZjYrdlJkK3F4cWNPZGo0TTREWi9leDhsaDdON05TLzlxUytTaXlKYkZKbkhaVQpsTEwzdyt0aFJjbWp4a3BQajFZVnhpTzR5cmMwRWJzVmU3ZjJrT2VHR254VGs4R2Z1Nm5Tb2JOLzM0cFJ6WVdpCkF5djNFeHdyUmxsSmhyeUhLbUEzUmJFajJ2MmVJRHRiZzYvUWRxVnp3aWlndHBTOHdWVnJ5WHJOei84VHJEK0sKQ29YbDNHNDRkVEltN3VtWEpPb3hiZUpaU0ZPUG5oTXVGR2YrS1JNbURyeUJ2ZE9tQnFpRG1DRnFpN1VjdEdQUApRSUg5STN0Wmh3eG15MFFDdnM3RnBNTXoyQmlINy9zQ1grSWVnTitvZEhkSTY3RjltMEJ1VUZsc2puMy9kSHhDCnpkanNUeXFUa1NDekwvRFVwU0tQcTZxTUFkWlVvNHI0QVlOUmRwMlhVQkVCSGlPMUV5eWVOR25NZWxnclZCMG8KQmVMamJaeVMxSDE0d0VpRjJXWHFiVEo1YUNiVVM1QjU2T1F3amZDVDlvMGFBTSs3YzlTYXZtMGM1RWVNOUJPOApMdGhHS0NmdFUrbnRhRlJEbnhyMDBIZ2x1ZnREMnpQeUdmZWxQeXZqQ2VzVFBnUTROMVF0M09CM1NMeHh2UlBYCm9WT1F5WFFJNXRZbWg4MTA4TFJFNDU1MW44U0VySHhSSEEyWCtDVnAvUk85cHA0T3pPbjlyUVRXSDA3QUdlUFcKU1IxSFJIb3R2eHFEOWsvVkNTd0s0SmZQUlUrMHBaQUIvbm4wUUZ6SC8rdlNuay9LTlVoYWg0QU9ZYkpJZkVIcgpPWFZ5SXB1OTU0WTA2N1lGCi0tLS0tRU5EIENFUlRJRklDQVRFLS0tLS0K",
                "host": "https://aks-akse-dev-dns-rad7vkg6.hcp.westeurope.azmk8s.io:443",
                "password": "ri62qmg7j23tpsus3283audwij46j37w07k2tgr9sinu6umh9jgxth6ndrthdvv3jg243jkm5y6spl96kj6bj54349gyzwzhtr01ritwfcjkvmsri2i6koccieseep9o",
                "username": "clusterUser_rg-akse-dev_aks-akse-dev"
              }
            ],
            "kube_config_raw": "apiVersion: v1\nclusters:\n- cluster:\n    certificate-authority-data: LS0tLS1CRUdJTiBDRVJUSUZJQ0FURS0tLS0tCk1JSUU2RENDQXRDZ0F3SUJBZ0lRWmZxVXpZTkl1WEMxcHpRdDZldHI4ekFOQmdrcWhraUc5dzBCQVFzRkFEQU4KTVFzd0NRWURWUVFERXdKallUQWdGdzB5TmpBek1qTXhNVEV5TkROYUdBOHlNRFUyTURNeU16RXhNakkwTTFvdwpEVEVMTUFrR0ExVUVBeE1DWTJFd2dnSWlNQTBHQ1NxR1NJYjNEUUVCQVFVQUE0SUNEd0F3Z2dJS0FvSUNBUUM2CngvN2tvMmVyZGhxUkFydUoxSVpLUzhRVjBpeHBBYWNIeU9aUS9HZkZ2SGtwcjYyTC9mL0lEZVpodDZDVXlUOUIKMDhsalp5Z0xDd0VPdmxWV094eklHOGN5NTVEeGp6ZitGd2VNS0V0dmFpUkZXQ05GanNuazZ1Z3pMdzNYWFJzSQpsMVpaMmxqaDlNOHRiNFhYdzh3UHIvZEh5N3lpWWRySGZqb0Z5TG1PbDBTM3hRaU9LUEc1elRTZGZENVJMcVJ5CjRHeDFBK2h2UEJlUGM2OGFjTTZhT3hiQk5oTGQzd0M0TlE1UGo3YzUzcjd3Zkt1elhMaUVkaHRIbE5DTTJtQVkKUDg3VEtpWmVxWlpBSjRHM1pSc1RMYnMxbE1MbTF4ZWIzWHZ0YXJHeHRUUkZvbTZHREJyMkt0MTZEa2V4bGtuawptcHkrOFhxS1N0TU9RYi9od3ZVSzJFUC8yaG9nemNvVnpHWUV3MTlka04xcDNJZkVTOEZDZDVJWWNuTTR3bFRHCmpZc3pSY0MvcW9nN3Y4Z3YrV04xQ3R2RjZTVFJMbHQ1WHlhZVpSc08rNExCcStWZGw3YkJwV2F6ZEgwZTUwN1AKbkpuLzVpK0Ixa1lNRGM3R2FzNXdHV2dUWWwvY2FCOVpid21VblBRZGhFRTlSdlp6VEJValNIYjB6ODdOekMxbApTM3NoWURYWFVzOHZ2eldFYUdCMnIvSUt6NzR5aWVocUJOVnhYTWxGYk1GMGRLTkJhaFBJOFo4c1VvODRtdHMxCjVkOHZCS3lROFRUdWRwSjdCTEY3ODgyU3VMVW0rTHczZDMwQ3FVOTFjdjZlTFJEZkszR0ZZS1hkSFhFZGl6TXYKaDJvemdlYkRnQ0FWUzRXTnBaK0hHNEdSa2ZRdjE0VEF4ejVjZGZnRVJRSURBUUFCbzBJd1FEQU9CZ05WSFE4QgpBZjhFQkFNQ0FxUXdEd1lEVlIwVEFRSC9CQVV3QXdFQi96QWRCZ05WSFE0RUZnUVVJRFFhOTBaZGpxelJmWUtxCnpUMkZmNzNlQTdnd0RRWUpLb1pJaHZjTkFRRUxCUUFEZ2dJQkFBOUo0dzFNR1RpeHJHM1ZhbkZzZHFCQlpkaUcKTjc2d01kdmVEMHBtVlFCbVo0ZjYrdlJkK3F4cWNPZGo0TTREWi9leDhsaDdON05TLzlxUytTaXlKYkZKbkhaVQpsTEwzdyt0aFJjbWp4a3BQajFZVnhpTzR5cmMwRWJzVmU3ZjJrT2VHR254VGs4R2Z1Nm5Tb2JOLzM0cFJ6WVdpCkF5djNFeHdyUmxsSmhyeUhLbUEzUmJFajJ2MmVJRHRiZzYvUWRxVnp3aWlndHBTOHdWVnJ5WHJOei84VHJEK0sKQ29YbDNHNDRkVEltN3VtWEpPb3hiZUpaU0ZPUG5oTXVGR2YrS1JNbURyeUJ2ZE9tQnFpRG1DRnFpN1VjdEdQUApRSUg5STN0Wmh3eG15MFFDdnM3RnBNTXoyQmlINy9zQ1grSWVnTitvZEhkSTY3RjltMEJ1VUZsc2puMy9kSHhDCnpkanNUeXFUa1NDekwvRFVwU0tQcTZxTUFkWlVvNHI0QVlOUmRwMlhVQkVCSGlPMUV5eWVOR25NZWxnclZCMG8KQmVMamJaeVMxSDE0d0VpRjJXWHFiVEo1YUNiVVM1QjU2T1F3amZDVDlvMGFBTSs3YzlTYXZtMGM1RWVNOUJPOApMdGhHS0NmdFUrbnRhRlJEbnhyMDBIZ2x1ZnREMnpQeUdmZWxQeXZqQ2VzVFBnUTROMVF0M09CM1NMeHh2UlBYCm9WT1F5WFFJNXRZbWg4MTA4TFJFNDU1MW44U0VySHhSSEEyWCtDVnAvUk85cHA0T3pPbjlyUVRXSDA3QUdlUFcKU1IxSFJIb3R2eHFEOWsvVkNTd0s0SmZQUlUrMHBaQUIvbm4wUUZ6SC8rdlNuay9LTlVoYWg0QU9ZYkpJZkVIcgpPWFZ5SXB1OTU0WTA2N1lGCi0tLS0tRU5EIENFUlRJRklDQVRFLS0tLS0K\n    server: https://aks-akse-dev-dns-rad7vkg6.hcp.westeurope.azmk8s.io:443\n  name: aks-akse-dev\ncontexts:\n- context:\n    cluster: aks-akse-dev\n    user: clusterUser_rg-akse-dev_aks-akse-dev\n  name: aks-akse-dev\ncurrent-context: aks-akse-dev\nkind: Config\nusers:\n- name: clusterUser_rg-akse-dev_aks-akse-dev\n  user:\n    client-certificate-data: LS0tLS1CRUdJTiBDRVJUSUZJQ0FURS0tLS0tCk1JSUZIVENDQXdXZ0F3SUJBZ0lRRnp0bHp0N0h2TSs2VjQ5aCtxQkcvREFOQmdrcWhraUc5dzBCQVFzRkFEQU4KTVFzd0NRWURWUVFERXdKallUQWVGdzB5TmpBek1qTXhNVEV5TkROYUZ3MHlPREF6TWpNeE1USXlORE5hTURBeApGekFWQmdOVkJBb1REbk41YzNSbGJUcHRZWE4wWlhKek1SVXdFd1lEVlFRREV3eHRZWE4wWlhKamJHbGxiblF3CmdnSWlNQTBHQ1NxR1NJYjNEUUVCQVFVQUE0SUNEd0F3Z2dJS0FvSUNBUUNvTTdYeWMzL1A3bWlmdXpaZzI2RjUKTnhObjdIZW5WQVpVNktFZDFMOXRWSnFwNjI5cWd2d2RDaWtFTm9GUUdrRkZ0WHJMTWtvQkpza1VZUnhoQzN5ZgpqZXlnZWF1ZE1xTS9oN01RaTJVQUptTjQ4REp3Zm0rNElDRUpSQ2xxVXZEdm5udGQzTVZ2L2FtZUlCVzBDU3g0Cis3L21SQkFNRkR4RkMzU3hxOWtRMHV3R29EWFhEd0xOQzZDUTVFR3BpTVdTVndOMTZOSC9GOXJKUWtDdDVoK2oKYVFjQk1ZaldBZUpPbUo2M1Mxa0hlT1lKd0MvT0trbm9qMVBtcEpiVTVTYmZCd2pvRm1nQVNYTTg5Q1NXSCtUdgpWOWg1U1U4OW5VNkVJcUZqY3RMek54RE5NM05TcFRTKy9VcW42emxvSTBla3dDQ212cU1GQUxwTDdCVTBNYTBCCmFkMUkyU3BsNUlENVU2NTZheW5IdkFpQmVRcFJCMk9OaVJuaHQzV2JZelhFRVhsNDl0Rkk1U2txOXRZMWhyamgKb283a0dWR2lWaTFpRkpkQm9TWVhmUk01WnhCazVHbytlSVlVY0FaN25pMU1FQmZZc2Y3U2RBTVhKRDBXU1hxdwpGMmxHcld0MVZ4SlFTbHFYdDk1d0JqOEVMYVVjZ08zeE43YzRmaUIvaHNEOWRQVzZuUEE1c2NWMHZHck95WWpECmZKVGVwRldHUWFwQS9pbXZHSmFjSXI0U3Qwc0NKWFRXNS8wM2dTbjUzeS9Tbm9wTEhGcXNYU2o4aW5tcnd5Nk8KWnhWeVhLai9kd1ZHMEhpc1l1eGk4QzBEZmxnaldHYXUrT2g5Qm1Qb0tIdWdZQnQ1WGRJMUJ5Wkd3R3VXQy9oZQpUQ0ZFRmMzbzlhcVBVWG5nVXBYM3VRSURBUUFCbzFZd1ZEQU9CZ05WSFE4QkFmOEVCQU1DQmFBd0V3WURWUjBsCkJBd3dDZ1lJS3dZQkJRVUhBd0l3REFZRFZSMFRBUUgvQkFJd0FEQWZCZ05WSFNNRUdEQVdnQlFnTkJyM1JsMk8Kck5GOWdxck5QWVYvdmQ0RHVEQU5CZ2txaGtpRzl3MEJBUXNGQUFPQ0FnRUFJUlZvWWUrdUJPS3dXUGRhQ291VQptMmRwMWJLZ2plRGxVNkFja1pPM3ByYVpVWWFnZGtqZnIyRjVhQlB3M0xZNzNzQmxXMVMyYUNHckhGUnN2dFlYCnp5SE5zWUVERTNkcG1aL1hJN3dSaVIvU1NtUFloV1U5M05wZFNhajVtZ2ZWblFJbjlnT09OdXhsZ2FseW1NS1AKRDZlWmt6aE5oYXJWYTVSQ1BCRzVjdTZmL1dSYUNjaWtLYmN0V2lMWWtKTDFjckx1c0tzeEJyZGJOa3dUMCtiSQpOU2NCMFBCQmpKQzJFNnJXaHlrTlpiSjlqc3hROWdvSytGTGdUSFUzTFQ2UFVreGxtN3hVN3JiaGxDQVZZdzBBCnJtRE0rUVdkSjJHeHNsVHVVeTBSSmNzc1l0Y1dGM1o1dURSWFFJNWZQeDVUdzVIWTIxbjVuV1JGMmpMMFU4VFUKaHRvV3FhS3Jhc2UyaHliTmJINkxSOG1pVXc4VmxrN0Jsa01NSmNSek1iT2QzVEFqb1RTQXFSU1lQS09EaGpVcAppRjIrY3hJWjlWMmx1REJsV2diNXArS25kWXBiNVhmdFMyUUxDRWluL0xyelFCbVNyaGFFb21WeGdBWGw3aDBrCmJlNXEySW9HUkpDc0VKbWhGRWhNUkNLSWw0NlpvVExpS0pCQ0M2ZUpEcU9sQ0E0M2ZDNVptYVNjNVg3ZXlReXoKOGVPSlZKS2pYTVBybUY5dlE5N0wzM081dUV5RVpuWEEydis1WTFJU0g0SjQ3bXdLSDB2ZzJHUFJyQ0tVUzM2WQpLNUh4TE1pSFkzZkZobzNBdDhEcnZ5TXhvUnFLWm0rSlgyQmxmdStUMHZJS0NJRUV6QTJsSEVJMEY4c2JPTWZuCkpVSHZFY1FhWDN5TFQxemNSeWs1dWwwPQotLS0tLUVORCBDRVJUSUZJQ0FURS0tLS0tCg==\n    client-key-data: LS0tLS1CRUdJTiBSU0EgUFJJVkFURSBLRVktLS0tLQpNSUlKS2dJQkFBS0NBZ0VBcURPMThuTi96KzVvbjdzMllOdWhlVGNUWit4M3AxUUdWT2loSGRTL2JWU2FxZXR2CmFvTDhIUW9wQkRhQlVCcEJSYlY2eXpKS0FTYkpGR0VjWVF0OG40M3NvSG1yblRLalA0ZXpFSXRsQUNaamVQQXkKY0g1dnVDQWhDVVFwYWxMdzc1NTdYZHpGYi8ycG5pQVZ0QWtzZVB1LzVrUVFEQlE4UlF0MHNhdlpFTkxzQnFBMQoxdzhDelF1Z2tPUkJxWWpGa2xjRGRlalIveGZheVVKQXJlWWZvMmtIQVRHSTFnSGlUcGlldDB0WkIzam1DY0F2CnppcEo2STlUNXFTVzFPVW0zd2NJNkJab0FFbHpQUFFrbGgvazcxZlllVWxQUFoxT2hDS2hZM0xTOHpjUXpUTnoKVXFVMHZ2MUtwK3M1YUNOSHBNQWdwcjZqQlFDNlMrd1ZOREd0QVduZFNOa3FaZVNBK1ZPdWVtc3B4N3dJZ1hrSwpVUWRqallrWjRiZDFtMk0xeEJGNWVQYlJTT1VwS3ZiV05ZYTQ0YUtPNUJsUm9sWXRZaFNYUWFFbUYzMFRPV2NRClpPUnFQbmlHRkhBR2U1NHRUQkFYMkxIKzBuUURGeVE5RmtsNnNCZHBScTFyZFZjU1VFcGFsN2ZlY0FZL0JDMmwKSElEdDhUZTNPSDRnZjRiQS9YVDF1cHp3T2JIRmRMeHF6c21JdzN5VTNxUlZoa0dxUVA0cHJ4aVduQ0srRXJkTApBaVYwMXVmOU40RXArZDh2MHA2S1N4eGFyRjBvL0lwNXE4TXVqbWNWY2x5by8zY0ZSdEI0ckdMc1l2QXRBMzVZCkkxaG1ydmpvZlFaajZDaDdvR0FiZVYzU05RY21Sc0JybGd2NFhrd2hSQlhONlBXcWoxRjU0RktWOTdrQ0F3RUEKQVFLQ0FnQUZtVThOcG4yVEtNN3Z2allWckVub05JYWZWM1kyS2l4WnlES1F3U09zR254WmVwNUhUOXZmaFphTwo3dGVJR0kraXArTlIvemNLYWNXWXVaRE54Q21lVUFXWDQrVHNBeUwrK3QvaGhacFRrbk9PTTRTaVRQc2dDR1hCCkhyVTRObEdSMEZjdjdTamZUUFRIOEM1NHd6TnBSWXdDT0xMR0RDaGpiZm13N2xUMzQrVjZaUHZWMEVpYUZiQi8KRWpJRFdDdW5idUVOSERaZFJPaUIrWVFZcGNmWTB5YXFDZ0dSaWhlRDRUMnJRVVZSNDlyWWFUN09JSWM4U0FVVgpjTllhZVJROXFVakpIUEhTVEorYTRFK1ZkYk5UcWp0bzhpRkNua2xlU1o3UXBpSlNlVHRFY1ZsOTMwVHR0SlczCkdEUGRmUXNsOTBVKzk2cUtnSmN5N3NWWDZ1MWt5RXZBSiswL1ZYTkVBZGpXdm5iRGZ4bVZybnMrZDFwZFpFZFYKKzhCdlpVT0paTitFUTdWaytxeWVOdHlUVWMramNwczJ4VzVIMlRPVHFFL3JxZVNpMnprSkc4SEUvbDhTQ24zQwpHNTlhUS9acWVqaXByWFdOakk3VkxrVUlYREJ0ZWc3QlVtVERlSmRJZEJuL1VMMUVrWVV5UFM2R2dNTE5sV1JyCmpEVG1zM21acVlXQW1vb2pPNXJud0lORzhWVGFQTTJFbHl2U1FSRUFKQ3RzQ2J3NzVzUGc0bUxBcTBjejhuK04KL1MxNUtIVU5Kd21NVE9xdm9QaUJUWDJIZDVVS092Njg3L2p5ZURMWklvQ1oydThFVUpTN0FuTDhyMzVXSHdKZwphSy94aU5RcGxNaWNpQ1JTL1BscjdIcjd2Q0QwWW5vUExHejhNODNoVTJJc1g4ZzhtUUtDQVFFQTRDYlQ5NUtOCm4wMCtkN01sVVRsZWRPNzR1ZFNsREs2WERaNG5NMFppZVRXcWp1UjBPNkYzUHkzWjJObTc3ekFrZGdhSzhxZTUKUCt3dm9BR0NwSEYyanMwTzhsQ0NURGlZZHE4eDlmT1hXMmNYY0lYQnArb1dTUlphTjZ0WXdGekQwbm1ZVEl3NQp3dWJlV1JKRCs0MWRqeE8wekZRWmNudXJlUTc0dEI5Vm9zYlJxM3ozV2YralVPSXk5ME9mVE4ySkl4cVY5VlBHCi9nWTRkbEo3anRxaXhBem9ZYUhiN0FKbm5kcFp0bmNZZmN5ZVhULzJ5ZWdRSmYrSmlGTWNxa015MFVOMUg2L2gKdGlWazVmbmpFNHc0Y1NxUVNSK0oveHU5R0ltcnFYdUlHV3ErQXgvT01HelN4TllXdmJOYXY0b21SM2phMVRCYwp6V0h3c0g2OHUveFExUUtDQVFFQXdCbk1vM2VwQTNsaDVQb2w4eGhmcThiaTdFZnRDZXh3M0s1enIyRUZNcVgwCnV6YlVIeWFWdTU4WHJTMnVwY3dSV0J2OVRxeVRxR3htQzBEMmt3NFVQbjdzc2dWVHd6SUN3L1hwaUNrVmd0T0kKS1NYSmt1SnpDNXNtd3g2YXR4V2hWNzVvZW8vTloxN2w1ZmJIUFVacWNjeDE0cW9QS3lsTWVEQVc0S2pBT3lJYwozb1JPbkRjVlE3Vzk0TG9kRE51Z2ZCL3Z4TG9kQ2xnR1IrK1YrZ0c1RDl1Ky9KTmYxd0ZJVGo1RTZtTkhBNW1WClN4L1BFeU9DdTJad2ZHUU9POFdJd3RQdTlKVFkyZ0pKSkt4a3k1c3FBK2RVMmdwSjJKMkx6TGJtSUY5SXJKWDQKWDJ6QjZlQzBNWHZwbktLN01vaFQ1YUFQeGtKSzRHV1hCMTZRTTRzZFZRS0NBUUVBM2g2NzU5WXJUeFB0ZGhKcApSVjd6TWk3by9NVXl0U21CZURZanBGVDRHaUxMSEFSWkJncFFMNlJRL3Vsc3FXNXNneVNpcGlqOGt0S0tzeVVyCi82YU1GS0F4VW4valRvSzYyc2xyV2MyRVRFZ1JXeWpBcVpOM2QvK1ZjUnJ6dk5Od0hXN3ZNOU8xSFdWSUtyM0YKN2syOHk1NThpQXBDbVViaHVmblRERE1NMmx2b3crWDIreEV2Rm1UQW1uUkJOSnRIWFNqb053NUkzOHJzUXB3ago0b0RYMEN6MlRtRmxuQzhaM0x2V01ORTl6Tk5xanY5bW45ZTl3Tm5Ed1BxVEtrbWkzdW5ZODRpSHc4YTBnSXlxCnIrRkF3U3VyaFRxaXRkRVlCbXZPVndtWjZZMzBNd1plZlhBcFFITGlZQ09PSnNaUWZuek5aWHNpUzBmbGloQmQKR0cvRTdRS0NBUUVBb1RvR0FueC9vYWJTZnJkaittOU9mSUZrR3lNUzB1MWFuQnplZ3lkT2tYK3ZzeUVGVDArMwpBODAydGVaTldtRzNmTmVnOWRMcDZzVnZyNnBLU0luY2U4ZFRLT1pIc3QvYWFsV09OdlVrVkxUczVud01mZmNJCno0amNNNDhRRXZGWWhLZ09VQzg1R2JVUUJyM2o0bzJpOFBmRlNRT3B6M1BOOW1HR0VmQVB4cEdPNFVMeUp6SWoKNnJ3eUxOYUhZeTlCdG11bmROa3ZYbXNhZW0yZTFrRno3TmRscDk2WTVYN3lESmsraGVua3hDUzJwR0tDRFhJVQpXdXhUSkZObGpzenZSM1ZRYkg0d3NtaVFzdkx0ZGVVNGtpWXBsUVpsakNST0hQYTBsaDdpZzljcXFneEJnK1ZQCjF1aEUzVzNHNTFaNzg1RXZMQnFmZFU1T1A2VWlLZUJzTVFLQ0FRRUEwRDRKR3FlRlZNRjg2TWltV3hhSTBTcFcKaktFZ0RSOXRWYjBMamJSMGlvNGNsb2VXdnVxTjVmeUpWdWxiTTFHSnB0aDBDNjBtVWlIWUZtaEdCRG1iblJTdQorWUl6TDFjelBwaGhOMytqR1Yzb1owL2E3TDJXV1VNTDdYZ3lzVzkzbnFYY2ExSklvekE1SitqSUd6bTgrdUp0CjFxZlBQSy94Q1pVVDNsSlBkSncvbkh3ejdOcG9KVXhva3V6RUttb2JxZzVNeU5VWEVjdnI1WlVudHgvdndxNXEKWng5Q0dDUWFON2xYdFBwaEdSTVhnT2ZtVmtNQWpzdTNtQ2xrRGhlcEtvVFkyUVJscVdVTi9mcnJHKzBFSzhuTApNdkw2cU1SV3F6a0JyVGRzajBkZWZpQnFvaElmVnZxRmI4RzErWVQ0SU4rdWg5eVFHdnhIcXkzQUxCeHVmQT09Ci0tLS0tRU5EIFJTQSBQUklWQVRFIEtFWS0tLS0tCg==\n    token: ri62qmg7j23tpsus3283audwij46j37w07k2tgr9sinu6umh9jgxth6ndrthdvv3jg243jkm5y6spl96kj6bj54349gyzwzhtr01ritwfcjkvmsri2i6koccieseep9o\n",
            "kubelet_identity": [
              {
                "client_id": "e5943be5-e9a5-4bcf-99f8-7adb5b5f6941",
                "object_id": "8aa90703-aa50-4d82-a8a3-0b8d8723876b",
                "user_assigned_identity_id": "/subscriptions/46e556d2-45fc-457e-9a6e-17c25753b61c/resourceGroups/MC_rg-akse-dev_aks-akse-dev_westeurope/providers/Microsoft.ManagedIdentity/userAssignedIdentities/aks-akse-dev-agentpool"
              }
            ],
            "kubernetes_version": "1.33",
            "linux_profile": [],
            "local_account_disabled": false,
            "location": "westeurope",
            "maintenance_window": [],
            "maintenance_window_auto_upgrade": [],
            "maintenance_window_node_os": [],
            "microsoft_defender": [],
            "monitor_metrics": [],
            "name": "aks-akse-dev",
            "network_profile": [
              {
                "dns_service_ip": "10.0.0.10",
                "docker_bridge_cidr": "",
                "ebpf_data_plane": "",
                "ip_versions": [
                  "IPv4"
                ],
                "load_balancer_profile": [
                  {
                    "effective_outbound_ips": [
                      "/subscriptions/46e556d2-45fc-457e-9a6e-17c25753b61c/resourceGroups/MC_rg-akse-dev_aks-akse-dev_westeurope/providers/Microsoft.Network/publicIPAddresses/8d4f4c3d-e0c1-426f-977c-45f18c7db5bf"
                    ],
                    "idle_timeout_in_minutes": 0,
                    "managed_outbound_ip_count": 1,
                    "managed_outbound_ipv6_count": 0,
                    "outbound_ip_address_ids": [],
                    "outbound_ip_prefix_ids": [],
                    "outbound_ports_allocated": 0
                  }
                ],
                "load_balancer_sku": "standard",
                "nat_gateway_profile": [],
                "network_data_plane": "azure",
                "network_mode": "",
                "network_plugin": "azure",
                "network_plugin_mode": "overlay",
                "network_policy": "",
                "outbound_ip_address_ids": [],
                "outbound_ip_prefix_ids": [],
                "outbound_type": "loadBalancer",
                "pod_cidr": "10.244.0.0/16",
                "pod_cidrs": [
                  "10.244.0.0/16"
                ],
                "service_cidr": "10.0.0.0/16",
                "service_cidrs": [
                  "10.0.0.0/16"
                ]
              }
            ],
            "node_os_channel_upgrade": null,
            "node_resource_group": "MC_rg-akse-dev_aks-akse-dev_westeurope",
            "node_resource_group_id": "/subscriptions/46e556d2-45fc-457e-9a6e-17c25753b61c/resourceGroups/MC_rg-akse-dev_aks-akse-dev_westeurope",
            "oidc_issuer_enabled": true,
            "oidc_issuer_url": "https://westeurope.oic.prod-aks.azure.com/fe73884d-8d6f-4d22-94ac-b1d52fd5495f/512bec89-8c96-48e1-bf89-70473036992d/",
            "oms_agent": [],
            "open_service_mesh_enabled": null,
            "portal_fqdn": "aks-akse-dev-dns-rad7vkg6.portal.hcp.westeurope.azmk8s.io",
            "private_cluster_enabled": false,
            "private_cluster_public_fqdn_enabled": false,
            "private_dns_zone_id": "",
            "private_fqdn": "",
            "public_network_access_enabled": true,
            "resource_group_name": "rg-akse-dev",
            "role_based_access_control_enabled": true,
            "run_command_enabled": true,
            "service_mesh_profile": [],
            "service_principal": [],
            "sku_tier": "Standard",
            "storage_profile": [],
            "support_plan": "KubernetesOfficial",
            "tags": null,
            "timeouts": null,
            "web_app_routing": [],
            "windows_profile": [],
            "workload_autoscaler_profile": [],
            "workload_identity_enabled": true
          },
          "sensitive_attributes": [
            [
              {
                "type": "get_attr",
                "value": "kube_admin_config"
              }
            ],
            [
              {
                "type": "get_attr",
                "value": "kube_admin_config_raw"
              }
            ],
            [
              {
                "type": "get_attr",
                "value": "kube_config"
              }
            ],
            [
              {
                "type": "get_attr",
                "value": "kube_config_raw"
              }
            ]
          ],
          "identity_schema_version": 0,
          "private": "eyJlMmJmYjczMC1lY2FhLTExZTYtOGY4OC0zNDM2M2JjN2M0YzAiOnsiY3JlYXRlIjo1NDAwMDAwMDAwMDAwLCJkZWxldGUiOjU0MDAwMDAwMDAwMDAsInJlYWQiOjMwMDAwMDAwMDAwMCwidXBkYXRlIjo1NDAwMDAwMDAwMDAwfSwic2NoZW1hX3ZlcnNpb24iOiIyIn0=",
          "dependencies": [
            "module.rg.azurerm_resource_group.rg"
          ]
        }
      ]
    },
    {
      "module": "module.kv",
      "mode": "managed",
      "type": "azurerm_key_vault",
      "name": "kv",
      "provider": "provider[\"registry.terraform.io/hashicorp/azurerm\"]",
      "instances": [
        {
          "schema_version": 2,
          "attributes": {
            "access_policy": [
              {
                "application_id": "",
                "certificate_permissions": [],
                "key_permissions": [],
                "object_id": "36323ce2-ce35-4810-b156-73506334a18f",
                "secret_permissions": [
                  "Delete",
                  "Set",
                  "List",
                  "Get"
                ],
                "storage_permissions": [],
                "tenant_id": "fe73884d-8d6f-4d22-94ac-b1d52fd5495f"
              }
            ],
            "contact": [],
            "enable_rbac_authorization": true,
            "enabled_for_deployment": false,
            "enabled_for_disk_encryption": false,
            "enabled_for_template_deployment": false,
            "id": "/subscriptions/46e556d2-45fc-457e-9a6e-17c25753b61c/resourceGroups/rg-akse-dev/providers/Microsoft.KeyVault/vaults/kv-akse-dev",
            "location": "westeurope",
            "name": "kv-akse-dev",
            "network_acls": [
              {
                "bypass": "AzureServices",
                "default_action": "Allow",
                "ip_rules": [],
                "virtual_network_subnet_ids": []
              }
            ],
            "public_network_access_enabled": true,
            "purge_protection_enabled": true,
            "resource_group_name": "rg-akse-dev",
            "sku_name": "standard",
            "soft_delete_retention_days": 30,
            "tags": null,
            "tenant_id": "fe73884d-8d6f-4d22-94ac-b1d52fd5495f",
            "timeouts": null,
            "vault_uri": "https://kv-akse-dev.vault.azure.net/"
          },
          "sensitive_attributes": [],
          "identity_schema_version": 0,
          "private": "eyJlMmJmYjczMC1lY2FhLTExZTYtOGY4OC0zNDM2M2JjN2M0YzAiOnsiY3JlYXRlIjoxODAwMDAwMDAwMDAwLCJkZWxldGUiOjE4MDAwMDAwMDAwMDAsInJlYWQiOjMwMDAwMDAwMDAwMCwidXBkYXRlIjoxODAwMDAwMDAwMDAwfSwic2NoZW1hX3ZlcnNpb24iOiIyIn0=",
          "dependencies": [
            "data.azurerm_client_config.current",
            "module.rg.azurerm_resource_group.rg"
          ]
        }
      ]
    },
    {
      "module": "module.rg",
      "mode": "managed",
      "type": "azurerm_resource_group",
      "name": "rg",
      "provider": "provider[\"registry.terraform.io/hashicorp/azurerm\"]",
      "instances": [
        {
          "schema_version": 0,
          "attributes": {
            "id": "/subscriptions/46e556d2-45fc-457e-9a6e-17c25753b61c/resourceGroups/rg-akse-dev",
            "location": "westeurope",
            "managed_by": "",
            "name": "rg-akse-dev",
            "tags": null,
            "timeouts": null
          },
          "sensitive_attributes": [],
          "identity_schema_version": 0,
          "private": "eyJlMmJmYjczMC1lY2FhLTExZTYtOGY4OC0zNDM2M2JjN2M0YzAiOnsiY3JlYXRlIjo1NDAwMDAwMDAwMDAwLCJkZWxldGUiOjU0MDAwMDAwMDAwMDAsInJlYWQiOjMwMDAwMDAwMDAwMCwidXBkYXRlIjo1NDAwMDAwMDAwMDAwfX0="
        }
      ]
    }
  ],
  "check_results": null
}
