{
  "version": 4,
  "terraform_version": "1.14.7",
  "serial": 878,
  "lineage": "434a0b2a-d14d-f34e-c04a-05a3ff5de3a5",
  "outputs": {},
  "resources": [
    {
      "mode": "data",
      "type": "azurerm_client_config",
      "name": "current",
      "provider": "provider[\"registry.terraform.io/hashicorp/azurerm\"]",
      "instances": [
        {
          "schema_version": 0,
          "attributes": {
            "client_id": "04b07795-8ddb-461a-bbee-02f9e1bf7b46",
            "id": "Y2xpZW50Q29uZmlncy9jbGllbnRJZD0wNGIwNzc5NS04ZGRiLTQ2MWEtYmJlZS0wMmY5ZTFiZjdiNDY7b2JqZWN0SWQ9MzYzMjNjZTItY2UzNS00ODEwLWIxNTYtNzM1MDYzMzRhMThmO3N1YnNjcmlwdGlvbklkPTQ2ZTU1NmQyLTQ1ZmMtNDU3ZS05YTZlLTE3YzI1NzUzYjYxYzt0ZW5hbnRJZD1mZTczODg0ZC04ZDZmLTRkMjItOTRhYy1iMWQ1MmZkNTQ5NWY=",
            "object_id": "36323ce2-ce35-4810-b156-73506334a18f",
            "subscription_id": "46e556d2-45fc-457e-9a6e-17c25753b61c",
            "tenant_id": "fe73884d-8d6f-4d22-94ac-b1d52fd5495f",
            "timeouts": null
          },
          "sensitive_attributes": [],
          "identity_schema_version": 0
        }
      ]
    },
    {
      "mode": "managed",
      "type": "azurerm_federated_identity_credential",
      "name": "eso",
      "provider": "provider[\"registry.terraform.io/hashicorp/azurerm\"]",
      "instances": [
        {
          "schema_version": 0,
          "attributes": {
            "audience": [
              "api://AzureADTokenExchange"
            ],
            "id": "/subscriptions/46e556d2-45fc-457e-9a6e-17c25753b61c/resourceGroups/rg-akse-dev/providers/Microsoft.ManagedIdentity/userAssignedIdentities/identity/federatedIdentityCredentials/eso-wi",
            "issuer": "https://westeurope.oic.prod-aks.azure.com/fe73884d-8d6f-4d22-94ac-b1d52fd5495f/1499398f-4636-4f4b-b512-33ee09ac0583/",
            "name": "eso-wi",
            "parent_id": "/subscriptions/46e556d2-45fc-457e-9a6e-17c25753b61c/resourceGroups/rg-akse-dev/providers/Microsoft.ManagedIdentity/userAssignedIdentities/identity",
            "resource_group_name": "rg-akse-dev",
            "subject": "system:serviceaccount:default:eso-akv-sa",
            "timeouts": null
          },
          "sensitive_attributes": [],
          "identity_schema_version": 0,
          "private": "eyJlMmJmYjczMC1lY2FhLTExZTYtOGY4OC0zNDM2M2JjN2M0YzAiOnsiY3JlYXRlIjoxODAwMDAwMDAwMDAwLCJkZWxldGUiOjE4MDAwMDAwMDAwMDAsInJlYWQiOjMwMDAwMDAwMDAwMCwidXBkYXRlIjoxODAwMDAwMDAwMDAwfX0=",
          "dependencies": [
            "azurerm_user_assigned_identity.identity",
            "kubernetes_service_account.eso_akv_sa",
            "module.aks.azurerm_kubernetes_cluster.aks",
            "module.rg.azurerm_resource_group.rg"
          ]
        }
      ]
    },
    {
      "mode": "managed",
      "type": "azurerm_role_assignment",
      "name": "aks_acr_pull",
      "provider": "provider[\"registry.terraform.io/hashicorp/azurerm\"]",
      "instances": [
        {
          "schema_version": 0,
          "attributes": {
            "condition": "",
            "condition_version": "",
            "delegated_managed_identity_resource_id": "",
            "description": "",
            "id": "/subscriptions/46e556d2-45fc-457e-9a6e-17c25753b61c/resourceGroups/rg-akse-dev/providers/Microsoft.ContainerRegistry/registries/aksecrdev1/providers/Microsoft.Authorization/roleAssignments/af1d25cd-3014-c7c5-4190-26b71072f81f",
            "name": "af1d25cd-3014-c7c5-4190-26b71072f81f",
            "principal_id": "9400cfef-d8c9-4735-8d8e-1f8d0e77412c",
            "principal_type": "ServicePrincipal",
            "role_definition_id": "/subscriptions/46e556d2-45fc-457e-9a6e-17c25753b61c/providers/Microsoft.Authorization/roleDefinitions/7f951dda-4ed3-4680-a7ca-43fe172d538d",
            "role_definition_name": "AcrPull",
            "scope": "/subscriptions/46e556d2-45fc-457e-9a6e-17c25753b61c/resourceGroups/rg-akse-dev/providers/Microsoft.ContainerRegistry/registries/aksecrdev1",
            "skip_service_principal_aad_check": true,
            "timeouts": null
          },
          "sensitive_attributes": [],
          "identity_schema_version": 0,
          "private": "eyJlMmJmYjczMC1lY2FhLTExZTYtOGY4OC0zNDM2M2JjN2M0YzAiOnsiY3JlYXRlIjoxODAwMDAwMDAwMDAwLCJkZWxldGUiOjE4MDAwMDAwMDAwMDAsInJlYWQiOjMwMDAwMDAwMDAwMH19",
          "dependencies": [
            "module.acr.azurerm_container_registry.acr",
            "module.aks.azurerm_kubernetes_cluster.aks",
            "module.rg.azurerm_resource_group.rg"
          ]
        }
      ]
    },
    {
      "mode": "managed",
      "type": "azurerm_role_assignment",
      "name": "kv_secrets",
      "provider": "provider[\"registry.terraform.io/hashicorp/azurerm\"]",
      "instances": [
        {
          "schema_version": 0,
          "attributes": {
            "condition": "",
            "condition_version": "",
            "delegated_managed_identity_resource_id": "",
            "description": "",
            "id": "/subscriptions/46e556d2-45fc-457e-9a6e-17c25753b61c/resourceGroups/rg-akse-dev/providers/Microsoft.KeyVault/vaults/kv-akse-dev/providers/Microsoft.Authorization/roleAssignments/a180a410-5271-263e-f7e0-d2935227c964",
            "name": "a180a410-5271-263e-f7e0-d2935227c964",
            "principal_id": "a2bf53b7-1975-4c8e-98a3-749650bb949e",
            "principal_type": "ServicePrincipal",
            "role_definition_id": "/subscriptions/46e556d2-45fc-457e-9a6e-17c25753b61c/providers/Microsoft.Authorization/roleDefinitions/4633458b-17de-408a-b874-0445c86b69e6",
            "role_definition_name": "Key Vault Secrets User",
            "scope": "/subscriptions/46e556d2-45fc-457e-9a6e-17c25753b61c/resourceGroups/rg-akse-dev/providers/Microsoft.KeyVault/vaults/kv-akse-dev",
            "skip_service_principal_aad_check": null,
            "timeouts": null
          },
          "sensitive_attributes": [],
          "identity_schema_version": 0,
          "private": "eyJlMmJmYjczMC1lY2FhLTExZTYtOGY4OC0zNDM2M2JjN2M0YzAiOnsiY3JlYXRlIjoxODAwMDAwMDAwMDAwLCJkZWxldGUiOjE4MDAwMDAwMDAwMDAsInJlYWQiOjMwMDAwMDAwMDAwMH19",
          "dependencies": [
            "azurerm_user_assigned_identity.identity",
            "data.azurerm_client_config.current",
            "module.kv.azurerm_key_vault.kv",
            "module.rg.azurerm_resource_group.rg"
          ]
        }
      ]
    },
    {
      "mode": "managed",
      "type": "azurerm_user_assigned_identity",
      "name": "identity",
      "provider": "provider[\"registry.terraform.io/hashicorp/azurerm\"]",
      "instances": [
        {
          "schema_version": 1,
          "attributes": {
            "client_id": "df11456c-2352-4fb2-b98b-6f50e4ebca0a",
            "id": "/subscriptions/46e556d2-45fc-457e-9a6e-17c25753b61c/resourceGroups/rg-akse-dev/providers/Microsoft.ManagedIdentity/userAssignedIdentities/identity",
            "location": "westeurope",
            "name": "identity",
            "principal_id": "a2bf53b7-1975-4c8e-98a3-749650bb949e",
            "resource_group_name": "rg-akse-dev",
            "tags": null,
            "tenant_id": "fe73884d-8d6f-4d22-94ac-b1d52fd5495f",
            "timeouts": null
          },
          "sensitive_attributes": [],
          "identity_schema_version": 0,
          "private": "eyJlMmJmYjczMC1lY2FhLTExZTYtOGY4OC0zNDM2M2JjN2M0YzAiOnsiY3JlYXRlIjoxODAwMDAwMDAwMDAwLCJkZWxldGUiOjE4MDAwMDAwMDAwMDAsInJlYWQiOjMwMDAwMDAwMDAwMCwidXBkYXRlIjoxODAwMDAwMDAwMDAwfSwic2NoZW1hX3ZlcnNpb24iOiIxIn0=",
          "dependencies": [
            "module.rg.azurerm_resource_group.rg"
          ]
        }
      ]
    },
    {
      "mode": "managed",
      "type": "helm_release",
      "name": "external_secrets_operator",
      "provider": "provider[\"registry.terraform.io/hashicorp/helm\"]",
      "instances": [
        {
          "schema_version": 1,
          "attributes": {
            "atomic": false,
            "chart": "external-secrets",
            "cleanup_on_fail": false,
            "create_namespace": false,
            "dependency_update": false,
            "description": null,
            "devel": null,
            "disable_crd_hooks": false,
            "disable_openapi_validation": false,
            "disable_webhooks": false,
            "force_update": false,
            "id": "external-secrets-operator",
            "keyring": null,
            "lint": false,
            "manifest": null,
            "max_history": 0,
            "metadata": [
              {
                "app_version": "v0.15.1",
                "chart": "external-secrets",
                "first_deployed": 1774292908,
                "last_deployed": 1774292908,
                "name": "external-secrets-operator",
                "namespace": "default",
                "notes": "external-secrets has been deployed successfully in namespace default!\n\nIn order to begin using ExternalSecrets, you will need to set up a SecretStore\nor ClusterSecretStore resource (for example, by creating a 'vault' SecretStore).\n\nMore information on the different types of SecretStores and how to configure them\ncan be found in our Github: https://github.com/external-secrets/external-secrets\n",
                "revision": 1,
                "values": "{\"serviceAccount\":{\"create\":false,\"name\":\"eso-akv-sa\"}}",
                "version": "0.15.1"
              }
            ],
            "name": "external-secrets-operator",
            "namespace": "default",
            "pass_credentials": false,
            "postrender": [],
            "recreate_pods": false,
            "render_subchart_notes": true,
            "replace": false,
            "repository": "https://charts.external-secrets.io",
            "repository_ca_file": null,
            "repository_cert_file": null,
            "repository_key_file": null,
            "repository_password": null,
            "repository_username": null,
            "reset_values": false,
            "reuse_values": false,
            "set": [],
            "set_list": [],
            "set_sensitive": [],
            "skip_crds": false,
            "status": "deployed",
            "timeout": 300,
            "upgrade_install": null,
            "values": [
              "\"serviceAccount\":\n  \"create\": false\n  \"name\": \"eso-akv-sa\"\n"
            ],
            "verify": false,
            "version": "0.15.1",
            "wait": true,
            "wait_for_jobs": false
          },
          "sensitive_attributes": [
            [
              {
                "type": "get_attr",
                "value": "repository_password"
              }
            ]
          ],
          "identity_schema_version": 0,
          "private": "eyJzY2hlbWFfdmVyc2lvbiI6IjEifQ==",
          "dependencies": [
            "azurerm_role_assignment.kv_secrets",
            "azurerm_user_assigned_identity.identity",
            "data.azurerm_client_config.current",
            "kubernetes_service_account.eso_akv_sa",
            "module.aks.azurerm_kubernetes_cluster.aks",
            "module.kv.azurerm_key_vault.kv",
            "module.rg.azurerm_resource_group.rg"
          ]
        }
      ]
    },
    {
      "mode": "managed",
      "type": "helm_release",
      "name": "ingress_nginx",
      "provider": "provider[\"registry.terraform.io/hashicorp/helm\"]",
      "instances": [
        {
          "schema_version": 1,
          "attributes": {
            "atomic": false,
            "chart": "ingress-nginx",
            "cleanup_on_fail": false,
            "create_namespace": true,
            "dependency_update": false,
            "description": null,
            "devel": null,
            "disable_crd_hooks": false,
            "disable_openapi_validation": false,
            "disable_webhooks": false,
            "force_update": false,
            "id": "ingress-nginx",
            "keyring": null,
            "lint": false,
            "manifest": null,
            "max_history": 0,
            "metadata": [
              {
                "app_version": "1.15.1",
                "chart": "ingress-nginx",
                "first_deployed": 1774292907,
                "last_deployed": 1774292907,
                "name": "ingress-nginx",
                "namespace": "ingress-nginx",
                "notes": "The ingress-nginx controller has been installed.\nIt may take a few minutes for the load balancer IP to be available.\nYou can watch the status by running 'kubectl get service --namespace ingress-nginx ingress-nginx-controller --output wide --watch'\n\nAn example Ingress that makes use of the controller:\n  apiVersion: networking.k8s.io/v1\n  kind: Ingress\n  metadata:\n    name: example\n    namespace: foo\n  spec:\n    ingressClassName: nginx\n    rules:\n      - host: www.example.com\n        http:\n          paths:\n            - pathType: Prefix\n              backend:\n                service:\n                  name: exampleService\n                  port:\n                    number: 80\n              path: /\n    # This section is only required if TLS is to be enabled for the Ingress\n    tls:\n      - hosts:\n        - www.example.com\n        secretName: example-tls\n\nIf TLS is enabled for the Ingress, a Secret containing the certificate and key must also be provided:\n\n  apiVersion: v1\n  kind: Secret\n  metadata:\n    name: example-tls\n    namespace: foo\n  data:\n    tls.crt: \u003cbase64 encoded cert\u003e\n    tls.key: \u003cbase64 encoded key\u003e\n  type: kubernetes.io/tls\n",
                "revision": 1,
                "values": "{\"controller\":{\"service\":{\"annotations\":{\"service.beta.kubernetes.io/port_443_health-probe_protocol\":\"Tcp\",\"service.beta.kubernetes.io/port_80_health-probe_protocol\":\"Tcp\"},\"type\":\"LoadBalancer\"}}}",
                "version": "4.15.1"
              }
            ],
            "name": "ingress-nginx",
            "namespace": "ingress-nginx",
            "pass_credentials": false,
            "postrender": [],
            "recreate_pods": false,
            "render_subchart_notes": true,
            "replace": false,
            "repository": "https://kubernetes.github.io/ingress-nginx",
            "repository_ca_file": null,
            "repository_cert_file": null,
            "repository_key_file": null,
            "repository_password": null,
            "repository_username": null,
            "reset_values": false,
            "reuse_values": false,
            "set": [
              {
                "name": "controller.service.annotations.service\\.beta\\.kubernetes\\.io/port_443_health-probe_protocol",
                "type": "",
                "value": "Tcp"
              },
              {
                "name": "controller.service.annotations.service\\.beta\\.kubernetes\\.io/port_80_health-probe_protocol",
                "type": "",
                "value": "Tcp"
              },
              {
                "name": "controller.service.type",
                "type": "",
                "value": "LoadBalancer"
              }
            ],
            "set_list": [],
            "set_sensitive": [],
            "skip_crds": false,
            "status": "deployed",
            "timeout": 300,
            "upgrade_install": null,
            "values": null,
            "verify": false,
            "version": "4.15.1",
            "wait": true,
            "wait_for_jobs": false
          },
          "sensitive_attributes": [
            [
              {
                "type": "get_attr",
                "value": "repository_password"
              }
            ]
          ],
          "identity_schema_version": 0,
          "private": "eyJzY2hlbWFfdmVyc2lvbiI6IjEifQ==",
          "dependencies": [
            "module.aks.azurerm_kubernetes_cluster.aks",
            "module.rg.azurerm_resource_group.rg"
          ]
        }
      ]
    },
    {
      "mode": "managed",
      "type": "helm_release",
      "name": "postgres",
      "provider": "provider[\"registry.terraform.io/hashicorp/helm\"]",
      "instances": [
        {
          "schema_version": 1,
          "attributes": {
            "atomic": false,
            "chart": "oci://registry-1.docker.io/cloudpirates/postgres",
            "cleanup_on_fail": false,
            "create_namespace": false,
            "dependency_update": false,
            "description": null,
            "devel": null,
            "disable_crd_hooks": false,
            "disable_openapi_validation": false,
            "disable_webhooks": false,
            "force_update": false,
            "id": "postgres",
            "keyring": null,
            "lint": false,
            "manifest": null,
            "max_history": 0,
            "metadata": [
              {
                "app_version": "18.3.0",
                "chart": "postgres",
                "first_deployed": 1774293060,
                "last_deployed": 1774293060,
                "name": "postgres",
                "namespace": "default",
                "notes": "",
                "revision": 1,
                "values": "{\"auth\":{\"database\":\"db-akse-dev\",\"existingSecret\":\"postgres-secret\",\"secretKeys\":{\"adminPasswordKey\":\"password\"},\"username\":\"postgres\"},\"service\":{\"port\":5432,\"targetPort\":5432}}",
                "version": "0.18.3"
              }
            ],
            "name": "postgres",
            "namespace": "default",
            "pass_credentials": false,
            "postrender": [],
            "recreate_pods": false,
            "render_subchart_notes": true,
            "replace": false,
            "repository": null,
            "repository_ca_file": null,
            "repository_cert_file": null,
            "repository_key_file": null,
            "repository_password": null,
            "repository_username": null,
            "reset_values": false,
            "reuse_values": false,
            "set": [],
            "set_list": [],
            "set_sensitive": [],
            "skip_crds": false,
            "status": "deployed",
            "timeout": 300,
            "upgrade_install": null,
            "values": [
              "\"auth\":\n  \"database\": \"db-akse-dev\"\n  \"existingSecret\": \"postgres-secret\"\n  \"secretKeys\":\n    \"adminPasswordKey\": \"password\"\n  \"username\": \"postgres\"\n\"service\":\n  \"port\": 5432\n  \"targetPort\": 5432\n"
            ],
            "verify": false,
            "version": "0.18.3",
            "wait": true,
            "wait_for_jobs": false
          },
          "sensitive_attributes": [
            [
              {
                "type": "get_attr",
                "value": "repository_password"
              }
            ]
          ],
          "identity_schema_version": 0,
          "private": "eyJzY2hlbWFfdmVyc2lvbiI6IjEifQ==",
          "dependencies": [
            "azurerm_role_assignment.kv_secrets",
            "azurerm_user_assigned_identity.identity",
            "data.azurerm_client_config.current",
            "helm_release.external_secrets_operator",
            "helm_release.postgres_secret",
            "helm_release.secret_store",
            "kubernetes_service_account.eso_akv_sa",
            "module.aks.azurerm_kubernetes_cluster.aks",
            "module.kv.azurerm_key_vault.kv",
            "module.rg.azurerm_resource_group.rg"
          ]
        }
      ]
    },
    {
      "mode": "managed",
      "type": "helm_release",
      "name": "postgres_secret",
      "provider": "provider[\"registry.terraform.io/hashicorp/helm\"]",
      "instances": [
        {
          "schema_version": 1,
          "attributes": {
            "atomic": false,
            "chart": "../helm/external-secret",
            "cleanup_on_fail": false,
            "create_namespace": false,
            "dependency_update": false,
            "description": null,
            "devel": null,
            "disable_crd_hooks": false,
            "disable_openapi_validation": true,
            "disable_webhooks": false,
            "force_update": false,
            "id": "postgres-secret",
            "keyring": null,
            "lint": false,
            "manifest": null,
            "max_history": 0,
            "metadata": [
              {
                "app_version": "",
                "chart": "external-secret",
                "first_deployed": 1774293052,
                "last_deployed": 1774293052,
                "name": "postgres-secret",
                "namespace": "default",
                "notes": "",
                "revision": 1,
                "values": "{\"data\":[{\"remoteRef\":{\"key\":\"postgres-password\"},\"secretKey\":\"password\"}],\"name\":\"postgres-secret\",\"secretStoreName\":\"secret-store\"}",
                "version": "0.1.0"
              }
            ],
            "name": "postgres-secret",
            "namespace": "default",
            "pass_credentials": false,
            "postrender": [],
            "recreate_pods": false,
            "render_subchart_notes": true,
            "replace": false,
            "repository": null,
            "repository_ca_file": null,
            "repository_cert_file": null,
            "repository_key_file": null,
            "repository_password": null,
            "repository_username": null,
            "reset_values": false,
            "reuse_values": false,
            "set": [],
            "set_list": [],
            "set_sensitive": [],
            "skip_crds": false,
            "status": "deployed",
            "timeout": 300,
            "upgrade_install": null,
            "values": [
              "\"data\":\n- \"remoteRef\":\n    \"key\": \"postgres-password\"\n  \"secretKey\": \"password\"\n\"name\": \"postgres-secret\"\n\"secretStoreName\": \"secret-store\"\n"
            ],
            "verify": false,
            "version": "0.1.0",
            "wait": true,
            "wait_for_jobs": false
          },
          "sensitive_attributes": [
            [
              {
                "type": "get_attr",
                "value": "repository_password"
              }
            ]
          ],
          "identity_schema_version": 0,
          "private": "eyJzY2hlbWFfdmVyc2lvbiI6IjEifQ==",
          "dependencies": [
            "azurerm_role_assignment.kv_secrets",
            "azurerm_user_assigned_identity.identity",
            "data.azurerm_client_config.current",
            "helm_release.external_secrets_operator",
            "helm_release.secret_store",
            "kubernetes_service_account.eso_akv_sa",
            "module.aks.azurerm_kubernetes_cluster.aks",
            "module.kv.azurerm_key_vault.kv",
            "module.rg.azurerm_resource_group.rg"
          ]
        }
      ]
    },
    {
      "mode": "managed",
      "type": "helm_release",
      "name": "rabbitmq",
      "provider": "provider[\"registry.terraform.io/hashicorp/helm\"]",
      "instances": [
        {
          "schema_version": 1,
          "attributes": {
            "atomic": false,
            "chart": "oci://registry-1.docker.io/cloudpirates/rabbitmq",
            "cleanup_on_fail": false,
            "create_namespace": false,
            "dependency_update": false,
            "description": null,
            "devel": null,
            "disable_crd_hooks": false,
            "disable_openapi_validation": false,
            "disable_webhooks": false,
            "force_update": false,
            "id": "rabbitmq",
            "keyring": null,
            "lint": false,
            "manifest": null,
            "max_history": 0,
            "metadata": [
              {
                "app_version": "4.2.5",
                "chart": "rabbitmq",
                "first_deployed": 1774293059,
                "last_deployed": 1774293059,
                "name": "rabbitmq",
                "namespace": "default",
                "notes": "",
                "revision": 1,
                "values": "{\"auth\":{\"existingErlangCookieKey\":\"cookie\",\"existingPasswordKey\":\"password\",\"existingSecret\":\"rabbitmq-secret\",\"username\":\"rabbitmq\"},\"service\":{\"amqpPort\":5672}}",
                "version": "0.19.6"
              }
            ],
            "name": "rabbitmq",
            "namespace": "default",
            "pass_credentials": false,
            "postrender": [],
            "recreate_pods": false,
            "render_subchart_notes": true,
            "replace": false,
            "repository": null,
            "repository_ca_file": null,
            "repository_cert_file": null,
            "repository_key_file": null,
            "repository_password": null,
            "repository_username": null,
            "reset_values": false,
            "reuse_values": false,
            "set": [],
            "set_list": [],
            "set_sensitive": [],
            "skip_crds": false,
            "status": "deployed",
            "timeout": 300,
            "upgrade_install": null,
            "values": [
              "\"auth\":\n  \"existingErlangCookieKey\": \"cookie\"\n  \"existingPasswordKey\": \"password\"\n  \"existingSecret\": \"rabbitmq-secret\"\n  \"username\": \"rabbitmq\"\n\"service\":\n  \"amqpPort\": 5672\n"
            ],
            "verify": false,
            "version": "0.19.6",
            "wait": true,
            "wait_for_jobs": false
          },
          "sensitive_attributes": [
            [
              {
                "type": "get_attr",
                "value": "repository_password"
              }
            ]
          ],
          "identity_schema_version": 0,
          "private": "eyJzY2hlbWFfdmVyc2lvbiI6IjEifQ==",
          "dependencies": [
            "azurerm_role_assignment.kv_secrets",
            "azurerm_user_assigned_identity.identity",
            "data.azurerm_client_config.current",
            "helm_release.external_secrets_operator",
            "helm_release.rabbitmq_secret",
            "helm_release.secret_store",
            "kubernetes_service_account.eso_akv_sa",
            "module.aks.azurerm_kubernetes_cluster.aks",
            "module.kv.azurerm_key_vault.kv",
            "module.rg.azurerm_resource_group.rg"
          ]
        }
      ]
    },
    {
      "mode": "managed",
      "type": "helm_release",
      "name": "rabbitmq_secret",
      "provider": "provider[\"registry.terraform.io/hashicorp/helm\"]",
      "instances": [
        {
          "schema_version": 1,
          "attributes": {
            "atomic": false,
            "chart": "../helm/external-secret",
            "cleanup_on_fail": false,
            "create_namespace": false,
            "dependency_update": false,
            "description": null,
            "devel": null,
            "disable_crd_hooks": false,
            "disable_openapi_validation": true,
            "disable_webhooks": false,
            "force_update": false,
            "id": "rabbitmq-secret",
            "keyring": null,
            "lint": false,
            "manifest": null,
            "max_history": 0,
            "metadata": [
              {
                "app_version": "",
                "chart": "external-secret",
                "first_deployed": 1774293052,
                "last_deployed": 1774293052,
                "name": "rabbitmq-secret",
                "namespace": "default",
                "notes": "",
                "revision": 1,
                "values": "{\"data\":[{\"remoteRef\":{\"key\":\"rabbitmq-password\"},\"secretKey\":\"password\"},{\"remoteRef\":{\"key\":\"rabbitmq-cookie\"},\"secretKey\":\"cookie\"}],\"name\":\"rabbitmq-secret\",\"secretStoreName\":\"secret-store\"}",
                "version": "0.1.0"
              }
            ],
            "name": "rabbitmq-secret",
            "namespace": "default",
            "pass_credentials": false,
            "postrender": [],
            "recreate_pods": false,
            "render_subchart_notes": true,
            "replace": false,
            "repository": null,
            "repository_ca_file": null,
            "repository_cert_file": null,
            "repository_key_file": null,
            "repository_password": null,
            "repository_username": null,
            "reset_values": false,
            "reuse_values": false,
            "set": [],
            "set_list": [],
            "set_sensitive": [],
            "skip_crds": false,
            "status": "deployed",
            "timeout": 300,
            "upgrade_install": null,
            "values": [
              "\"data\":\n- \"remoteRef\":\n    \"key\": \"rabbitmq-password\"\n  \"secretKey\": \"password\"\n- \"remoteRef\":\n    \"key\": \"rabbitmq-cookie\"\n  \"secretKey\": \"cookie\"\n\"name\": \"rabbitmq-secret\"\n\"secretStoreName\": \"secret-store\"\n"
            ],
            "verify": false,
            "version": "0.1.0",
            "wait": true,
            "wait_for_jobs": false
          },
          "sensitive_attributes": [
            [
              {
                "type": "get_attr",
                "value": "repository_password"
              }
            ]
          ],
          "identity_schema_version": 0,
          "private": "eyJzY2hlbWFfdmVyc2lvbiI6IjEifQ==",
          "dependencies": [
            "azurerm_role_assignment.kv_secrets",
            "azurerm_user_assigned_identity.identity",
            "data.azurerm_client_config.current",
            "helm_release.external_secrets_operator",
            "helm_release.secret_store",
            "kubernetes_service_account.eso_akv_sa",
            "module.aks.azurerm_kubernetes_cluster.aks",
            "module.kv.azurerm_key_vault.kv",
            "module.rg.azurerm_resource_group.rg"
          ]
        }
      ]
    },
    {
      "mode": "managed",
      "type": "helm_release",
      "name": "secret_store",
      "provider": "provider[\"registry.terraform.io/hashicorp/helm\"]",
      "instances": [
        {
          "schema_version": 1,
          "attributes": {
            "atomic": false,
            "chart": "../helm/secret-store",
            "cleanup_on_fail": false,
            "create_namespace": false,
            "dependency_update": false,
            "description": null,
            "devel": null,
            "disable_crd_hooks": false,
            "disable_openapi_validation": true,
            "disable_webhooks": false,
            "force_update": false,
            "id": "secret-store",
            "keyring": null,
            "lint": false,
            "manifest": null,
            "max_history": 0,
            "metadata": [
              {
                "app_version": "",
                "chart": "secret-store",
                "first_deployed": 1774293051,
                "last_deployed": 1774293051,
                "name": "secret-store",
                "namespace": "default",
                "notes": "",
                "revision": 1,
                "values": "{\"serviceAccountName\":\"eso-akv-sa\",\"vaultUrl\":\"https://kv-akse-dev.vault.azure.net/\"}",
                "version": "0.1.0"
              }
            ],
            "name": "secret-store",
            "namespace": "default",
            "pass_credentials": false,
            "postrender": [],
            "recreate_pods": false,
            "render_subchart_notes": true,
            "replace": false,
            "repository": null,
            "repository_ca_file": null,
            "repository_cert_file": null,
            "repository_key_file": null,
            "repository_password": null,
            "repository_username": null,
            "reset_values": false,
            "reuse_values": false,
            "set": [],
            "set_list": [],
            "set_sensitive": [],
            "skip_crds": false,
            "status": "deployed",
            "timeout": 300,
            "upgrade_install": null,
            "values": [
              "\"serviceAccountName\": \"eso-akv-sa\"\n\"vaultUrl\": \"https://kv-akse-dev.vault.azure.net/\"\n"
            ],
            "verify": false,
            "version": "0.1.0",
            "wait": true,
            "wait_for_jobs": false
          },
          "sensitive_attributes": [
            [
              {
                "type": "get_attr",
                "value": "repository_password"
              }
            ]
          ],
          "identity_schema_version": 0,
          "private": "eyJzY2hlbWFfdmVyc2lvbiI6IjEifQ==",
          "dependencies": [
            "azurerm_role_assignment.kv_secrets",
            "azurerm_user_assigned_identity.identity",
            "data.azurerm_client_config.current",
            "helm_release.external_secrets_operator",
            "kubernetes_service_account.eso_akv_sa",
            "module.aks.azurerm_kubernetes_cluster.aks",
            "module.kv.azurerm_key_vault.kv",
            "module.rg.azurerm_resource_group.rg"
          ]
        }
      ]
    },
    {
      "mode": "managed",
      "type": "kubernetes_service_account",
      "name": "eso_akv_sa",
      "provider": "provider[\"registry.terraform.io/hashicorp/kubernetes\"]",
      "instances": [
        {
          "schema_version": 0,
          "attributes": {
            "automount_service_account_token": true,
            "default_secret_name": "",
            "id": "default/eso-akv-sa",
            "image_pull_secret": [],
            "metadata": [
              {
                "annotations": {
                  "azure.workload.identity/client-id": "df11456c-2352-4fb2-b98b-6f50e4ebca0a",
                  "azure.workload.identity/tenant-id": "fe73884d-8d6f-4d22-94ac-b1d52fd5495f"
                },
                "generate_name": "",
                "generation": 0,
                "labels": {
                  "azure.workload.identity/use": "true"
                },
                "name": "eso-akv-sa",
                "namespace": "default",
                "resource_version": "2046",
                "uid": "f915bede-1774-421c-a6d2-71a87f9022c8"
              }
            ],
            "secret": [],
            "timeouts": null
          },
          "sensitive_attributes": [],
          "identity_schema_version": 1,
          "identity": {
            "api_version": "v1",
            "kind": "ServiceAccount",
            "name": "eso-akv-sa",
            "namespace": "default"
          },
          "private": "eyJlMmJmYjczMC1lY2FhLTExZTYtOGY4OC0zNDM2M2JjN2M0YzAiOnsiY3JlYXRlIjozMDAwMDAwMDAwMH19",
          "dependencies": [
            "azurerm_user_assigned_identity.identity",
            "module.aks.azurerm_kubernetes_cluster.aks",
            "module.rg.azurerm_resource_group.rg"
          ]
        }
      ]
    },
    {
      "module": "module.acr",
      "mode": "managed",
      "type": "azurerm_container_registry",
      "name": "acr",
      "provider": "provider[\"registry.terraform.io/hashicorp/azurerm\"]",
      "instances": [
        {
          "schema_version": 2,
          "attributes": {
            "admin_enabled": false,
            "admin_password": "",
            "admin_username": "",
            "anonymous_pull_enabled": false,
            "data_endpoint_enabled": false,
            "encryption": [
              {
                "enabled": false,
                "identity_client_id": "",
                "key_vault_key_id": ""
              }
            ],
            "export_policy_enabled": true,
            "georeplications": [],
            "id": "/subscriptions/46e556d2-45fc-457e-9a6e-17c25753b61c/resourceGroups/rg-akse-dev/providers/Microsoft.ContainerRegistry/registries/aksecrdev1",
            "identity": [],
            "location": "westeurope",
            "login_server": "aksecrdev1.azurecr.io",
            "name": "aksecrdev1",
            "network_rule_bypass_option": "AzureServices",
            "network_rule_set": [],
            "public_network_access_enabled": true,
            "quarantine_policy_enabled": false,
            "resource_group_name": "rg-akse-dev",
            "retention_policy": [
              {
                "days": 7,
                "enabled": false
              }
            ],
            "sku": "Basic",
            "tags": null,
            "timeouts": null,
            "trust_policy": [
              {
                "enabled": false
              }
            ],
            "zone_redundancy_enabled": false
          },
          "sensitive_attributes": [
            [
              {
                "type": "get_attr",
                "value": "admin_password"
              }
            ]
          ],
          "identity_schema_version": 0,
          "private": "eyJlMmJmYjczMC1lY2FhLTExZTYtOGY4OC0zNDM2M2JjN2M0YzAiOnsiY3JlYXRlIjoxODAwMDAwMDAwMDAwLCJkZWxldGUiOjE4MDAwMDAwMDAwMDAsInJlYWQiOjMwMDAwMDAwMDAwMCwidXBkYXRlIjoxODAwMDAwMDAwMDAwfSwic2NoZW1hX3ZlcnNpb24iOiIyIn0=",
          "dependencies": [
            "module.rg.azurerm_resource_group.rg"
          ]
        }
      ]
    },
    {
      "module": "module.aks",
      "mode": "managed",
      "type": "azurerm_kubernetes_cluster",
      "name": "aks",
      "provider": "provider[\"registry.terraform.io/hashicorp/azurerm\"]",
      "instances": [
        {
          "schema_version": 2,
          "attributes": {
            "aci_connector_linux": [],
            "api_server_access_profile": [],
            "api_server_authorized_ip_ranges": [],
            "auto_scaler_profile": [],
            "automatic_channel_upgrade": "",
            "azure_active_directory_role_based_access_control": [],
            "azure_policy_enabled": null,
            "confidential_computing": [],
            "cost_analysis_enabled": false,
            "current_kubernetes_version": "1.33.7",
            "custom_ca_trust_certificates_base64": null,
            "default_node_pool": [
              {
                "capacity_reservation_group_id": "",
                "custom_ca_trust_enabled": false,
                "enable_auto_scaling": false,
                "enable_host_encryption": false,
                "enable_node_public_ip": false,
                "fips_enabled": false,
                "gpu_instance": "",
                "host_group_id": "",
                "kubelet_config": [],
                "kubelet_disk_type": "OS",
                "linux_os_config": [],
                "max_count": 0,
                "max_pods": 250,
                "message_of_the_day": "",
                "min_count": 0,
                "name": "agentpool",
                "node_count": 1,
                "node_labels": {},
                "node_network_profile": [],
                "node_public_ip_prefix_id": "",
                "node_taints": null,
                "only_critical_addons_enabled": false,
                "orchestrator_version": "1.33",
                "os_disk_size_gb": 128,
                "os_disk_type": "Managed",
                "os_sku": "Ubuntu",
                "pod_subnet_id": "",
                "proximity_placement_group_id": "",
                "scale_down_mode": "Delete",
                "snapshot_id": "",
                "tags": null,
                "temporary_name_for_rotation": "",
                "type": "VirtualMachineScaleSets",
                "ultra_ssd_enabled": false,
                "upgrade_settings": [
                  {
                    "drain_timeout_in_minutes": 0,
                    "max_surge": "10%",
                    "node_soak_duration_in_minutes": 0
                  }
                ],
                "vm_size": "Standard_A2_v2",
                "vnet_subnet_id": "",
                "workload_runtime": "",
                "zones": null
              }
            ],
            "disk_encryption_set_id": "",
            "dns_prefix": "aks-akse-dev-dns",
            "dns_prefix_private_cluster": "",
            "edge_zone": "",
            "enable_pod_security_policy": false,
            "fqdn": "aks-akse-dev-dns-xoyd3gwy.hcp.westeurope.azmk8s.io",
            "http_application_routing_enabled": null,
            "http_application_routing_zone_name": null,
            "http_proxy_config": [],
            "id": "/subscriptions/46e556d2-45fc-457e-9a6e-17c25753b61c/resourceGroups/rg-akse-dev/providers/Microsoft.ContainerService/managedClusters/aks-akse-dev",
            "identity": [
              {
                "identity_ids": null,
                "principal_id": "468c85f5-d5fa-4c62-b636-88a66c718014",
                "tenant_id": "fe73884d-8d6f-4d22-94ac-b1d52fd5495f",
                "type": "SystemAssigned"
              }
            ],
            "image_cleaner_enabled": false,
            "image_cleaner_interval_hours": 48,
            "ingress_application_gateway": [],
            "key_management_service": [],
            "key_vault_secrets_provider": [],
            "kube_admin_config": [],
            "kube_admin_config_raw": "",
            "kube_config": [
              {
                "client_certificate": "LS0tLS1CRUdJTiBDRVJUSUZJQ0FURS0tLS0tCk1JSUZIVENDQXdXZ0F3SUJBZ0lRWXo3REk2MWw1VGJhdnBCYXI1SVRmakFOQmdrcWhraUc5dzBCQVFzRkFEQU4KTVFzd0NRWURWUVFERXdKallUQWVGdzB5TmpBek1qTXhPRFV6TXpkYUZ3MHlPREF6TWpNeE9UQXpNemRhTURBeApGekFWQmdOVkJBb1REbk41YzNSbGJUcHRZWE4wWlhKek1SVXdFd1lEVlFRREV3eHRZWE4wWlhKamJHbGxiblF3CmdnSWlNQTBHQ1NxR1NJYjNEUUVCQVFVQUE0SUNEd0F3Z2dJS0FvSUNBUURCQ0lmWXB3V1Z5R25mQ0VMUG9FR2MKelpWUGtVR1dvYllzWVRUb2czVS9xL2Z6c1RQY01QY01hOHkvRmhqWU1jRVR1QndTVkFSd1owY0tPNEJOQXdOMwpTTm45c09ISlVZdXorV3IyNUNxY05tR2NrMHlYK2ZCZ01ac2xNakZSVUNKTDV0ZTVQNEJhdURRbncvZmVldjNuCnFHZTVINTFzZFFJY2IyVytmaC84K0xkR1NhTGxMNmJ1ajJVSzdwRnplVXJRL0FpdTlwNFE2VjdrNklyODBSUCsKckNob09YVVh2UTRkVEdETHYyUytoWEY1TE9pZmFPanFUZ1MzODVzYXhXaVlBQ0FScy9VSFR3RXIvM2FhWGs2cwp1QW1lS3JMT2xCb0c2a29qQzFmNTFoY05RalR5M3pyOEJJTkM2ZXlpNDZDajBsME53bjh0bC91SVRvT08ySHhpCklLZm9HL1NCbTl0UVpySnNMNHdZRkNzNDBEUmpWeklZTm0zVEt0U1lNdjVSVm9hellwNUwyVWZleC8rc0dUcEIKREo4bS92bHJ0a1BNZGJ4VXhwRlFTK21SRjFOTlY0c21jSWE2S0I1emxSVlNmTExZZzdXcWlRbzlhWWcyUVJZNgpMQmZDcVhPTTlzdEdRY0NocXVTUWNaWnV2TnJnLytEbW91OXQ4NDlvK0F5YjZUZzRjbHVtUW9nSGJjVXRKclFJClFqZXE1NmxHQVA5MGdpMDFJWlNVckFMODNNL2d1SU1ZZFdpS3RmWVpjbnRaSzlMcHhRRVN4bXRHby9OMWc4T0sKMXpnd3BpbUFZbldwSlQ0cEFucVlrN3N4c25kNFd5VzJVS3RtSk5Zd2hpVjhvcXJpYmg0VGZvNWNJTmJ1L0t6RgpJV2d2aDFITkdhT0VFdjFyejBwTjNRSURBUUFCbzFZd1ZEQU9CZ05WSFE4QkFmOEVCQU1DQmFBd0V3WURWUjBsCkJBd3dDZ1lJS3dZQkJRVUhBd0l3REFZRFZSMFRBUUgvQkFJd0FEQWZCZ05WSFNNRUdEQVdnQlFhblIrSGNMTTUKYnRObEM3OTNVRGpEcnkzaEdUQU5CZ2txaGtpRzl3MEJBUXNGQUFPQ0FnRUFXMWZKMXlkbWN3ZldFakdrYmRPUwp2S2dYcWZVclprSkhwdS9XdEFaemk4b3VJR0FYMVJ5UCsxWk5laGJsaSs4ODhIMzdZZXFwZ2FMOVcybnI2bmdYCnoyZE5IWFJKU1FQTUJQckFza245UUZ4bDFZN0xhSER0QXZmQU83cFpTT0J5QXFFZTloQlZadkVRaHJtOWNtTkwKMkFrMS9wb2hGSU5yRzZ1ZnVqUDhXdVRlVEFpKys0R3YwTG14RmppRnQvNGxrM0lodWxmNnRSUTBXd3VDWkFNTwp5cnNhc1VqODJqYWZ1QmU0TXFyRFI5a2JJeU4rOVpjVjNCRHo3a25mSGZNR0ZZTDd3MlhIZFRFQ0VWOGVSY0ZHCkpMKzQ3QXF5YVAxWG9ZMmpwd2pDS1o2NCtVUklPVmVydGQxbXpDSnBDQzBoWmJsRHdZKys2K1dvZE5veG1GWFoKSE1XeW1TdStDWVVGUmI1aGNOWllEQ0NaZzg5NkY4VE1rY3FnZGJ6c3VVNm5oL001UjU2SFVrV2pCbnVVUnJrawo0M1Z6K002WXdRWlduMkU0eGh1U2tFQ1ltazNTblNCaUt1NnpEK2srTzRMbVlmb0xINWhLU3ZYTW1BWG9qVlVPCmE0eE14NEhpNFF1M09PRGRjNjBWVmRmV1JpZGpORTVzRmQveVJmbENJYVB6dFhqMU9EV2lXalhFa2llYzhBU0MKYit5bktvRzhaRFhZZ2RtTW9uK0lLRzVjcmR0M2FnV2JHY3FvNWtvZnB4dG9VSEMvVkM2ZmpYY01ZVThGc2tYTgpkVTdWQ3BlZ1NWS2JHRHQ2eEVhOGNXRkQxMXFIVytoc241LzF4RjBJeXBUU2x6ckMxMUsxSWRmbUtkVUNIV2YyCkRlSnRiSzR6TnBHSWtLOHJVRzdldU1BPQotLS0tLUVORCBDRVJUSUZJQ0FURS0tLS0tCg==",
                "client_key": "LS0tLS1CRUdJTiBSU0EgUFJJVkFURSBLRVktLS0tLQpNSUlKS1FJQkFBS0NBZ0VBd1FpSDJLY0ZsY2hwM3doQ3o2QkJuTTJWVDVGQmxxRzJMR0UwNklOMVA2djM4N0V6CjNERDNER3ZNdnhZWTJESEJFN2djRWxRRWNHZEhDanVBVFFNRGQwalovYkRoeVZHTHMvbHE5dVFxbkRaaG5KTk0KbC9ud1lER2JKVEl4VVZBaVMrYlh1VCtBV3JnMEo4UDMzbnI5NTZobnVSK2RiSFVDSEc5bHZuNGYvUGkzUmttaQo1UyttN285bEN1NlJjM2xLMFB3SXJ2YWVFT2xlNU9pSy9ORVQvcXdvYURsMUY3ME9IVXhneTc5a3ZvVnhlU3pvCm4yam82azRFdC9PYkdzVm9tQUFnRWJQMUIwOEJLLzkybWw1T3JMZ0puaXF5enBRYUJ1cEtJd3RYK2RZWERVSTAKOHQ4Ni9BU0RRdW5zb3VPZ285SmREY0ovTFpmN2lFNkRqdGg4WWlDbjZCdjBnWnZiVUdheWJDK01HQlFyT05BMApZMWN5R0RadDB5clVtREwrVVZhR3MyS2VTOWxIM3NmL3JCazZRUXlmSnY3NWE3WkR6SFc4Vk1hUlVFdnBrUmRUClRWZUxKbkNHdWlnZWM1VVZVbnl5MklPMXFva0tQV21JTmtFV09pd1h3cWx6alBiTFJrSEFvYXJra0hHV2JyemEKNFAvZzVxTHZiZk9QYVBnTW0razRPSEpicGtLSUIyM0ZMU2EwQ0VJM3F1ZXBSZ0QvZElJdE5TR1VsS3dDL056UAo0TGlER0hWb2lyWDJHWEo3V1N2UzZjVUJFc1pyUnFQemRZUERpdGM0TUtZcGdHSjFxU1UrS1FKNm1KTzdNYkozCmVGc2x0bENyWmlUV01JWWxmS0txNG00ZUUzNk9YQ0RXN3Z5c3hTRm9MNGRSelJtamhCTDlhODlLVGQwQ0F3RUEKQVFLQ0FnQUFwaEx3elRUbFdUaFQzYzc5ckNQMFR6T1FnaVEyaWFJWFdaZElMY0xyM1J2Vzk1STlTL1BVbUpzbQpURUIybjRvdTB3aFRIbkdxWUFwNjFCTGREMlRJVnBnVzlHeDUxUHFUZHdQZlF3cUtubHNySDhxYTJ5WHQ2TlRFCjVmdUk4cXcrMVk2RmlwdFhrclZvS2M0d012a2QrWENwekZ1bTFPaldLQ0N2S0hUYWtJcHJJODIybC9lblp4ZDMKbHpBcGMyK25McVduMHQvYW5qSXBza2RmVEtPVTBFYk5mTjN5SDdwSHFtMUwyZitRYlZuaGhwOWNnOGwrbWhjRgplRDNkOCtwalVtTEpOSEhmSGFxYkYzOXlTdDFZVXNFRGhWQzNCWVBsNEkweHUzVEcrK3QxYWJMTVd5Z3pWeCtLCnpzYnpFREZHdzZyNDVCMnh6VWcwMzlDczN2amlDUXIxdXdMTGdrbTJUYVUrVS85Yy9hSld6Z2RkOUZ2YStoQTEKd0ZFYjE5OCtheGwyTkNWRVdtblA5NnU4MzVQTXZheFlxV3hUcnkxZC94dTdWbjRINlFIdXRDQi8rMXdVU0xhUgoxd3NGVXVmNHg5WHNWalBHc1NHbUFkMDd3OWRPWjFEYnJ4OFNLMWpCNVhHOUdvT3hZOURnT1VsaGRtVmovZjhqCnVxYW9hcGtmR3Y1M3BtUEh2UGFhaEFLalNGV3AyaFBJcTVzZ1R6TW5PZFhySnRYUHFLNEZRMFJaYk1LWnJ5WmgKektiRHNCaHh5S1RmcW02YlJZSHpXMkI3cGdldUNLUTBKdnRHZjRTWEZIUkZvWTBESm10MVRKUGFPL1llS3F5bAp3U29ySzFra0pDQTk1aVhqNHBmRE00VldKQmh1S05OTWkyVmdubE5yWDVEVW1KOFZ1UUtDQVFFQTc3dlZBS0QyClV0TnRPRlNZcThEL0lLSWtpcUlCTVlFVnpjZlV2VmtRWjFEZVROTTVPTWpWb0l4bVA2RkdBN1RyN3VNOXBnRTYKNCtCVGJiOGs4NERIRTIwN0dySmU1MjdTV08zNFBuaVVoRTlHN3NwU1VLUk5BVHJSblJjc3V6VnFXZVdycEs4UwpkTjFnVnAwVXpLV0VtK3dDRGZXTUtzdjBIQ2d4ZnRiKzEySUJIZ010QkFpcy91bFJyOGFFelJlNFdKYzZVUk90CldWejZhRmdoZ0QxblhST2daSHVCbWxoQlNDSTFMRnF2ZmxUYVNaWVoramxrRHIvOTF2eFVQUnJ3QWN4V3QzZXoKVGYycHlqWktXOHAvRjQxQjl5QWZxajFWNkEwbmVJaHFvSGxvZzF3aUt6YXZveTd1U3c1a09hZXJucVluV3pPKwo1Q0tOclRmcW01L1ZSUUtDQVFFQXppR0RtRDdqME1QSk1jeVJSZmZjT1M1OVV3ZUJqcysyRkw2ZU53UTFBTUNVCm92bThTbW1va3A2Tkx1d21YeUJzR20rdVZsNFBIQ0xES0VTN1ZSc2NOWGprNGZNSjZsK1RZNXVaK090NWNxVkkKZ2xhK2JRMXJsZkdNVkNjVWVuWjNWOWtzUVRPNUUrS1Mzbnl6elZheHZyRVB6TFE1ZktCRHVxT0Y3TnhlTlBaLwo3UjdMRnFhREFZMU10ZmlCY2NxV2lMVEllSm5EU0JQam1CRHpYeUczb21uREFEQ3lyV1M2L1lyNE9RcmtjMFVsCmtybjdVR3VmZVlTQkZUY0hHOW80UHFBYXpvWTg1d2tzV0FHcklrN1FEQzVEWUlFZU5kL05DVHZTTnYvTTJmcU0KSEltMW8xU2I5VnB3SHZjakdyRWQzT0s2WEhHNXRIRlVqL1dOZGtuanVRS0NBUUFoWHpGWWhBK21HZjV6UC90OAp0VUlPcGVPV1ZOVDdzaTk1MU41OWVUOTZVbHlQcnp1Zzl2d2QvRTFqZ0N6QjZWYUtpNkdTVVV1RVd6N2g0U0RnCnNNV0ZvOGY5Z0dVTHJIYWxvSUxWRjIzOU9SZnp0OEJicjNOMHYxNWNrdFJNUHpSTnpWWG1kK1NHMWlaS0NGWFQKNHhxaHBlbm5UWTQwaXUyeFdic0NJQ1diaiszOTRvMUtxWGFEaWJFd1dkODB1WitVM1lCbHR1cURyUmpDbTdvVwpJdllYazlyWkFnUlptdjJEY0JlYzFBYm4vQ0hpNm4wMVF2WDF3NjR2VmpMWHlyOHNVT2lsWTRsWFN2OXV3YjM2Ckp5Y24vU2I0b3NVbHFxSWh5bXI3TVdvK2FvZ3MrUTljbXFFNmd4Ynk1YzczNDZwVlRHWGdJVVRxZHhEbjB3ZmEKb0JaTkFvSUJBUUNyK1RBR0Urb1RZVlQ1TkRlN2pUZnhpUVRNQWNZb2RNanZjNzBpSDJOdEZqNnIzZmttaUJJNQpDUWkzTGhReFp5WnB3K1ZLYnp6aDkycWtyUHN4M09WakExTEo0Ky9RMXg1cml3VWh0S3RsWjlvZnkra2hxSUdxCjNwUjZIUVNyeXl4MFlWN1hveVIxSDZIeTkwMDNNbTRtcnlpRVc1UmVrb01QTXFCb1pjNC9GNnpSRXREVE8rYXUKbzhsdFJFQVN4TGRrcEpkZ2JzQ0s0UFVRQ0l4VFFSa282bDNqU2IyNGhnS3Z4NEtpYktEK1BxRkRVZUVIVGxNRgptZlByMURZZEdhbTFMZlJQZTVWU0Y4Z2tRSGdicm05S3lrb3lPR2NSQVgvWmhVd3owS1NDODlKemVMek80S2NoClF1dXFHZnZ5cC9SSE5lM1BkSjQvbWhHMzdXQ3hZS0laQW9JQkFRRGJxNFFLTFprWFN0YW1BaFN6VWlMWUJxbk0KVzhsampiaXVnTnVQRVZ5VUN1NDhsM1ljcXFRSlp6RzQ0YTExRWthYWhqYXJsZ0RDTS8xaldRdzNZM3kzMEVpbApSMFZUK20rTTlEZE5MVXZiWHNzZ2szTU1IaHVsOTJnSFUva3loR3pheHBRVWpPZStmOVEycHJ3OFdYWXY2ODdUCndUR1BnNlB1VkNzMUt6UC9yYmF5ZTVPWXB3TStSOFNPdkhFS20vVnNrQzM3Q3pSN1RJK05rZ1YzNDY3anRIU3gKUWc4YnNidUllcTU0WkJSbmQ3Vkk3N2MwTFYxMWRzK2ZwZjdsNFlyNDZ5TEFsUzladmFIYUxjNDVyQVBZaXdSegp2L1Z3Mm9rVmJYTTdJSWlEMXUyQ2U3NVFsbFBzd250M2lMa0ZEenR4VFJpZXRQWkY4M2hVTDJSeERLS2YKLS0tLS1FTkQgUlNBIFBSSVZBVEUgS0VZLS0tLS0K",
                "cluster_ca_certificate": "LS0tLS1CRUdJTiBDRVJUSUZJQ0FURS0tLS0tCk1JSUU2VENDQXRHZ0F3SUJBZ0lSQU42R2lvVERnaENvMWd4TzRIUjQ3RHd3RFFZSktvWklodmNOQVFFTEJRQXcKRFRFTE1Ba0dBMVVFQXhNQ1kyRXdJQmNOTWpZd016SXpNVGcxTXpNM1doZ1BNakExTmpBek1qTXhPVEF6TXpkYQpNQTB4Q3pBSkJnTlZCQU1UQW1OaE1JSUNJakFOQmdrcWhraUc5dzBCQVFFRkFBT0NBZzhBTUlJQ0NnS0NBZ0VBCjhnVU9nS2lHT2pPV0tVVTNmakl4cjhRVHdVR2dxbnJoVmJ4bWlvRXlQUDlsYnEvS2pzSWFqdU01MXRoNkJ1dHAKM1FIaXM2YkE5elFJcEwzZGNKcUtEM0ZmcU9PYU4wdnVVRWkzWDVIN05TVnd6QUtZUlFNYzNEZS9mS2c1eGhWKwp6dW9XMEtZcmhadDAvVXlHNDZuck5xL0IyYk1nZlBaR3psb3NJWktLYmtIVEdQUnRqbmtxeW55K3lUenpsbUJ3Ckp5MStyNXJCd2w1TU9TZTc1SThzbnlVYmk0dlp4d2FaVXJvNklPN3hFS0RNR21uZ0tPMzVJdGozbjU0SUVCZGEKT211UjdaZlBjb2V2UDYzVzE4aWhsMElDTmROWlRoUkxKZlpoTVlOZTBFSHVqOXhySGhyOGh5cWlTUGFQR2U1ZQpCd1owR2x5US9FU2VPcTQ2MUIzKzJENmlZNWZUYnpWTTZHTUlGMXgraXFiT0ZTbUVNb0dwRDQ4V2g4S0FFV3dJCnduWkZCMXNpbS8weUwwZElFbzhoeExuR01wbU1PcVZ3eStwdDVKWkJtMStoQVY2d1ZYUnRzcGJPeFVrRDBSRUEKQUV1M2x0bjZ2N3Q4NG9HSDA1eS90TFJpOFRwd0UyTXpVZTdWZGtLQWsraDVYUnZkY1NOVVZSdXBJdktVeUdpRApEMUxucXpXSURad3FyQ2tqamxuOXQ2eWc5TFBOWDQyVjJVbUJIV3l5dnZHVEs3Mkp6VUpKaTBVQXF5Yk9va0tuCnYvcnpqZ3dQTEpmampWL2IvbmR4eXVlZHp3U0dqMFRwWjVYN3RlOTY1bkE4UDMwTVZBU2dTSlVRano5NjJrdzMKQkpMUFBCUkQyc2J4UWJMZklMLytrNDhybk5MRDZxeDRoM2d2SU9qcWJwMENBd0VBQWFOQ01FQXdEZ1lEVlIwUApBUUgvQkFRREFnS2tNQThHQTFVZEV3RUIvd1FGTUFNQkFmOHdIUVlEVlIwT0JCWUVGQnFkSDRkd3N6bHUwMlVMCnYzZFFPTU92TGVFWk1BMEdDU3FHU0liM0RRRUJDd1VBQTRJQ0FRQUdPR2xFM1VSRlMzMXhKKys2c0JaVWVvK1kKN2E4eHJhbjFXMEpOQ0NCMXoyUnJWZmtZN0JkdFRndzFqaFNpWGtYS2lVUmZydHdPSjZ1OThwY2xvVW4wazJ6dApPYkEralFwRFk2dEE1c0drbS95WjNKVk1zU2RlcVgzTEprUXJHeVRGdzNtWWdoYUtHSDFIUWMrRWVuYU8yYjlvCnhPMFFnc1Nvb2dlYXR0NVhkRmN6akVURktpL2lLNW9xdkpNdzc3Mi9Jd3hMOGg4NFhCQUgzUzNXdUs1Y1Z2NGoKOU90aFlxM0JhTHNla3ZubDFlaW5NcHZpUzhHMXBNcGtTNTBPSThuMXo2dTl4UStIRXE1dUlvKzVIenRBVUtGaApnK3lVZk1jRTc2RXBvNUh6N3VVVVg3UjB4Y2JlRzFxRW0yVjRRVjJKcTFldGdNaEp1b013ZWkxWnQ0MENvdmNvCkFDV29kOEtoV2IreHNlNzVvUHBpTnh5bk5oTXpNQjlHYXFsZFdLWVQ0cEtFWmhXL1VWRkgvaXlKWm4zQkNrbzkKa0hoRG04VitrNHpMM0ZwcEtrcHkwbXp1eVJyS01SdVhsTHQrUDRuQTNrTTVuNVE4alMyMlZPOUpKR01xT05wOQpkYUYrZVh0VC8ya2NaanpBbE04aHM3SCtqRkpkUkRVODNOVzFNWVlRSnJvcjZOUjVUbktHMm41a0pMd0djWG5vCnltUmkxWjRMWlozRitwV2d1VWExaUpVVm9EbU95N2l0dW90MGoxdEtzVWRPMDlZL0F5OHora0JGVTVrVjRRdjYKWDhuYmdNRzlxdGRYTy8rbUkwQ3VXMG5GTzlSV09aRW5xdnMwYnJtZ3c0NXU4aGtVMENhNmJCZGc3c3FkREg1RAp3dGpWMnJ2NlpiZnl3alZ4S1E9PQotLS0tLUVORCBDRVJUSUZJQ0FURS0tLS0tCg==",
                "host": "https://aks-akse-dev-dns-xoyd3gwy.hcp.westeurope.azmk8s.io:443",
                "password": "twt5hvn1hkfyosysfgp8x774udo6cvhd9jbve5u08361cqplive6c50vt0t99k32moccbehml1gmprhm530e82p4vpdbsdqr1k9jj1p7seui0p0dxsg9qcv4qo2iv8yk",
                "username": "clusterUser_rg-akse-dev_aks-akse-dev"
              }
            ],
            "kube_config_raw": "apiVersion: v1\nclusters:\n- cluster:\n    certificate-authority-data: LS0tLS1CRUdJTiBDRVJUSUZJQ0FURS0tLS0tCk1JSUU2VENDQXRHZ0F3SUJBZ0lSQU42R2lvVERnaENvMWd4TzRIUjQ3RHd3RFFZSktvWklodmNOQVFFTEJRQXcKRFRFTE1Ba0dBMVVFQXhNQ1kyRXdJQmNOTWpZd016SXpNVGcxTXpNM1doZ1BNakExTmpBek1qTXhPVEF6TXpkYQpNQTB4Q3pBSkJnTlZCQU1UQW1OaE1JSUNJakFOQmdrcWhraUc5dzBCQVFFRkFBT0NBZzhBTUlJQ0NnS0NBZ0VBCjhnVU9nS2lHT2pPV0tVVTNmakl4cjhRVHdVR2dxbnJoVmJ4bWlvRXlQUDlsYnEvS2pzSWFqdU01MXRoNkJ1dHAKM1FIaXM2YkE5elFJcEwzZGNKcUtEM0ZmcU9PYU4wdnVVRWkzWDVIN05TVnd6QUtZUlFNYzNEZS9mS2c1eGhWKwp6dW9XMEtZcmhadDAvVXlHNDZuck5xL0IyYk1nZlBaR3psb3NJWktLYmtIVEdQUnRqbmtxeW55K3lUenpsbUJ3Ckp5MStyNXJCd2w1TU9TZTc1SThzbnlVYmk0dlp4d2FaVXJvNklPN3hFS0RNR21uZ0tPMzVJdGozbjU0SUVCZGEKT211UjdaZlBjb2V2UDYzVzE4aWhsMElDTmROWlRoUkxKZlpoTVlOZTBFSHVqOXhySGhyOGh5cWlTUGFQR2U1ZQpCd1owR2x5US9FU2VPcTQ2MUIzKzJENmlZNWZUYnpWTTZHTUlGMXgraXFiT0ZTbUVNb0dwRDQ4V2g4S0FFV3dJCnduWkZCMXNpbS8weUwwZElFbzhoeExuR01wbU1PcVZ3eStwdDVKWkJtMStoQVY2d1ZYUnRzcGJPeFVrRDBSRUEKQUV1M2x0bjZ2N3Q4NG9HSDA1eS90TFJpOFRwd0UyTXpVZTdWZGtLQWsraDVYUnZkY1NOVVZSdXBJdktVeUdpRApEMUxucXpXSURad3FyQ2tqamxuOXQ2eWc5TFBOWDQyVjJVbUJIV3l5dnZHVEs3Mkp6VUpKaTBVQXF5Yk9va0tuCnYvcnpqZ3dQTEpmampWL2IvbmR4eXVlZHp3U0dqMFRwWjVYN3RlOTY1bkE4UDMwTVZBU2dTSlVRano5NjJrdzMKQkpMUFBCUkQyc2J4UWJMZklMLytrNDhybk5MRDZxeDRoM2d2SU9qcWJwMENBd0VBQWFOQ01FQXdEZ1lEVlIwUApBUUgvQkFRREFnS2tNQThHQTFVZEV3RUIvd1FGTUFNQkFmOHdIUVlEVlIwT0JCWUVGQnFkSDRkd3N6bHUwMlVMCnYzZFFPTU92TGVFWk1BMEdDU3FHU0liM0RRRUJDd1VBQTRJQ0FRQUdPR2xFM1VSRlMzMXhKKys2c0JaVWVvK1kKN2E4eHJhbjFXMEpOQ0NCMXoyUnJWZmtZN0JkdFRndzFqaFNpWGtYS2lVUmZydHdPSjZ1OThwY2xvVW4wazJ6dApPYkEralFwRFk2dEE1c0drbS95WjNKVk1zU2RlcVgzTEprUXJHeVRGdzNtWWdoYUtHSDFIUWMrRWVuYU8yYjlvCnhPMFFnc1Nvb2dlYXR0NVhkRmN6akVURktpL2lLNW9xdkpNdzc3Mi9Jd3hMOGg4NFhCQUgzUzNXdUs1Y1Z2NGoKOU90aFlxM0JhTHNla3ZubDFlaW5NcHZpUzhHMXBNcGtTNTBPSThuMXo2dTl4UStIRXE1dUlvKzVIenRBVUtGaApnK3lVZk1jRTc2RXBvNUh6N3VVVVg3UjB4Y2JlRzFxRW0yVjRRVjJKcTFldGdNaEp1b013ZWkxWnQ0MENvdmNvCkFDV29kOEtoV2IreHNlNzVvUHBpTnh5bk5oTXpNQjlHYXFsZFdLWVQ0cEtFWmhXL1VWRkgvaXlKWm4zQkNrbzkKa0hoRG04VitrNHpMM0ZwcEtrcHkwbXp1eVJyS01SdVhsTHQrUDRuQTNrTTVuNVE4alMyMlZPOUpKR01xT05wOQpkYUYrZVh0VC8ya2NaanpBbE04aHM3SCtqRkpkUkRVODNOVzFNWVlRSnJvcjZOUjVUbktHMm41a0pMd0djWG5vCnltUmkxWjRMWlozRitwV2d1VWExaUpVVm9EbU95N2l0dW90MGoxdEtzVWRPMDlZL0F5OHora0JGVTVrVjRRdjYKWDhuYmdNRzlxdGRYTy8rbUkwQ3VXMG5GTzlSV09aRW5xdnMwYnJtZ3c0NXU4aGtVMENhNmJCZGc3c3FkREg1RAp3dGpWMnJ2NlpiZnl3alZ4S1E9PQotLS0tLUVORCBDRVJUSUZJQ0FURS0tLS0tCg==\n    server: https://aks-akse-dev-dns-xoyd3gwy.hcp.westeurope.azmk8s.io:443\n  name: aks-akse-dev\ncontexts:\n- context:\n    cluster: aks-akse-dev\n    user: clusterUser_rg-akse-dev_aks-akse-dev\n  name: aks-akse-dev\ncurrent-context: aks-akse-dev\nkind: Config\nusers:\n- name: clusterUser_rg-akse-dev_aks-akse-dev\n  user:\n    client-certificate-data: LS0tLS1CRUdJTiBDRVJUSUZJQ0FURS0tLS0tCk1JSUZIVENDQXdXZ0F3SUJBZ0lRWXo3REk2MWw1VGJhdnBCYXI1SVRmakFOQmdrcWhraUc5dzBCQVFzRkFEQU4KTVFzd0NRWURWUVFERXdKallUQWVGdzB5TmpBek1qTXhPRFV6TXpkYUZ3MHlPREF6TWpNeE9UQXpNemRhTURBeApGekFWQmdOVkJBb1REbk41YzNSbGJUcHRZWE4wWlhKek1SVXdFd1lEVlFRREV3eHRZWE4wWlhKamJHbGxiblF3CmdnSWlNQTBHQ1NxR1NJYjNEUUVCQVFVQUE0SUNEd0F3Z2dJS0FvSUNBUURCQ0lmWXB3V1Z5R25mQ0VMUG9FR2MKelpWUGtVR1dvYllzWVRUb2czVS9xL2Z6c1RQY01QY01hOHkvRmhqWU1jRVR1QndTVkFSd1owY0tPNEJOQXdOMwpTTm45c09ISlVZdXorV3IyNUNxY05tR2NrMHlYK2ZCZ01ac2xNakZSVUNKTDV0ZTVQNEJhdURRbncvZmVldjNuCnFHZTVINTFzZFFJY2IyVytmaC84K0xkR1NhTGxMNmJ1ajJVSzdwRnplVXJRL0FpdTlwNFE2VjdrNklyODBSUCsKckNob09YVVh2UTRkVEdETHYyUytoWEY1TE9pZmFPanFUZ1MzODVzYXhXaVlBQ0FScy9VSFR3RXIvM2FhWGs2cwp1QW1lS3JMT2xCb0c2a29qQzFmNTFoY05RalR5M3pyOEJJTkM2ZXlpNDZDajBsME53bjh0bC91SVRvT08ySHhpCklLZm9HL1NCbTl0UVpySnNMNHdZRkNzNDBEUmpWeklZTm0zVEt0U1lNdjVSVm9hellwNUwyVWZleC8rc0dUcEIKREo4bS92bHJ0a1BNZGJ4VXhwRlFTK21SRjFOTlY0c21jSWE2S0I1emxSVlNmTExZZzdXcWlRbzlhWWcyUVJZNgpMQmZDcVhPTTlzdEdRY0NocXVTUWNaWnV2TnJnLytEbW91OXQ4NDlvK0F5YjZUZzRjbHVtUW9nSGJjVXRKclFJClFqZXE1NmxHQVA5MGdpMDFJWlNVckFMODNNL2d1SU1ZZFdpS3RmWVpjbnRaSzlMcHhRRVN4bXRHby9OMWc4T0sKMXpnd3BpbUFZbldwSlQ0cEFucVlrN3N4c25kNFd5VzJVS3RtSk5Zd2hpVjhvcXJpYmg0VGZvNWNJTmJ1L0t6RgpJV2d2aDFITkdhT0VFdjFyejBwTjNRSURBUUFCbzFZd1ZEQU9CZ05WSFE4QkFmOEVCQU1DQmFBd0V3WURWUjBsCkJBd3dDZ1lJS3dZQkJRVUhBd0l3REFZRFZSMFRBUUgvQkFJd0FEQWZCZ05WSFNNRUdEQVdnQlFhblIrSGNMTTUKYnRObEM3OTNVRGpEcnkzaEdUQU5CZ2txaGtpRzl3MEJBUXNGQUFPQ0FnRUFXMWZKMXlkbWN3ZldFakdrYmRPUwp2S2dYcWZVclprSkhwdS9XdEFaemk4b3VJR0FYMVJ5UCsxWk5laGJsaSs4ODhIMzdZZXFwZ2FMOVcybnI2bmdYCnoyZE5IWFJKU1FQTUJQckFza245UUZ4bDFZN0xhSER0QXZmQU83cFpTT0J5QXFFZTloQlZadkVRaHJtOWNtTkwKMkFrMS9wb2hGSU5yRzZ1ZnVqUDhXdVRlVEFpKys0R3YwTG14RmppRnQvNGxrM0lodWxmNnRSUTBXd3VDWkFNTwp5cnNhc1VqODJqYWZ1QmU0TXFyRFI5a2JJeU4rOVpjVjNCRHo3a25mSGZNR0ZZTDd3MlhIZFRFQ0VWOGVSY0ZHCkpMKzQ3QXF5YVAxWG9ZMmpwd2pDS1o2NCtVUklPVmVydGQxbXpDSnBDQzBoWmJsRHdZKys2K1dvZE5veG1GWFoKSE1XeW1TdStDWVVGUmI1aGNOWllEQ0NaZzg5NkY4VE1rY3FnZGJ6c3VVNm5oL001UjU2SFVrV2pCbnVVUnJrawo0M1Z6K002WXdRWlduMkU0eGh1U2tFQ1ltazNTblNCaUt1NnpEK2srTzRMbVlmb0xINWhLU3ZYTW1BWG9qVlVPCmE0eE14NEhpNFF1M09PRGRjNjBWVmRmV1JpZGpORTVzRmQveVJmbENJYVB6dFhqMU9EV2lXalhFa2llYzhBU0MKYit5bktvRzhaRFhZZ2RtTW9uK0lLRzVjcmR0M2FnV2JHY3FvNWtvZnB4dG9VSEMvVkM2ZmpYY01ZVThGc2tYTgpkVTdWQ3BlZ1NWS2JHRHQ2eEVhOGNXRkQxMXFIVytoc241LzF4RjBJeXBUU2x6ckMxMUsxSWRmbUtkVUNIV2YyCkRlSnRiSzR6TnBHSWtLOHJVRzdldU1BPQotLS0tLUVORCBDRVJUSUZJQ0FURS0tLS0tCg==\n    client-key-data: LS0tLS1CRUdJTiBSU0EgUFJJVkFURSBLRVktLS0tLQpNSUlKS1FJQkFBS0NBZ0VBd1FpSDJLY0ZsY2hwM3doQ3o2QkJuTTJWVDVGQmxxRzJMR0UwNklOMVA2djM4N0V6CjNERDNER3ZNdnhZWTJESEJFN2djRWxRRWNHZEhDanVBVFFNRGQwalovYkRoeVZHTHMvbHE5dVFxbkRaaG5KTk0KbC9ud1lER2JKVEl4VVZBaVMrYlh1VCtBV3JnMEo4UDMzbnI5NTZobnVSK2RiSFVDSEc5bHZuNGYvUGkzUmttaQo1UyttN285bEN1NlJjM2xLMFB3SXJ2YWVFT2xlNU9pSy9ORVQvcXdvYURsMUY3ME9IVXhneTc5a3ZvVnhlU3pvCm4yam82azRFdC9PYkdzVm9tQUFnRWJQMUIwOEJLLzkybWw1T3JMZ0puaXF5enBRYUJ1cEtJd3RYK2RZWERVSTAKOHQ4Ni9BU0RRdW5zb3VPZ285SmREY0ovTFpmN2lFNkRqdGg4WWlDbjZCdjBnWnZiVUdheWJDK01HQlFyT05BMApZMWN5R0RadDB5clVtREwrVVZhR3MyS2VTOWxIM3NmL3JCazZRUXlmSnY3NWE3WkR6SFc4Vk1hUlVFdnBrUmRUClRWZUxKbkNHdWlnZWM1VVZVbnl5MklPMXFva0tQV21JTmtFV09pd1h3cWx6alBiTFJrSEFvYXJra0hHV2JyemEKNFAvZzVxTHZiZk9QYVBnTW0razRPSEpicGtLSUIyM0ZMU2EwQ0VJM3F1ZXBSZ0QvZElJdE5TR1VsS3dDL056UAo0TGlER0hWb2lyWDJHWEo3V1N2UzZjVUJFc1pyUnFQemRZUERpdGM0TUtZcGdHSjFxU1UrS1FKNm1KTzdNYkozCmVGc2x0bENyWmlUV01JWWxmS0txNG00ZUUzNk9YQ0RXN3Z5c3hTRm9MNGRSelJtamhCTDlhODlLVGQwQ0F3RUEKQVFLQ0FnQUFwaEx3elRUbFdUaFQzYzc5ckNQMFR6T1FnaVEyaWFJWFdaZElMY0xyM1J2Vzk1STlTL1BVbUpzbQpURUIybjRvdTB3aFRIbkdxWUFwNjFCTGREMlRJVnBnVzlHeDUxUHFUZHdQZlF3cUtubHNySDhxYTJ5WHQ2TlRFCjVmdUk4cXcrMVk2RmlwdFhrclZvS2M0d012a2QrWENwekZ1bTFPaldLQ0N2S0hUYWtJcHJJODIybC9lblp4ZDMKbHpBcGMyK25McVduMHQvYW5qSXBza2RmVEtPVTBFYk5mTjN5SDdwSHFtMUwyZitRYlZuaGhwOWNnOGwrbWhjRgplRDNkOCtwalVtTEpOSEhmSGFxYkYzOXlTdDFZVXNFRGhWQzNCWVBsNEkweHUzVEcrK3QxYWJMTVd5Z3pWeCtLCnpzYnpFREZHdzZyNDVCMnh6VWcwMzlDczN2amlDUXIxdXdMTGdrbTJUYVUrVS85Yy9hSld6Z2RkOUZ2YStoQTEKd0ZFYjE5OCtheGwyTkNWRVdtblA5NnU4MzVQTXZheFlxV3hUcnkxZC94dTdWbjRINlFIdXRDQi8rMXdVU0xhUgoxd3NGVXVmNHg5WHNWalBHc1NHbUFkMDd3OWRPWjFEYnJ4OFNLMWpCNVhHOUdvT3hZOURnT1VsaGRtVmovZjhqCnVxYW9hcGtmR3Y1M3BtUEh2UGFhaEFLalNGV3AyaFBJcTVzZ1R6TW5PZFhySnRYUHFLNEZRMFJaYk1LWnJ5WmgKektiRHNCaHh5S1RmcW02YlJZSHpXMkI3cGdldUNLUTBKdnRHZjRTWEZIUkZvWTBESm10MVRKUGFPL1llS3F5bAp3U29ySzFra0pDQTk1aVhqNHBmRE00VldKQmh1S05OTWkyVmdubE5yWDVEVW1KOFZ1UUtDQVFFQTc3dlZBS0QyClV0TnRPRlNZcThEL0lLSWtpcUlCTVlFVnpjZlV2VmtRWjFEZVROTTVPTWpWb0l4bVA2RkdBN1RyN3VNOXBnRTYKNCtCVGJiOGs4NERIRTIwN0dySmU1MjdTV08zNFBuaVVoRTlHN3NwU1VLUk5BVHJSblJjc3V6VnFXZVdycEs4UwpkTjFnVnAwVXpLV0VtK3dDRGZXTUtzdjBIQ2d4ZnRiKzEySUJIZ010QkFpcy91bFJyOGFFelJlNFdKYzZVUk90CldWejZhRmdoZ0QxblhST2daSHVCbWxoQlNDSTFMRnF2ZmxUYVNaWVoramxrRHIvOTF2eFVQUnJ3QWN4V3QzZXoKVGYycHlqWktXOHAvRjQxQjl5QWZxajFWNkEwbmVJaHFvSGxvZzF3aUt6YXZveTd1U3c1a09hZXJucVluV3pPKwo1Q0tOclRmcW01L1ZSUUtDQVFFQXppR0RtRDdqME1QSk1jeVJSZmZjT1M1OVV3ZUJqcysyRkw2ZU53UTFBTUNVCm92bThTbW1va3A2Tkx1d21YeUJzR20rdVZsNFBIQ0xES0VTN1ZSc2NOWGprNGZNSjZsK1RZNXVaK090NWNxVkkKZ2xhK2JRMXJsZkdNVkNjVWVuWjNWOWtzUVRPNUUrS1Mzbnl6elZheHZyRVB6TFE1ZktCRHVxT0Y3TnhlTlBaLwo3UjdMRnFhREFZMU10ZmlCY2NxV2lMVEllSm5EU0JQam1CRHpYeUczb21uREFEQ3lyV1M2L1lyNE9RcmtjMFVsCmtybjdVR3VmZVlTQkZUY0hHOW80UHFBYXpvWTg1d2tzV0FHcklrN1FEQzVEWUlFZU5kL05DVHZTTnYvTTJmcU0KSEltMW8xU2I5VnB3SHZjakdyRWQzT0s2WEhHNXRIRlVqL1dOZGtuanVRS0NBUUFoWHpGWWhBK21HZjV6UC90OAp0VUlPcGVPV1ZOVDdzaTk1MU41OWVUOTZVbHlQcnp1Zzl2d2QvRTFqZ0N6QjZWYUtpNkdTVVV1RVd6N2g0U0RnCnNNV0ZvOGY5Z0dVTHJIYWxvSUxWRjIzOU9SZnp0OEJicjNOMHYxNWNrdFJNUHpSTnpWWG1kK1NHMWlaS0NGWFQKNHhxaHBlbm5UWTQwaXUyeFdic0NJQ1diaiszOTRvMUtxWGFEaWJFd1dkODB1WitVM1lCbHR1cURyUmpDbTdvVwpJdllYazlyWkFnUlptdjJEY0JlYzFBYm4vQ0hpNm4wMVF2WDF3NjR2VmpMWHlyOHNVT2lsWTRsWFN2OXV3YjM2Ckp5Y24vU2I0b3NVbHFxSWh5bXI3TVdvK2FvZ3MrUTljbXFFNmd4Ynk1YzczNDZwVlRHWGdJVVRxZHhEbjB3ZmEKb0JaTkFvSUJBUUNyK1RBR0Urb1RZVlQ1TkRlN2pUZnhpUVRNQWNZb2RNanZjNzBpSDJOdEZqNnIzZmttaUJJNQpDUWkzTGhReFp5WnB3K1ZLYnp6aDkycWtyUHN4M09WakExTEo0Ky9RMXg1cml3VWh0S3RsWjlvZnkra2hxSUdxCjNwUjZIUVNyeXl4MFlWN1hveVIxSDZIeTkwMDNNbTRtcnlpRVc1UmVrb01QTXFCb1pjNC9GNnpSRXREVE8rYXUKbzhsdFJFQVN4TGRrcEpkZ2JzQ0s0UFVRQ0l4VFFSa282bDNqU2IyNGhnS3Z4NEtpYktEK1BxRkRVZUVIVGxNRgptZlByMURZZEdhbTFMZlJQZTVWU0Y4Z2tRSGdicm05S3lrb3lPR2NSQVgvWmhVd3owS1NDODlKemVMek80S2NoClF1dXFHZnZ5cC9SSE5lM1BkSjQvbWhHMzdXQ3hZS0laQW9JQkFRRGJxNFFLTFprWFN0YW1BaFN6VWlMWUJxbk0KVzhsampiaXVnTnVQRVZ5VUN1NDhsM1ljcXFRSlp6RzQ0YTExRWthYWhqYXJsZ0RDTS8xaldRdzNZM3kzMEVpbApSMFZUK20rTTlEZE5MVXZiWHNzZ2szTU1IaHVsOTJnSFUva3loR3pheHBRVWpPZStmOVEycHJ3OFdYWXY2ODdUCndUR1BnNlB1VkNzMUt6UC9yYmF5ZTVPWXB3TStSOFNPdkhFS20vVnNrQzM3Q3pSN1RJK05rZ1YzNDY3anRIU3gKUWc4YnNidUllcTU0WkJSbmQ3Vkk3N2MwTFYxMWRzK2ZwZjdsNFlyNDZ5TEFsUzladmFIYUxjNDVyQVBZaXdSegp2L1Z3Mm9rVmJYTTdJSWlEMXUyQ2U3NVFsbFBzd250M2lMa0ZEenR4VFJpZXRQWkY4M2hVTDJSeERLS2YKLS0tLS1FTkQgUlNBIFBSSVZBVEUgS0VZLS0tLS0K\n    token: twt5hvn1hkfyosysfgp8x774udo6cvhd9jbve5u08361cqplive6c50vt0t99k32moccbehml1gmprhm530e82p4vpdbsdqr1k9jj1p7seui0p0dxsg9qcv4qo2iv8yk\n",
            "kubelet_identity": [
              {
                "client_id": "c8a68734-aa7c-4d57-b0eb-333a5f91d32c",
                "object_id": "9400cfef-d8c9-4735-8d8e-1f8d0e77412c",
                "user_assigned_identity_id": "/subscriptions/46e556d2-45fc-457e-9a6e-17c25753b61c/resourceGroups/MC_rg-akse-dev_aks-akse-dev_westeurope/providers/Microsoft.ManagedIdentity/userAssignedIdentities/aks-akse-dev-agentpool"
              }
            ],
            "kubernetes_version": "1.33",
            "linux_profile": [],
            "local_account_disabled": false,
            "location": "westeurope",
            "maintenance_window": [],
            "maintenance_window_auto_upgrade": [],
            "maintenance_window_node_os": [],
            "microsoft_defender": [],
            "monitor_metrics": [],
            "name": "aks-akse-dev",
            "network_profile": [
              {
                "dns_service_ip": "10.0.0.10",
                "docker_bridge_cidr": "",
                "ebpf_data_plane": "",
                "ip_versions": [
                  "IPv4"
                ],
                "load_balancer_profile": [
                  {
                    "effective_outbound_ips": [
                      "/subscriptions/46e556d2-45fc-457e-9a6e-17c25753b61c/resourceGroups/MC_rg-akse-dev_aks-akse-dev_westeurope/providers/Microsoft.Network/publicIPAddresses/9a1f83f4-8926-4902-8947-dce0e5b6dc0a"
                    ],
                    "idle_timeout_in_minutes": 0,
                    "managed_outbound_ip_count": 1,
                    "managed_outbound_ipv6_count": 0,
                    "outbound_ip_address_ids": [],
                    "outbound_ip_prefix_ids": [],
                    "outbound_ports_allocated": 0
                  }
                ],
                "load_balancer_sku": "standard",
                "nat_gateway_profile": [],
                "network_data_plane": "azure",
                "network_mode": "",
                "network_plugin": "azure",
                "network_plugin_mode": "overlay",
                "network_policy": "",
                "outbound_ip_address_ids": [],
                "outbound_ip_prefix_ids": [],
                "outbound_type": "loadBalancer",
                "pod_cidr": "10.244.0.0/16",
                "pod_cidrs": [
                  "10.244.0.0/16"
                ],
                "service_cidr": "10.0.0.0/16",
                "service_cidrs": [
                  "10.0.0.0/16"
                ]
              }
            ],
            "node_os_channel_upgrade": null,
            "node_resource_group": "MC_rg-akse-dev_aks-akse-dev_westeurope",
            "node_resource_group_id": "/subscriptions/46e556d2-45fc-457e-9a6e-17c25753b61c/resourceGroups/MC_rg-akse-dev_aks-akse-dev_westeurope",
            "oidc_issuer_enabled": true,
            "oidc_issuer_url": "https://westeurope.oic.prod-aks.azure.com/fe73884d-8d6f-4d22-94ac-b1d52fd5495f/1499398f-4636-4f4b-b512-33ee09ac0583/",
            "oms_agent": [],
            "open_service_mesh_enabled": null,
            "portal_fqdn": "aks-akse-dev-dns-xoyd3gwy.portal.hcp.westeurope.azmk8s.io",
            "private_cluster_enabled": false,
            "private_cluster_public_fqdn_enabled": false,
            "private_dns_zone_id": "",
            "private_fqdn": "",
            "public_network_access_enabled": true,
            "resource_group_name": "rg-akse-dev",
            "role_based_access_control_enabled": true,
            "run_command_enabled": true,
            "service_mesh_profile": [],
            "service_principal": [],
            "sku_tier": "Standard",
            "storage_profile": [],
            "support_plan": "KubernetesOfficial",
            "tags": null,
            "timeouts": null,
            "web_app_routing": [],
            "windows_profile": [],
            "workload_autoscaler_profile": [],
            "workload_identity_enabled": true
          },
          "sensitive_attributes": [
            [
              {
                "type": "get_attr",
                "value": "kube_admin_config"
              }
            ],
            [
              {
                "type": "get_attr",
                "value": "kube_admin_config_raw"
              }
            ],
            [
              {
                "type": "get_attr",
                "value": "kube_config"
              }
            ],
            [
              {
                "type": "get_attr",
                "value": "kube_config_raw"
              }
            ]
          ],
          "identity_schema_version": 0,
          "private": "eyJlMmJmYjczMC1lY2FhLTExZTYtOGY4OC0zNDM2M2JjN2M0YzAiOnsiY3JlYXRlIjo1NDAwMDAwMDAwMDAwLCJkZWxldGUiOjU0MDAwMDAwMDAwMDAsInJlYWQiOjMwMDAwMDAwMDAwMCwidXBkYXRlIjo1NDAwMDAwMDAwMDAwfSwic2NoZW1hX3ZlcnNpb24iOiIyIn0=",
          "dependencies": [
            "module.rg.azurerm_resource_group.rg"
          ]
        }
      ]
    },
    {
      "module": "module.kv",
      "mode": "managed",
      "type": "azurerm_key_vault",
      "name": "kv",
      "provider": "provider[\"registry.terraform.io/hashicorp/azurerm\"]",
      "instances": [
        {
          "schema_version": 2,
          "attributes": {
            "access_policy": [
              {
                "application_id": "",
                "certificate_permissions": [],
                "key_permissions": [],
                "object_id": "36323ce2-ce35-4810-b156-73506334a18f",
                "secret_permissions": [
                  "Delete",
                  "Set",
                  "List",
                  "Get"
                ],
                "storage_permissions": [],
                "tenant_id": "fe73884d-8d6f-4d22-94ac-b1d52fd5495f"
              }
            ],
            "contact": [],
            "enable_rbac_authorization": true,
            "enabled_for_deployment": false,
            "enabled_for_disk_encryption": false,
            "enabled_for_template_deployment": false,
            "id": "/subscriptions/46e556d2-45fc-457e-9a6e-17c25753b61c/resourceGroups/rg-akse-dev/providers/Microsoft.KeyVault/vaults/kv-akse-dev",
            "location": "westeurope",
            "name": "kv-akse-dev",
            "network_acls": [
              {
                "bypass": "AzureServices",
                "default_action": "Allow",
                "ip_rules": [],
                "virtual_network_subnet_ids": []
              }
            ],
            "public_network_access_enabled": true,
            "purge_protection_enabled": true,
            "resource_group_name": "rg-akse-dev",
            "sku_name": "standard",
            "soft_delete_retention_days": 30,
            "tags": null,
            "tenant_id": "fe73884d-8d6f-4d22-94ac-b1d52fd5495f",
            "timeouts": null,
            "vault_uri": "https://kv-akse-dev.vault.azure.net/"
          },
          "sensitive_attributes": [],
          "identity_schema_version": 0,
          "private": "eyJlMmJmYjczMC1lY2FhLTExZTYtOGY4OC0zNDM2M2JjN2M0YzAiOnsiY3JlYXRlIjoxODAwMDAwMDAwMDAwLCJkZWxldGUiOjE4MDAwMDAwMDAwMDAsInJlYWQiOjMwMDAwMDAwMDAwMCwidXBkYXRlIjoxODAwMDAwMDAwMDAwfSwic2NoZW1hX3ZlcnNpb24iOiIyIn0=",
          "dependencies": [
            "data.azurerm_client_config.current",
            "module.rg.azurerm_resource_group.rg"
          ]
        }
      ]
    },
    {
      "module": "module.rg",
      "mode": "managed",
      "type": "azurerm_resource_group",
      "name": "rg",
      "provider": "provider[\"registry.terraform.io/hashicorp/azurerm\"]",
      "instances": [
        {
          "schema_version": 0,
          "attributes": {
            "id": "/subscriptions/46e556d2-45fc-457e-9a6e-17c25753b61c/resourceGroups/rg-akse-dev",
            "location": "westeurope",
            "managed_by": "",
            "name": "rg-akse-dev",
            "tags": null,
            "timeouts": null
          },
          "sensitive_attributes": [],
          "identity_schema_version": 0,
          "private": "eyJlMmJmYjczMC1lY2FhLTExZTYtOGY4OC0zNDM2M2JjN2M0YzAiOnsiY3JlYXRlIjo1NDAwMDAwMDAwMDAwLCJkZWxldGUiOjU0MDAwMDAwMDAwMDAsInJlYWQiOjMwMDAwMDAwMDAwMCwidXBkYXRlIjo1NDAwMDAwMDAwMDAwfX0="
        }
      ]
    }
  ],
  "check_results": null
}
